// !$*UTF8*$!
{
    archiveVersion = 1;
    classes = {
    };
    objectVersion = 46;
    objects = {

/* Begin PBXAggregateTarget section */
		6AB72B5C6AB73BC400000006 /* ca-crt */ = {
			isa = PBXAggregateTarget;
			buildConfigurationList = 6AB72B5C6AB73BC400000005 /* Build configuration list for PBXAggregateTarget "ca-crt" */;
			buildPhases = (
				6AB72B5C6AB73BC400000007,
			);
			dependencies = (
				6AB72B5C6AB73BC400000008 /* PBXTargetDependency Prep */,
			);
			name = ca-crt;
			productName = ca-crt;
		};
		6AB72B5C6AB73BC40000000A /* esp-paks */ = {
			isa = PBXAggregateTarget;
			buildConfigurationList = 6AB72B5C6AB73BC400000009 /* Build configuration list for PBXAggregateTarget "esp-paks" */;
			buildPhases = (
				6AB72B5C6AB73BC40000000B,
			);
			dependencies = (
				6AB72B5C6AB73BC40000000C /* PBXTargetDependency Prep */,
			);
			name = esp-paks;
			productName = esp-paks;
		};
		6AB72B5C6AB73BC40000000E /* esp.conf */ = {
			isa = PBXAggregateTarget;
			buildConfigurationList = 6AB72B5C6AB73BC40000000D /* Build configuration list for PBXAggregateTarget "esp.conf" */;
			buildPhases = (
				6AB72B5C6AB73BC40000000F,
			);
			dependencies = (
				6AB72B5C6AB73BC400000010 /* PBXTargetDependency Prep */,
			);
			name = esp.conf;
			productName = esp.conf;
		};
		6AB72B5C6AB73BC400000012 /* All */ = {
			isa = PBXAggregateTarget;
			buildConfigurationList = 6AB72B5C6AB73BC400000011 /* Build configuration list for PBXAggregateTarget "All" */;
			buildPhases = (
				
			);
			dependencies = (
				6AB72B5C6AB73BC400000013 /* PBXTargetDependency ca-crt */,
				6AB72B5C6AB73BC400000014 /* PBXTargetDependency esp-paks */,
				6AB72B5C6AB73BC400000015 /* PBXTargetDependency esp.conf */,
				6AB72B5C6AB73BC400000016 /* PBXTargetDependency espcmd */,
				6AB72B5C6AB73BC400000017 /* PBXTargetDependency httpcmd */,
				6AB72B5C6AB73BC400000018 /* PBXTargetDependency libappweb */,
				6AB72B5C6AB73BC400000019 /* PBXTargetDependency libest */,
				6AB72B5C6AB73BC40000001A /* PBXTargetDependency libhttp */,
				6AB72B5C6AB73BC40000001B /* PBXTargetDependency libmod_esp */,
				6AB72B5C6AB73BC40000001C /* PBXTargetDependency libmpr */,
				6AB72B5C6AB73BC40000001D /* PBXTargetDependency libmprssl */,
				6AB72B5C6AB73BC40000001E /* PBXTargetDependency libpcre */,
				6AB72B5C6AB73BC40000001F /* PBXTargetDependency makerom */,
			);
			name = All;
			productName = All;
		};
		6AB72B5C6AB73BC400000021 /* Prep */ = {
			isa = PBXAggregateTarget;
			buildConfigurationList = 6AB72B5C6AB73BC400000020 /* Build configuration list for PBXAggregateTarget "Prep" */;
			buildPhases = (
				6AB72B5C6AB73BC400000022,
			);
			dependencies = (
			);
			name = Prep;
			productName = Prep;
		};
/* End PBXAggregateTarget section */

/* Begin PBXBuildFile section */
		6AB72B5C6AB73BC400000023 /* edi.c in Sources */ = {isa = PBXBuildFile; fileRef = 6AB72B5C6AB73BC400000024 /* edi.c */; };
		6AB72B5C6AB73BC400000025 /* esp.c in Sources */ = {isa = PBXBuildFile; fileRef = 6AB72B5C6AB73BC400000026 /* esp.c */; };
		6AB72B5C6AB73BC400000027 /* espAbbrev.c in Sources */ = {isa = PBXBuildFile; fileRef = 6AB72B5C6AB73BC400000028 /* espAbbrev.c */; };
		6AB72B5C6AB73BC400000029 /* espDeprecated.c in Sources */ = {isa = PBXBuildFile; fileRef = 6AB72B5C6AB73BC40000002A /* espDeprecated.c */; };
		6AB72B5C6AB73BC40000002B /* espFramework.c in Sources */ = {isa = PBXBuildFile; fileRef = 6AB72B5C6AB73BC40000002C /* espFramework.c */; };
		6AB72B5C6AB73BC40000002D /* espHandler.c in Sources */ = {isa = PBXBuildFile; fileRef = 6AB72B5C6AB73BC40000002E /* espHandler.c */; };
		6AB72B5C6AB73BC40000002F /* espHtml.c in Sources */ = {isa = PBXBuildFile; fileRef = 6AB72B5C6AB73BC400000030 /* espHtml.c */; };
		6AB72B5C6AB73BC400000031 /* espTemplate.c in Sources */ = {isa = PBXBuildFile; fileRef = 6AB72B5C6AB73BC400000032 /* espTemplate.c */; };
		6AB72B5C6AB73BC400000033 /* mdb.c in Sources */ = {isa = PBXBuildFile; fileRef = 6AB72B5C6AB73BC400000034 /* mdb.c */; };
		6AB72B5C6AB73BC400000035 /* sdb.c in Sources */ = {isa = PBXBuildFile; fileRef = 6AB72B5C6AB73BC400000036 /* sdb.c */; };
		6AB72B5C6AB73BC400000037 /* http.c in Sources */ = {isa = PBXBuildFile; fileRef = 6AB72B5C6AB73BC400000038 /* http.c */; };
		6AB72B5C6AB73BC400000039 /* appwebLib.c in Sources */ = {isa = PBXBuildFile; fileRef = 6AB72B5C6AB73BC40000003A /* appwebLib.c */; };
		6AB72B5C6AB73BC40000003B /* estLib.c in Sources */ = {isa = PBXBuildFile; fileRef = 6AB72B5C6AB73BC40000003C /* estLib.c */; };
		6AB72B5C6AB73BC40000003D /* httpLib.c in Sources */ = {isa = PBXBuildFile; fileRef = 6AB72B5C6AB73BC40000003E /* httpLib.c */; };
		6AB72B5C6AB73BC400000023 /* edi.c in Sources */ = {isa = PBXBuildFile; fileRef = 6AB72B5C6AB73BC400000024 /* edi.c */; };
		6AB72B5C6AB73BC400000027 /* espAbbrev.c in Sources */ = {isa = PBXBuildFile; fileRef = 6AB72B5C6AB73BC400000028 /* espAbbrev.c */; };
		6AB72B5C6AB73BC400000029 /* espDeprecated.c in Sources */ = {isa = PBXBuildFile; fileRef = 6AB72B5C6AB73BC40000002A /* espDeprecated.c */; };
		6AB72B5C6AB73BC40000002B /* espFramework.c in Sources */ = {isa = PBXBuildFile; fileRef = 6AB72B5C6AB73BC40000002C /* espFramework.c */; };
		6AB72B5C6AB73BC40000002D /* espHandler.c in Sources */ = {isa = PBXBuildFile; fileRef = 6AB72B5C6AB73BC40000002E /* espHandler.c */; };
		6AB72B5C6AB73BC40000002F /* espHtml.c in Sources */ = {isa = PBXBuildFile; fileRef = 6AB72B5C6AB73BC400000030 /* espHtml.c */; };
		6AB72B5C6AB73BC400000031 /* espTemplate.c in Sources */ = {isa = PBXBuildFile; fileRef = 6AB72B5C6AB73BC400000032 /* espTemplate.c */; };
		6AB72B5C6AB73BC400000033 /* mdb.c in Sources */ = {isa = PBXBuildFile; fileRef = 6AB72B5C6AB73BC400000034 /* mdb.c */; };
		6AB72B5C6AB73BC400000035 /* sdb.c in Sources */ = {isa = PBXBuildFile; fileRef = 6AB72B5C6AB73BC400000036 /* sdb.c */; };
		6AB72B5C6AB73BC40000003F /* mprLib.c in Sources */ = {isa = PBXBuildFile; fileRef = 6AB72B5C6AB73BC400000040 /* mprLib.c */; };
		6AB72B5C6AB73BC400000041 /* mprSsl.c in Sources */ = {isa = PBXBuildFile; fileRef = 6AB72B5C6AB73BC400000042 /* mprSsl.c */; };
		6AB72B5C6AB73BC400000043 /* pcre.c in Sources */ = {isa = PBXBuildFile; fileRef = 6AB72B5C6AB73BC400000044 /* pcre.c */; };
		6AB72B5C6AB73BC400000045 /* makerom.c in Sources */ = {isa = PBXBuildFile; fileRef = 6AB72B5C6AB73BC400000046 /* makerom.c */; };
		6AB72B5C6AB73BC400000047 /* libappweb.dylib for espcmd */ = {isa = PBXBuildFile; fileRef = 6AB72B5C6AB73BC400000048; };
		6AB72B5C6AB73BC400000049 /* libhttp.dylib for espcmd */ = {isa = PBXBuildFile; fileRef = 6AB72B5C6AB73BC40000004A; };
		6AB72B5C6AB73BC40000004B /* libmpr.dylib for espcmd */ = {isa = PBXBuildFile; fileRef = 6AB72B5C6AB73BC40000004C; };
		6AB72B5C6AB73BC40000004D /* libpcre.dylib for espcmd */ = {isa = PBXBuildFile; fileRef = 6AB72B5C6AB73BC40000004E; };
		6AB72B5C6AB73BC40000004F /* libmod_esp.dylib for espcmd */ = {isa = PBXBuildFile; fileRef = 6AB72B5C6AB73BC400000050; };
		6AB72B5C6AB73BC400000051 /* libhttp.dylib for httpcmd */ = {isa = PBXBuildFile; fileRef = 6AB72B5C6AB73BC40000004A; };
		6AB72B5C6AB73BC400000052 /* libmpr.dylib for httpcmd */ = {isa = PBXBuildFile; fileRef = 6AB72B5C6AB73BC40000004C; };
		6AB72B5C6AB73BC400000053 /* libpcre.dylib for httpcmd */ = {isa = PBXBuildFile; fileRef = 6AB72B5C6AB73BC40000004E; };
		6AB72B5C6AB73BC400000054 /* libhttp.dylib for libappweb */ = {isa = PBXBuildFile; fileRef = 6AB72B5C6AB73BC40000004A; };
		6AB72B5C6AB73BC400000055 /* libmpr.dylib for libappweb */ = {isa = PBXBuildFile; fileRef = 6AB72B5C6AB73BC40000004C; };
		6AB72B5C6AB73BC400000056 /* libpcre.dylib for libappweb */ = {isa = PBXBuildFile; fileRef = 6AB72B5C6AB73BC40000004E; };
		6AB72B5C6AB73BC400000057 /* libmpr.dylib for libhttp */ = {isa = PBXBuildFile; fileRef = 6AB72B5C6AB73BC40000004C; };
		6AB72B5C6AB73BC400000058 /* libpcre.dylib for libhttp */ = {isa = PBXBuildFile; fileRef = 6AB72B5C6AB73BC40000004E; };
		6AB72B5C6AB73BC400000059 /* libappweb.dylib for libmod_esp */ = {isa = PBXBuildFile; fileRef = 6AB72B5C6AB73BC400000048; };
		6AB72B5C6AB73BC40000005A /* libhttp.dylib for libmod_esp */ = {isa = PBXBuildFile; fileRef = 6AB72B5C6AB73BC40000004A; };
		6AB72B5C6AB73BC40000005B /* libmpr.dylib for libmod_esp */ = {isa = PBXBuildFile; fileRef = 6AB72B5C6AB73BC40000004C; };
		6AB72B5C6AB73BC40000005C /* libpcre.dylib for libmod_esp */ = {isa = PBXBuildFile; fileRef = 6AB72B5C6AB73BC40000004E; };
		6AB72B5C6AB73BC40000005D /* libmpr.dylib for libmprssl */ = {isa = PBXBuildFile; fileRef = 6AB72B5C6AB73BC40000004C; };
		6AB72B5C6AB73BC40000005E /* libest.dylib for libmprssl */ = {isa = PBXBuildFile; fileRef = 6AB72B5C6AB73BC40000005F; };
		6AB72B5C6AB73BC400000060 /* libmpr.dylib for makerom */ = {isa = PBXBuildFile; fileRef = 6AB72B5C6AB73BC40000004C; };
/* End PBXBuildFile section */

/* Begin PBXContainerItemProxy section */
		6AB72B5C6AB73BC400000061 /* PBXContainerItemProxy Prep from ca-crt */ = {
			isa = PBXContainerItemProxy;
			containerPortal = 6AB72B5C6AB73BC400000001 /* Project object */;
			proxyType = 1;
			remoteGlobalIDString = 6AB72B5C6AB73BC400000021;
			remoteInfo = Prep;
		};
		6AB72B5C6AB73BC400000062 /* PBXContainerItemProxy Prep from esp-paks */ = {
			isa = PBXContainerItemProxy;
			containerPortal = 6AB72B5C6AB73BC400000001 /* Project object */;
			proxyType = 1;
			remoteGlobalIDString = 6AB72B5C6AB73BC400000021;
			remoteInfo = Prep;
		};
		6AB72B5C6AB73BC400000063 /* PBXContainerItemProxy Prep from esp.conf */ = {
			isa = PBXContainerItemProxy;
			containerPortal = 6AB72B5C6AB73BC400000001 /* Project object */;
			proxyType = 1;
			remoteGlobalIDString = 6AB72B5C6AB73BC400000021;
			remoteInfo = Prep;
		};
		6AB72B5C6AB73BC400000064 /* PBXContainerItemProxy Prep from espcmd */ = {
			isa = PBXContainerItemProxy;
			containerPortal = 6AB72B5C6AB73BC400000001 /* Project object */;
			proxyType = 1;
			remoteGlobalIDString = 6AB72B5C6AB73BC400000021;
			remoteInfo = Prep;
		};
		6AB72B5C6AB73BC400000065 /* PBXContainerItemProxy libmpr from espcmd */ = {
			isa = PBXContainerItemProxy;
			containerPortal = 6AB72B5C6AB73BC400000001 /* Project object */;
			proxyType = 1;
			remoteGlobalIDString = 6AB72B5C6AB73BC400000066;
			remoteInfo = libmpr;
		};
		6AB72B5C6AB73BC400000067 /* PBXContainerItemProxy libpcre from espcmd */ = {
			isa = PBXContainerItemProxy;
			containerPortal = 6AB72B5C6AB73BC400000001 /* Project object */;
			proxyType = 1;
			remoteGlobalIDString = 6AB72B5C6AB73BC400000068;
			remoteInfo = libpcre;
		};
		6AB72B5C6AB73BC400000069 /* PBXContainerItemProxy libhttp from espcmd */ = {
			isa = PBXContainerItemProxy;
			containerPortal = 6AB72B5C6AB73BC400000001 /* Project object */;
			proxyType = 1;
			remoteGlobalIDString = 6AB72B5C6AB73BC40000006A;
			remoteInfo = libhttp;
		};
		6AB72B5C6AB73BC40000006B /* PBXContainerItemProxy libappweb from espcmd */ = {
			isa = PBXContainerItemProxy;
			containerPortal = 6AB72B5C6AB73BC400000001 /* Project object */;
			proxyType = 1;
			remoteGlobalIDString = 6AB72B5C6AB73BC40000006C;
			remoteInfo = libappweb;
		};
		6AB72B5C6AB73BC40000006D /* PBXContainerItemProxy libmod_esp from espcmd */ = {
			isa = PBXContainerItemProxy;
			containerPortal = 6AB72B5C6AB73BC400000001 /* Project object */;
			proxyType = 1;
			remoteGlobalIDString = 6AB72B5C6AB73BC40000006E;
			remoteInfo = libmod_esp;
		};
		6AB72B5C6AB73BC40000006F /* PBXContainerItemProxy Prep from httpcmd */ = {
			isa = PBXContainerItemProxy;
			containerPortal = 6AB72B5C6AB73BC400000001 /* Project object */;
			proxyType = 1;
			remoteGlobalIDString = 6AB72B5C6AB73BC400000021;
			remoteInfo = Prep;
		};
		6AB72B5C6AB73BC400000070 /* PBXContainerItemProxy libmpr from httpcmd */ = {
			isa = PBXContainerItemProxy;
			containerPortal = 6AB72B5C6AB73BC400000001 /* Project object */;
			proxyType = 1;
			remoteGlobalIDString = 6AB72B5C6AB73BC400000066;
			remoteInfo = libmpr;
		};
		6AB72B5C6AB73BC400000071 /* PBXContainerItemProxy libpcre from httpcmd */ = {
			isa = PBXContainerItemProxy;
			containerPortal = 6AB72B5C6AB73BC400000001 /* Project object */;
			proxyType = 1;
			remoteGlobalIDString = 6AB72B5C6AB73BC400000068;
			remoteInfo = libpcre;
		};
		6AB72B5C6AB73BC400000072 /* PBXContainerItemProxy libhttp from httpcmd */ = {
			isa = PBXContainerItemProxy;
			containerPortal = 6AB72B5C6AB73BC400000001 /* Project object */;
			proxyType = 1;
			remoteGlobalIDString = 6AB72B5C6AB73BC40000006A;
			remoteInfo = libhttp;
		};
		6AB72B5C6AB73BC400000073 /* PBXContainerItemProxy Prep from libappweb */ = {
			isa = PBXContainerItemProxy;
			containerPortal = 6AB72B5C6AB73BC400000001 /* Project object */;
			proxyType = 1;
			remoteGlobalIDString = 6AB72B5C6AB73BC400000021;
			remoteInfo = Prep;
		};
		6AB72B5C6AB73BC400000074 /* PBXContainerItemProxy libmpr from libappweb */ = {
			isa = PBXContainerItemProxy;
			containerPortal = 6AB72B5C6AB73BC400000001 /* Project object */;
			proxyType = 1;
			remoteGlobalIDString = 6AB72B5C6AB73BC400000066;
			remoteInfo = libmpr;
		};
		6AB72B5C6AB73BC400000075 /* PBXContainerItemProxy libpcre from libappweb */ = {
			isa = PBXContainerItemProxy;
			containerPortal = 6AB72B5C6AB73BC400000001 /* Project object */;
			proxyType = 1;
			remoteGlobalIDString = 6AB72B5C6AB73BC400000068;
			remoteInfo = libpcre;
		};
		6AB72B5C6AB73BC400000076 /* PBXContainerItemProxy libhttp from libappweb */ = {
			isa = PBXContainerItemProxy;
			containerPortal = 6AB72B5C6AB73BC400000001 /* Project object */;
			proxyType = 1;
			remoteGlobalIDString = 6AB72B5C6AB73BC40000006A;
			remoteInfo = libhttp;
		};
		6AB72B5C6AB73BC400000077 /* PBXContainerItemProxy Prep from libest */ = {
			isa = PBXContainerItemProxy;
			containerPortal = 6AB72B5C6AB73BC400000001 /* Project object */;
			proxyType = 1;
			remoteGlobalIDString = 6AB72B5C6AB73BC400000021;
			remoteInfo = Prep;
		};
		6AB72B5C6AB73BC400000078 /* PBXContainerItemProxy Prep from libhttp */ = {
			isa = PBXContainerItemProxy;
			containerPortal = 6AB72B5C6AB73BC400000001 /* Project object */;
			proxyType = 1;
			remoteGlobalIDString = 6AB72B5C6AB73BC400000021;
			remoteInfo = Prep;
		};
		6AB72B5C6AB73BC400000079 /* PBXContainerItemProxy libmpr from libhttp */ = {
			isa = PBXContainerItemProxy;
			containerPortal = 6AB72B5C6AB73BC400000001 /* Project object */;
			proxyType = 1;
			remoteGlobalIDString = 6AB72B5C6AB73BC400000066;
			remoteInfo = libmpr;
		};
		6AB72B5C6AB73BC40000007A /* PBXContainerItemProxy libpcre from libhttp */ = {
			isa = PBXContainerItemProxy;
			containerPortal = 6AB72B5C6AB73BC400000001 /* Project object */;
			proxyType = 1;
			remoteGlobalIDString = 6AB72B5C6AB73BC400000068;
			remoteInfo = libpcre;
		};
		6AB72B5C6AB73BC40000007B /* PBXContainerItemProxy Prep from libmod_esp */ = {
			isa = PBXContainerItemProxy;
			containerPortal = 6AB72B5C6AB73BC400000001 /* Project object */;
			proxyType = 1;
			remoteGlobalIDString = 6AB72B5C6AB73BC400000021;
			remoteInfo = Prep;
		};
		6AB72B5C6AB73BC40000007C /* PBXContainerItemProxy libmpr from libmod_esp */ = {
			isa = PBXContainerItemProxy;
			containerPortal = 6AB72B5C6AB73BC400000001 /* Project object */;
			proxyType = 1;
			remoteGlobalIDString = 6AB72B5C6AB73BC400000066;
			remoteInfo = libmpr;
		};
		6AB72B5C6AB73BC40000007D /* PBXContainerItemProxy libpcre from libmod_esp */ = {
			isa = PBXContainerItemProxy;
			containerPortal = 6AB72B5C6AB73BC400000001 /* Project object */;
			proxyType = 1;
			remoteGlobalIDString = 6AB72B5C6AB73BC400000068;
			remoteInfo = libpcre;
		};
		6AB72B5C6AB73BC40000007E /* PBXContainerItemProxy libhttp from libmod_esp */ = {
			isa = PBXContainerItemProxy;
			containerPortal = 6AB72B5C6AB73BC400000001 /* Project object */;
			proxyType = 1;
			remoteGlobalIDString = 6AB72B5C6AB73BC40000006A;
			remoteInfo = libhttp;
		};
		6AB72B5C6AB73BC40000007F /* PBXContainerItemProxy libappweb from libmod_esp */ = {
			isa = PBXContainerItemProxy;
			containerPortal = 6AB72B5C6AB73BC400000001 /* Project object */;
			proxyType = 1;
			remoteGlobalIDString = 6AB72B5C6AB73BC40000006C;
			remoteInfo = libappweb;
		};
		6AB72B5C6AB73BC400000080 /* PBXContainerItemProxy Prep from libmpr */ = {
			isa = PBXContainerItemProxy;
			containerPortal = 6AB72B5C6AB73BC400000001 /* Project object */;
			proxyType = 1;
			remoteGlobalIDString = 6AB72B5C6AB73BC400000021;
			remoteInfo = Prep;
		};
		6AB72B5C6AB73BC400000081 /* PBXContainerItemProxy Prep from libmprssl */ = {
			isa = PBXContainerItemProxy;
			containerPortal = 6AB72B5C6AB73BC400000001 /* Project object */;
			proxyType = 1;
			remoteGlobalIDString = 6AB72B5C6AB73BC400000021;
			remoteInfo = Prep;
		};
		6AB72B5C6AB73BC400000082 /* PBXContainerItemProxy libmpr from libmprssl */ = {
			isa = PBXContainerItemProxy;
			containerPortal = 6AB72B5C6AB73BC400000001 /* Project object */;
			proxyType = 1;
			remoteGlobalIDString = 6AB72B5C6AB73BC400000066;
			remoteInfo = libmpr;
		};
		6AB72B5C6AB73BC400000083 /* PBXContainerItemProxy Prep from libpcre */ = {
			isa = PBXContainerItemProxy;
			containerPortal = 6AB72B5C6AB73BC400000001 /* Project object */;
			proxyType = 1;
			remoteGlobalIDString = 6AB72B5C6AB73BC400000021;
			remoteInfo = Prep;
		};
		6AB72B5C6AB73BC400000084 /* PBXContainerItemProxy Prep from makerom */ = {
			isa = PBXContainerItemProxy;
			containerPortal = 6AB72B5C6AB73BC400000001 /* Project object */;
			proxyType = 1;
			remoteGlobalIDString = 6AB72B5C6AB73BC400000021;
			remoteInfo = Prep;
		};
		6AB72B5C6AB73BC400000085 /* PBXContainerItemProxy libmpr from makerom */ = {
			isa = PBXContainerItemProxy;
			containerPortal = 6AB72B5C6AB73BC400000001 /* Project object */;
			proxyType = 1;
			remoteGlobalIDString = 6AB72B5C6AB73BC400000066;
			remoteInfo = libmpr;
		};
		6AB72B5C6AB73BC400000086 /* PBXContainerItemProxy Prep from All */ = {
			isa = PBXContainerItemProxy;
			containerPortal = 6AB72B5C6AB73BC400000001 /* Project object */;
			proxyType = 1;
			remoteGlobalIDString = 6AB72B5C6AB73BC400000021;
			remoteInfo = Prep;
		};
		6AB72B5C6AB73BC400000087 /* PBXContainerItemProxy ca-crt from All */ = {
			isa = PBXContainerItemProxy;
			containerPortal = 6AB72B5C6AB73BC400000001 /* Project object */;
			proxyType = 1;
			remoteGlobalIDString = 6AB72B5C6AB73BC400000006;
			remoteInfo = ca-crt;
		};
		6AB72B5C6AB73BC400000088 /* PBXContainerItemProxy esp-paks from All */ = {
			isa = PBXContainerItemProxy;
			containerPortal = 6AB72B5C6AB73BC400000001 /* Project object */;
			proxyType = 1;
			remoteGlobalIDString = 6AB72B5C6AB73BC40000000A;
			remoteInfo = esp-paks;
		};
		6AB72B5C6AB73BC400000089 /* PBXContainerItemProxy esp.conf from All */ = {
			isa = PBXContainerItemProxy;
			containerPortal = 6AB72B5C6AB73BC400000001 /* Project object */;
			proxyType = 1;
			remoteGlobalIDString = 6AB72B5C6AB73BC40000000E;
			remoteInfo = esp.conf;
		};
		6AB72B5C6AB73BC40000008A /* PBXContainerItemProxy libmpr from All */ = {
			isa = PBXContainerItemProxy;
			containerPortal = 6AB72B5C6AB73BC400000001 /* Project object */;
			proxyType = 1;
			remoteGlobalIDString = 6AB72B5C6AB73BC400000066;
			remoteInfo = libmpr;
		};
		6AB72B5C6AB73BC40000008B /* PBXContainerItemProxy libpcre from All */ = {
			isa = PBXContainerItemProxy;
			containerPortal = 6AB72B5C6AB73BC400000001 /* Project object */;
			proxyType = 1;
			remoteGlobalIDString = 6AB72B5C6AB73BC400000068;
			remoteInfo = libpcre;
		};
		6AB72B5C6AB73BC40000008C /* PBXContainerItemProxy libhttp from All */ = {
			isa = PBXContainerItemProxy;
			containerPortal = 6AB72B5C6AB73BC400000001 /* Project object */;
			proxyType = 1;
			remoteGlobalIDString = 6AB72B5C6AB73BC40000006A;
			remoteInfo = libhttp;
		};
		6AB72B5C6AB73BC40000008D /* PBXContainerItemProxy libappweb from All */ = {
			isa = PBXContainerItemProxy;
			containerPortal = 6AB72B5C6AB73BC400000001 /* Project object */;
			proxyType = 1;
			remoteGlobalIDString = 6AB72B5C6AB73BC40000006C;
			remoteInfo = libappweb;
		};
		6AB72B5C6AB73BC40000008E /* PBXContainerItemProxy libmod_esp from All */ = {
			isa = PBXContainerItemProxy;
			containerPortal = 6AB72B5C6AB73BC400000001 /* Project object */;
			proxyType = 1;
			remoteGlobalIDString = 6AB72B5C6AB73BC40000006E;
			remoteInfo = libmod_esp;
		};
		6AB72B5C6AB73BC40000008F /* PBXContainerItemProxy espcmd from All */ = {
			isa = PBXContainerItemProxy;
			containerPortal = 6AB72B5C6AB73BC400000001 /* Project object */;
			proxyType = 1;
			remoteGlobalIDString = 6AB72B5C6AB73BC400000090;
			remoteInfo = espcmd;
		};
		6AB72B5C6AB73BC400000091 /* PBXContainerItemProxy httpcmd from All */ = {
			isa = PBXContainerItemProxy;
			containerPortal = 6AB72B5C6AB73BC400000001 /* Project object */;
			proxyType = 1;
			remoteGlobalIDString = 6AB72B5C6AB73BC400000092;
			remoteInfo = httpcmd;
		};
		6AB72B5C6AB73BC400000093 /* PBXContainerItemProxy libest from All */ = {
			isa = PBXContainerItemProxy;
			containerPortal = 6AB72B5C6AB73BC400000001 /* Project object */;
			proxyType = 1;
			remoteGlobalIDString = 6AB72B5C6AB73BC400000094;
			remoteInfo = libest;
		};
		6AB72B5C6AB73BC400000095 /* PBXContainerItemProxy libmprssl from All */ = {
			isa = PBXContainerItemProxy;
			containerPortal = 6AB72B5C6AB73BC400000001 /* Project object */;
			proxyType = 1;
			remoteGlobalIDString = 6AB72B5C6AB73BC400000096;
			remoteInfo = libmprssl;
		};
		6AB72B5C6AB73BC400000097 /* PBXContainerItemProxy makerom from All */ = {
			isa = PBXContainerItemProxy;
			containerPortal = 6AB72B5C6AB73BC400000001 /* Project object */;
			proxyType = 1;
			remoteGlobalIDString = 6AB72B5C6AB73BC400000098;
			remoteInfo = makerom;
		};
/* End PBXContainerItemProxy section */

/* Begin PBXFileReference section */
		6AB72B5C6AB73BC400000024 /* edi.c */ = {isa = PBXFileReference; fileEncoding = 4; lastKnownFileType = sourcecode.c.c; name = edi.c; path = src/edi.c; sourceTree = "<group>"; };
		6AB72B5C6AB73BC400000099 /* me.h */ = {isa = PBXFileReference; fileEncoding = 4; lastKnownFileType = sourcecode.c.h; name = me.h; path = macosx-x64-default/inc/me.h; sourceTree = "<group>"; };
		6AB72B5C6AB73BC40000009A /* edi.h */ = {isa = PBXFileReference; fileEncoding = 4; lastKnownFileType = sourcecode.c.h; name = edi.h; path = macosx-x64-default/inc/edi.h; sourceTree = "<group>"; };
		6AB72B5C6AB73BC40000009B /* pcre.h */ = {isa = PBXFileReference; fileEncoding = 4; lastKnownFileType = sourcecode.c.h; name = pcre.h; path = macosx-x64-default/inc/pcre.h; sourceTree = "<group>"; };
		6AB72B5C6AB73BC400000026 /* esp.c */ = {isa = PBXFileReference; fileEncoding = 4; lastKnownFileType = sourcecode.c.c; name = esp.c; path = src/esp.c; sourceTree = "<group>"; };
		6AB72B5C6AB73BC40000009C /* esp.h */ = {isa = PBXFileReference; fileEncoding = 4; lastKnownFileType = sourcecode.c.h; name = esp.h; path = macosx-x64-default/inc/esp.h; sourceTree = "<group>"; };
		6AB72B5C6AB73BC400000028 /* espAbbrev.c */ = {isa = PBXFileReference; fileEncoding = 4; lastKnownFileType = sourcecode.c.c; name = espAbbrev.c; path = src/espAbbrev.c; sourceTree = "<group>"; };
		6AB72B5C6AB73BC40000002A /* espDeprecated.c */ = {isa = PBXFileReference; fileEncoding = 4; lastKnownFileType = sourcecode.c.c; name = espDeprecated.c; path = src/espDeprecated.c; sourceTree = "<group>"; };
		6AB72B5C6AB73BC40000002C /* espFramework.c */ = {isa = PBXFileReference; fileEncoding = 4; lastKnownFileType = sourcecode.c.c; name = espFramework.c; path = src/espFramework.c; sourceTree = "<group>"; };
		6AB72B5C6AB73BC40000002E /* espHandler.c */ = {isa = PBXFileReference; fileEncoding = 4; lastKnownFileType = sourcecode.c.c; name = espHandler.c; path = src/espHandler.c; sourceTree = "<group>"; };
		6AB72B5C6AB73BC40000009D /* http.h */ = {isa = PBXFileReference; fileEncoding = 4; lastKnownFileType = sourcecode.c.h; name = http.h; path = macosx-x64-default/inc/http.h; sourceTree = "<group>"; };
		6AB72B5C6AB73BC400000030 /* espHtml.c */ = {isa = PBXFileReference; fileEncoding = 4; lastKnownFileType = sourcecode.c.c; name = espHtml.c; path = src/espHtml.c; sourceTree = "<group>"; };
		6AB72B5C6AB73BC400000032 /* espTemplate.c */ = {isa = PBXFileReference; fileEncoding = 4; lastKnownFileType = sourcecode.c.c; name = espTemplate.c; path = src/espTemplate.c; sourceTree = "<group>"; };
		6AB72B5C6AB73BC400000034 /* mdb.c */ = {isa = PBXFileReference; fileEncoding = 4; lastKnownFileType = sourcecode.c.c; name = mdb.c; path = src/mdb.c; sourceTree = "<group>"; };
		6AB72B5C6AB73BC40000009E /* mdb.h */ = {isa = PBXFileReference; fileEncoding = 4; lastKnownFileType = sourcecode.c.h; name = mdb.h; path = macosx-x64-default/inc/mdb.h; sourceTree = "<group>"; };
		6AB72B5C6AB73BC400000036 /* sdb.c */ = {isa = PBXFileReference; fileEncoding = 4; lastKnownFileType = sourcecode.c.c; name = sdb.c; path = src/sdb.c; sourceTree = "<group>"; };
		6AB72B5C6AB73BC40000009F /* espcmd */ = {isa = PBXFileReference; explicitFileType = "compiled.mach-o.executable"; includeInIndex = 0; path = esp; sourceTree = BUILT_PRODUCTS_DIR; };
		6AB72B5C6AB73BC400000038 /* http.c */ = {isa = PBXFileReference; fileEncoding = 4; lastKnownFileType = sourcecode.c.c; name = http.c; path = src/paks/http/http.c; sourceTree = "<group>"; };
		6AB72B5C6AB73BC4000000A0 /* httpcmd */ = {isa = PBXFileReference; explicitFileType = "compiled.mach-o.executable"; includeInIndex = 0; path = http; sourceTree = BUILT_PRODUCTS_DIR; };
		6AB72B5C6AB73BC40000003A /* appwebLib.c */ = {isa = PBXFileReference; fileEncoding = 4; lastKnownFileType = sourcecode.c.c; name = appwebLib.c; path = src/paks/appweb/appwebLib.c; sourceTree = "<group>"; };
		6AB72B5C6AB73BC4000000A1 /* appweb.h */ = {isa = PBXFileReference; fileEncoding = 4; lastKnownFileType = sourcecode.c.h; name = appweb.h; path = macosx-x64-default/inc/appweb.h; sourceTree = "<group>"; };
		6AB72B5C6AB73BC4000000A2 /* mpr.h */ = {isa = PBXFileReference; fileEncoding = 4; lastKnownFileType = sourcecode.c.h; name = mpr.h; path = macosx-x64-default/inc/mpr.h; sourceTree = "<group>"; };
		6AB72B5C6AB73BC400000048 /* libappweb */ = {isa = PBXFileReference; explicitFileType = "compiled.mach-o.dylib"; includeInIndex = 0; path = libappweb.dylib; sourceTree = BUILT_PRODUCTS_DIR; };
		6AB72B5C6AB73BC40000003C /* estLib.c */ = {isa = PBXFileReference; fileEncoding = 4; lastKnownFileType = sourcecode.c.c; name = estLib.c; path = src/paks/est/estLib.c; sourceTree = "<group>"; };
		6AB72B5C6AB73BC4000000A3 /* est.h */ = {isa = PBXFileReference; fileEncoding = 4; lastKnownFileType = sourcecode.c.h; name = est.h; path = macosx-x64-default/inc/est.h; sourceTree = "<group>"; };
		6AB72B5C6AB73BC4000000A4 /* osdep.h */ = {isa = PBXFileReference; fileEncoding = 4; lastKnownFileType = sourcecode.c.h; name = osdep.h; path = macosx-x64-default/inc/osdep.h; sourceTree = "<group>"; };
		6AB72B5C6AB73BC40000005F /* libest */ = {isa = PBXFileReference; explicitFileType = "compiled.mach-o.dylib"; includeInIndex = 0; path = libest.dylib; sourceTree = BUILT_PRODUCTS_DIR; };
		6AB72B5C6AB73BC40000003E /* httpLib.c */ = {isa = PBXFileReference; fileEncoding = 4; lastKnownFileType = sourcecode.c.c; name = httpLib.c; path = src/paks/http/httpLib.c; sourceTree = "<group>"; };
		6AB72B5C6AB73BC40000004A /* libhttp */ = {isa = PBXFileReference; explicitFileType = "compiled.mach-o.dylib"; includeInIndex = 0; path = libhttp.dylib; sourceTree = BUILT_PRODUCTS_DIR; };
		6AB72B5C6AB73BC400000024 /* edi.c */ = {isa = PBXFileReference; fileEncoding = 4; lastKnownFileType = sourcecode.c.c; name = edi.c; path = src/edi.c; sourceTree = "<group>"; };
		6AB72B5C6AB73BC400000028 /* espAbbrev.c */ = {isa = PBXFileReference; fileEncoding = 4; lastKnownFileType = sourcecode.c.c; name = espAbbrev.c; path = src/espAbbrev.c; sourceTree = "<group>"; };
		6AB72B5C6AB73BC40000002A /* espDeprecated.c */ = {isa = PBXFileReference; fileEncoding = 4; lastKnownFileType = sourcecode.c.c; name = espDeprecated.c; path = src/espDeprecated.c; sourceTree = "<group>"; };
		6AB72B5C6AB73BC40000002C /* espFramework.c */ = {isa = PBXFileReference; fileEncoding = 4; lastKnownFileType = sourcecode.c.c; name = espFramework.c; path = src/espFramework.c; sourceTree = "<group>"; };
		6AB72B5C6AB73BC40000002E /* espHandler.c */ = {isa = PBXFileReference; fileEncoding = 4; lastKnownFileType = sourcecode.c.c; name = espHandler.c; path = src/espHandler.c; sourceTree = "<group>"; };
		6AB72B5C6AB73BC400000030 /* espHtml.c */ = {isa = PBXFileReference; fileEncoding = 4; lastKnownFileType = sourcecode.c.c; name = espHtml.c; path = src/espHtml.c; sourceTree = "<group>"; };
		6AB72B5C6AB73BC400000032 /* espTemplate.c */ = {isa = PBXFileReference; fileEncoding = 4; lastKnownFileType = sourcecode.c.c; name = espTemplate.c; path = src/espTemplate.c; sourceTree = "<group>"; };
		6AB72B5C6AB73BC400000034 /* mdb.c */ = {isa = PBXFileReference; fileEncoding = 4; lastKnownFileType = sourcecode.c.c; name = mdb.c; path = src/mdb.c; sourceTree = "<group>"; };
		6AB72B5C6AB73BC400000036 /* sdb.c */ = {isa = PBXFileReference; fileEncoding = 4; lastKnownFileType = sourcecode.c.c; name = sdb.c; path = src/sdb.c; sourceTree = "<group>"; };
		6AB72B5C6AB73BC400000050 /* libmod_esp */ = {isa = PBXFileReference; explicitFileType = "compiled.mach-o.dylib"; includeInIndex = 0; path = libmod_esp.dylib; sourceTree = BUILT_PRODUCTS_DIR; };
		6AB72B5C6AB73BC400000040 /* mprLib.c */ = {isa = PBXFileReference; fileEncoding = 4; lastKnownFileType = sourcecode.c.c; name = mprLib.c; path = src/paks/mpr/mprLib.c; sourceTree = "<group>"; };
		6AB72B5C6AB73BC40000004C /* libmpr */ = {isa = PBXFileReference; explicitFileType = "compiled.mach-o.dylib"; includeInIndex = 0; path = libmpr.dylib; sourceTree = BUILT_PRODUCTS_DIR; };
		6AB72B5C6AB73BC400000042 /* mprSsl.c */ = {isa = PBXFileReference; fileEncoding = 4; lastKnownFileType = sourcecode.c.c; name = mprSsl.c; path = src/paks/mpr/mprSsl.c; sourceTree = "<group>"; };
		6AB72B5C6AB73BC4000000A5 /* libmprssl */ = {isa = PBXFileReference; explicitFileType = "compiled.mach-o.dylib"; includeInIndex = 0; path = libmprssl.dylib; sourceTree = BUILT_PRODUCTS_DIR; };
		6AB72B5C6AB73BC400000044 /* pcre.c */ = {isa = PBXFileReference; fileEncoding = 4; lastKnownFileType = sourcecode.c.c; name = pcre.c; path = src/paks/pcre/pcre.c; sourceTree = "<group>"; };
		6AB72B5C6AB73BC40000004E /* libpcre */ = {isa = PBXFileReference; explicitFileType = "compiled.mach-o.dylib"; includeInIndex = 0; path = libpcre.dylib; sourceTree = BUILT_PRODUCTS_DIR; };
		6AB72B5C6AB73BC400000046 /* makerom.c */ = {isa = PBXFileReference; fileEncoding = 4; lastKnownFileType = sourcecode.c.c; name = makerom.c; path = src/paks/mpr/makerom.c; sourceTree = "<group>"; };
		6AB72B5C6AB73BC4000000A6 /* makerom */ = {isa = PBXFileReference; explicitFileType = "compiled.mach-o.executable"; includeInIndex = 0; path = makerom; sourceTree = BUILT_PRODUCTS_DIR; };
/* End PBXFileReference section */

/* Begin PBXFrameworksBuildPhase section */
		6AB72B5C6AB73BC4000000A7 /* Frameworks and Libraries for espcmd */ = {
            isa = PBXFrameworksBuildPhase;
            buildActionMask = 2147483647;
            files = (
				6AB72B5C6AB73BC400000047 /* libappweb */,
				6AB72B5C6AB73BC400000049 /* libhttp */,
				6AB72B5C6AB73BC40000004B /* libmpr */,
				6AB72B5C6AB73BC40000004D /* libpcre */,
				6AB72B5C6AB73BC40000004F /* libmod_esp */,				
            );
            runOnlyForDeploymentPostprocessing = 0;
        };
		6AB72B5C6AB73BC4000000A8 /* Frameworks and Libraries for httpcmd */ = {
            isa = PBXFrameworksBuildPhase;
            buildActionMask = 2147483647;
            files = (
				6AB72B5C6AB73BC400000051 /* libhttp */,
				6AB72B5C6AB73BC400000052 /* libmpr */,
				6AB72B5C6AB73BC400000053 /* libpcre */,				
            );
            runOnlyForDeploymentPostprocessing = 0;
        };
		6AB72B5C6AB73BC4000000A9 /* Frameworks and Libraries for libappweb */ = {
            isa = PBXFrameworksBuildPhase;
            buildActionMask = 2147483647;
            files = (
				6AB72B5C6AB73BC400000054 /* libhttp */,
				6AB72B5C6AB73BC400000055 /* libmpr */,
				6AB72B5C6AB73BC400000056 /* libpcre */,				
            );
            runOnlyForDeploymentPostprocessing = 0;
        };
		6AB72B5C6AB73BC4000000AA /* Frameworks and Libraries for libest */ = {
            isa = PBXFrameworksBuildPhase;
            buildActionMask = 2147483647;
            files = (
				
            );
            runOnlyForDeploymentPostprocessing = 0;
        };
		6AB72B5C6AB73BC4000000AB /* Frameworks and Libraries for libhttp */ = {
            isa = PBXFrameworksBuildPhase;
            buildActionMask = 2147483647;
            files = (
				6AB72B5C6AB73BC400000057 /* libmpr */,
				6AB72B5C6AB73BC400000058 /* libpcre */,				
            );
            runOnlyForDeploymentPostprocessing = 0;
        };
		6AB72B5C6AB73BC4000000AC /* Frameworks and Libraries for libmod_esp */ = {
            isa = PBXFrameworksBuildPhase;
            buildActionMask = 2147483647;
            files = (
				6AB72B5C6AB73BC400000059 /* libappweb */,
				6AB72B5C6AB73BC40000005A /* libhttp */,
				6AB72B5C6AB73BC40000005B /* libmpr */,
				6AB72B5C6AB73BC40000005C /* libpcre */,				
            );
            runOnlyForDeploymentPostprocessing = 0;
        };
		6AB72B5C6AB73BC4000000AD /* Frameworks and Libraries for libmpr */ = {
            isa = PBXFrameworksBuildPhase;
            buildActionMask = 2147483647;
            files = (
				
            );
            runOnlyForDeploymentPostprocessing = 0;
        };
		6AB72B5C6AB73BC4000000AE /* Frameworks and Libraries for libmprssl */ = {
            isa = PBXFrameworksBuildPhase;
            buildActionMask = 2147483647;
            files = (
				6AB72B5C6AB73BC40000005D /* libmpr */,
				6AB72B5C6AB73BC40000005E /* libest */,				
            );
            runOnlyForDeploymentPostprocessing = 0;
        };
		6AB72B5C6AB73BC4000000AF /* Frameworks and Libraries for libpcre */ = {
            isa = PBXFrameworksBuildPhase;
            buildActionMask = 2147483647;
            files = (
				
            );
            runOnlyForDeploymentPostprocessing = 0;
        };
		6AB72B5C6AB73BC4000000B0 /* Frameworks and Libraries for makerom */ = {
            isa = PBXFrameworksBuildPhase;
            buildActionMask = 2147483647;
            files = (
				6AB72B5C6AB73BC400000060 /* libmpr */,				
            );
            runOnlyForDeploymentPostprocessing = 0;
        };
/* End PBXFrameworksBuildPhase section */

/* Begin PBXGroup section */
		6AB72B5C6AB73BC4000000B1 /* Top Group */ = {
            isa = PBXGroup;
            children = (
				6AB72B5C6AB73BC4000000B2 /* libappweb */,
				6AB72B5C6AB73BC4000000B3 /* libest */,
				6AB72B5C6AB73BC4000000B4 /* libhttp */,
				6AB72B5C6AB73BC4000000B5 /* libmod_esp */,
				6AB72B5C6AB73BC4000000B6 /* libmpr */,
				6AB72B5C6AB73BC4000000B7 /* libmprssl */,
				6AB72B5C6AB73BC4000000B8 /* libpcre */,
				6AB72B5C6AB73BC4000000B9 /* espcmd */,
				6AB72B5C6AB73BC4000000BA /* httpcmd */,
				6AB72B5C6AB73BC4000000BB /* makerom */,
				6AB72B5C6AB73BC4000000BC /* Products */,
			);
            sourceTree = "<group>";
        };
		6AB72B5C6AB73BC4000000B9 /* espcmd */ = {
            isa = PBXGroup;
            children = (
				6AB72B5C6AB73BC400000099 /* me.h */,
				6AB72B5C6AB73BC40000009A /* edi.h */,
				6AB72B5C6AB73BC40000009B /* pcre.h */,
				6AB72B5C6AB73BC40000009C /* esp.h */,
				6AB72B5C6AB73BC40000009D /* http.h */,
				6AB72B5C6AB73BC40000009E /* mdb.h */,
				6AB72B5C6AB73BC400000024 /* edi.c */,
				6AB72B5C6AB73BC400000026 /* esp.c */,
				6AB72B5C6AB73BC400000028 /* espAbbrev.c */,
				6AB72B5C6AB73BC40000002A /* espDeprecated.c */,
				6AB72B5C6AB73BC40000002C /* espFramework.c */,
				6AB72B5C6AB73BC40000002E /* espHandler.c */,
				6AB72B5C6AB73BC400000030 /* espHtml.c */,
				6AB72B5C6AB73BC400000032 /* espTemplate.c */,
				6AB72B5C6AB73BC400000034 /* mdb.c */,
				6AB72B5C6AB73BC400000036 /* sdb.c */,
			);
            name = "espcmd";
            path = ..;
            sourceTree = SOURCE_ROOT;
        };
		6AB72B5C6AB73BC4000000BA /* httpcmd */ = {
            isa = PBXGroup;
            children = (
				6AB72B5C6AB73BC400000099 /* me.h */,
				6AB72B5C6AB73BC40000009D /* http.h */,
				6AB72B5C6AB73BC400000038 /* http.c */,
			);
            name = "httpcmd";
            path = ..;
            sourceTree = SOURCE_ROOT;
        };
		6AB72B5C6AB73BC4000000B2 /* libappweb */ = {
            isa = PBXGroup;
            children = (
				6AB72B5C6AB73BC400000099 /* me.h */,
				6AB72B5C6AB73BC4000000A1 /* appweb.h */,
				6AB72B5C6AB73BC40000009B /* pcre.h */,
				6AB72B5C6AB73BC4000000A2 /* mpr.h */,
				6AB72B5C6AB73BC40000009D /* http.h */,
				6AB72B5C6AB73BC40000003A /* appwebLib.c */,
			);
            name = "libappweb";
            path = ..;
            sourceTree = SOURCE_ROOT;
        };
		6AB72B5C6AB73BC4000000B3 /* libest */ = {
            isa = PBXGroup;
            children = (
				6AB72B5C6AB73BC400000099 /* me.h */,
				6AB72B5C6AB73BC4000000A3 /* est.h */,
				6AB72B5C6AB73BC4000000A4 /* osdep.h */,
				6AB72B5C6AB73BC40000003C /* estLib.c */,
			);
            name = "libest";
            path = ..;
            sourceTree = SOURCE_ROOT;
        };
		6AB72B5C6AB73BC4000000B4 /* libhttp */ = {
            isa = PBXGroup;
            children = (
				6AB72B5C6AB73BC400000099 /* me.h */,
				6AB72B5C6AB73BC40000009D /* http.h */,
				6AB72B5C6AB73BC4000000A2 /* mpr.h */,
				6AB72B5C6AB73BC40000003E /* httpLib.c */,
			);
            name = "libhttp";
            path = ..;
            sourceTree = SOURCE_ROOT;
        };
		6AB72B5C6AB73BC4000000B5 /* libmod_esp */ = {
            isa = PBXGroup;
            children = (
				6AB72B5C6AB73BC400000099 /* me.h */,
				6AB72B5C6AB73BC40000009A /* edi.h */,
				6AB72B5C6AB73BC40000009B /* pcre.h */,
				6AB72B5C6AB73BC40000009C /* esp.h */,
				6AB72B5C6AB73BC40000009D /* http.h */,
				6AB72B5C6AB73BC40000009E /* mdb.h */,
				6AB72B5C6AB73BC400000024 /* edi.c */,
				6AB72B5C6AB73BC400000028 /* espAbbrev.c */,
				6AB72B5C6AB73BC40000002A /* espDeprecated.c */,
				6AB72B5C6AB73BC40000002C /* espFramework.c */,
				6AB72B5C6AB73BC40000002E /* espHandler.c */,
				6AB72B5C6AB73BC400000030 /* espHtml.c */,
				6AB72B5C6AB73BC400000032 /* espTemplate.c */,
				6AB72B5C6AB73BC400000034 /* mdb.c */,
				6AB72B5C6AB73BC400000036 /* sdb.c */,
			);
            name = "libmod_esp";
            path = ..;
            sourceTree = SOURCE_ROOT;
        };
		6AB72B5C6AB73BC4000000B6 /* libmpr */ = {
            isa = PBXGroup;
            children = (
				6AB72B5C6AB73BC400000099 /* me.h */,
				6AB72B5C6AB73BC4000000A2 /* mpr.h */,
				6AB72B5C6AB73BC4000000A4 /* osdep.h */,
				6AB72B5C6AB73BC400000040 /* mprLib.c */,
			);
            name = "libmpr";
            path = ..;
            sourceTree = SOURCE_ROOT;
        };
		6AB72B5C6AB73BC4000000B7 /* libmprssl */ = {
            isa = PBXGroup;
            children = (
				6AB72B5C6AB73BC400000099 /* me.h */,
				6AB72B5C6AB73BC4000000A2 /* mpr.h */,
				6AB72B5C6AB73BC4000000A3 /* est.h */,
				6AB72B5C6AB73BC400000042 /* mprSsl.c */,
			);
            name = "libmprssl";
            path = ..;
            sourceTree = SOURCE_ROOT;
        };
		6AB72B5C6AB73BC4000000B8 /* libpcre */ = {
            isa = PBXGroup;
            children = (
				6AB72B5C6AB73BC400000099 /* me.h */,
				6AB72B5C6AB73BC40000009B /* pcre.h */,
				6AB72B5C6AB73BC400000044 /* pcre.c */,
			);
            name = "libpcre";
            path = ..;
            sourceTree = SOURCE_ROOT;
        };
		6AB72B5C6AB73BC4000000BB /* makerom */ = {
            isa = PBXGroup;
            children = (
				6AB72B5C6AB73BC400000099 /* me.h */,
				6AB72B5C6AB73BC4000000A2 /* mpr.h */,
				6AB72B5C6AB73BC400000046 /* makerom.c */,
			);
            name = "makerom";
            path = ..;
            sourceTree = SOURCE_ROOT;
        };
		6AB72B5C6AB73BC4000000BC /* Products */ = {
            isa = PBXGroup;
            children = (
				6AB72B5C6AB73BC40000009F /* espcmd */,
				6AB72B5C6AB73BC4000000A0 /* httpcmd */,
				6AB72B5C6AB73BC400000048 /* libappweb */,
				6AB72B5C6AB73BC40000005F /* libest */,
				6AB72B5C6AB73BC40000004A /* libhttp */,
				6AB72B5C6AB73BC400000050 /* libmod_esp */,
				6AB72B5C6AB73BC40000004C /* libmpr */,
				6AB72B5C6AB73BC4000000A5 /* libmprssl */,
				6AB72B5C6AB73BC40000004E /* libpcre */,
				6AB72B5C6AB73BC4000000A6 /* makerom */,
			);
            name = "Products";
            path = ..;
            sourceTree = SOURCE_ROOT;
        };
/* End PBXGroup section */

/* Begin PBXNativeTarget section */
		6AB72B5C6AB73BC400000090 /* espcmd */ = {
			isa = PBXNativeTarget;
			buildConfigurationList = 6AB72B5C6AB73BC4000000BE /* Build configuration list for PBXNativeTarget "espcmd" */;
			buildPhases = (
				6AB72B5C6AB73BC4000000BD /* Sources */,
				6AB72B5C6AB73BC4000000A7 /* Frameworks */,
			);
			buildRules = (
			);
			dependencies = (
				6AB72B5C6AB73BC4000000BF /* Prep */,
				6AB72B5C6AB73BC4000000C0 /* libmpr */,
				6AB72B5C6AB73BC4000000C1 /* libpcre */,
				6AB72B5C6AB73BC4000000C2 /* libhttp */,
				6AB72B5C6AB73BC4000000C3 /* libappweb */,
				6AB72B5C6AB73BC4000000C4 /* libmod_esp */,				
			);
			name = espcmd;
			productName = esp;
			productReference = 6AB72B5C6AB73BC40000009F /* espcmd */;
			productType = "com.apple.product-type.tool";
		};
		6AB72B5C6AB73BC400000092 /* httpcmd */ = {
			isa = PBXNativeTarget;
			buildConfigurationList = 6AB72B5C6AB73BC4000000C6 /* Build configuration list for PBXNativeTarget "httpcmd" */;
			buildPhases = (
				6AB72B5C6AB73BC4000000C5 /* Sources */,
				6AB72B5C6AB73BC4000000A8 /* Frameworks */,
			);
			buildRules = (
			);
			dependencies = (
				6AB72B5C6AB73BC4000000C7 /* Prep */,
				6AB72B5C6AB73BC4000000C8 /* libmpr */,
				6AB72B5C6AB73BC4000000C9 /* libpcre */,
				6AB72B5C6AB73BC4000000CA /* libhttp */,				
			);
			name = httpcmd;
			productName = esp;
			productReference = 6AB72B5C6AB73BC4000000A0 /* httpcmd */;
			productType = "com.apple.product-type.tool";
		};
		6AB72B5C6AB73BC40000006C /* libappweb */ = {
			isa = PBXNativeTarget;
			buildConfigurationList = 6AB72B5C6AB73BC4000000CC /* Build configuration list for PBXNativeTarget "libappweb" */;
			buildPhases = (
				6AB72B5C6AB73BC4000000CB /* Sources */,
				6AB72B5C6AB73BC4000000A9 /* Frameworks */,
			);
			buildRules = (
			);
			dependencies = (
				6AB72B5C6AB73BC4000000CD /* Prep */,
				6AB72B5C6AB73BC4000000CE /* libmpr */,
				6AB72B5C6AB73BC4000000CF /* libpcre */,
				6AB72B5C6AB73BC4000000D0 /* libhttp */,				
			);
			name = libappweb;
			productName = esp;
			productReference = 6AB72B5C6AB73BC400000048 /* libappweb */;
			productType = "com.apple.product-type.library.dynamic";
		};
		6AB72B5C6AB73BC400000094 /* libest */ = {
			isa = PBXNativeTarget;
			buildConfigurationList = 6AB72B5C6AB73BC4000000D2 /* Build configuration list for PBXNativeTarget "libest" */;
			buildPhases = (
				6AB72B5C6AB73BC4000000D1 /* Sources */,
				6AB72B5C6AB73BC4000000AA /* Frameworks */,
			);
			buildRules = (
			);
			dependencies = (
				6AB72B5C6AB73BC4000000D3 /* Prep */,				
			);
			name = libest;
			productName = esp;
			productReference = 6AB72B5C6AB73BC40000005F /* libest */;
			productType = "com.apple.product-type.library.dynamic";
		};
		6AB72B5C6AB73BC40000006A /* libhttp */ = {
			isa = PBXNativeTarget;
			buildConfigurationList = 6AB72B5C6AB73BC4000000D5 /* Build configuration list for PBXNativeTarget "libhttp" */;
			buildPhases = (
				6AB72B5C6AB73BC4000000D4 /* Sources */,
				6AB72B5C6AB73BC4000000AB /* Frameworks */,
			);
			buildRules = (
			);
			dependencies = (
				6AB72B5C6AB73BC4000000D6 /* Prep */,
				6AB72B5C6AB73BC4000000D7 /* libmpr */,
				6AB72B5C6AB73BC4000000D8 /* libpcre */,				
			);
			name = libhttp;
			productName = esp;
			productReference = 6AB72B5C6AB73BC40000004A /* libhttp */;
			productType = "com.apple.product-type.library.dynamic";
		};
		6AB72B5C6AB73BC40000006E /* libmod_esp */ = {
			isa = PBXNativeTarget;
			buildConfigurationList = 6AB72B5C6AB73BC4000000DA /* Build configuration list for PBXNativeTarget "libmod_esp" */;
			buildPhases = (
				6AB72B5C6AB73BC4000000D9 /* Sources */,
				6AB72B5C6AB73BC4000000AC /* Frameworks */,
			);
			buildRules = (
			);
			dependencies = (
				6AB72B5C6AB73BC4000000DB /* Prep */,
				6AB72B5C6AB73BC4000000DC /* libmpr */,
				6AB72B5C6AB73BC4000000DD /* libpcre */,
				6AB72B5C6AB73BC4000000DE /* libhttp */,
				6AB72B5C6AB73BC4000000DF /* libappweb */,				
			);
			name = libmod_esp;
			productName = esp;
			productReference = 6AB72B5C6AB73BC400000050 /* libmod_esp */;
			productType = "com.apple.product-type.library.dynamic";
		};
		6AB72B5C6AB73BC400000066 /* libmpr */ = {
			isa = PBXNativeTarget;
			buildConfigurationList = 6AB72B5C6AB73BC4000000E1 /* Build configuration list for PBXNativeTarget "libmpr" */;
			buildPhases = (
				6AB72B5C6AB73BC4000000E0 /* Sources */,
				6AB72B5C6AB73BC4000000AD /* Frameworks */,
			);
			buildRules = (
			);
			dependencies = (
				6AB72B5C6AB73BC4000000E2 /* Prep */,				
			);
			name = libmpr;
			productName = esp;
			productReference = 6AB72B5C6AB73BC40000004C /* libmpr */;
			productType = "com.apple.product-type.library.dynamic";
		};
		6AB72B5C6AB73BC400000096 /* libmprssl */ = {
			isa = PBXNativeTarget;
			buildConfigurationList = 6AB72B5C6AB73BC4000000E4 /* Build configuration list for PBXNativeTarget "libmprssl" */;
			buildPhases = (
				6AB72B5C6AB73BC4000000E3 /* Sources */,
				6AB72B5C6AB73BC4000000AE /* Frameworks */,
			);
			buildRules = (
			);
			dependencies = (
				6AB72B5C6AB73BC4000000E5 /* Prep */,
				6AB72B5C6AB73BC4000000E6 /* libmpr */,				
			);
			name = libmprssl;
			productName = esp;
			productReference = 6AB72B5C6AB73BC4000000A5 /* libmprssl */;
			productType = "com.apple.product-type.library.dynamic";
		};
		6AB72B5C6AB73BC400000068 /* libpcre */ = {
			isa = PBXNativeTarget;
			buildConfigurationList = 6AB72B5C6AB73BC4000000E8 /* Build configuration list for PBXNativeTarget "libpcre" */;
			buildPhases = (
				6AB72B5C6AB73BC4000000E7 /* Sources */,
				6AB72B5C6AB73BC4000000AF /* Frameworks */,
			);
			buildRules = (
			);
			dependencies = (
				6AB72B5C6AB73BC4000000E9 /* Prep */,				
			);
			name = libpcre;
			productName = esp;
			productReference = 6AB72B5C6AB73BC40000004E /* libpcre */;
			productType = "com.apple.product-type.library.dynamic";
		};
		6AB72B5C6AB73BC400000098 /* makerom */ = {
			isa = PBXNativeTarget;
			buildConfigurationList = 6AB72B5C6AB73BC4000000EB /* Build configuration list for PBXNativeTarget "makerom" */;
			buildPhases = (
				6AB72B5C6AB73BC4000000EA /* Sources */,
				6AB72B5C6AB73BC4000000B0 /* Frameworks */,
			);
			buildRules = (
			);
			dependencies = (
				6AB72B5C6AB73BC4000000EC /* Prep */,
				6AB72B5C6AB73BC4000000ED /* libmpr */,				
			);
			name = makerom;
			productName = esp;
			productReference = 6AB72B5C6AB73BC4000000A6 /* makerom */;
			productType = "com.apple.product-type.tool";
		};
/* End PBXNativeTarget section */

/* Begin PBXShellScriptBuildPhase section */
		6AB72B5C6AB73BC400000007 /* ShellScript for ca-crt */ = {
			isa = PBXShellScriptBuildPhase;
			buildActionMask = 2147483647;
			files = (
			);
			inputPaths = (
../src/paks/est/ca.crt
			);
			outputPaths = (
../macosx-x64-default/bin/ca.crt
			);
			runOnlyForDeploymentPostprocessing = 0;
			shellPath = /bin/bash;
			shellScript = "PATH=$PATH:/usr/local/bin
cd ../src/paks/est
mkdir -p ../../${OUT_DIR}/bin
cp -r ca.crt ../../${OUT_DIR}/bin/ca.crt
";
		};
		6AB72B5C6AB73BC40000000B /* ShellScript for esp-paks */ = {
			isa = PBXShellScriptBuildPhase;
			buildActionMask = 2147483647;
			files = (
			);
			inputPaths = (
../src/paks/angular,
../src/paks/angular/angular-animate.js,
../src/paks/angular/angular-csp.css,
../src/paks/angular/angular-route.js,
../src/paks/angular/angular.js,
../src/paks/angular/package.json,
../src/paks/appweb,
../src/paks/appweb/appweb.h,
../src/paks/appweb/appweb.me,
../src/paks/appweb/appwebLib.c,
../src/paks/appweb/LICENSE.md,
../src/paks/appweb/package.json,
../src/paks/appweb/README.md,
../src/paks/esp-angular,
../src/paks/esp-angular/esp-click.js,
../src/paks/esp-angular/esp-edit.js,
../src/paks/esp-angular/esp-field-errors.js,
../src/paks/esp-angular/esp-fixnum.js,
../src/paks/esp-angular/esp-format.js,
../src/paks/esp-angular/esp-input-group.js,
../src/paks/esp-angular/esp-input.js,
../src/paks/esp-angular/esp-resource.js,
../src/paks/esp-angular/esp-session.js,
../src/paks/esp-angular/esp-titlecase.js,
../src/paks/esp-angular/esp.js,
../src/paks/esp-angular/package.json,
../src/paks/esp-angular-mvc,
../src/paks/esp-angular-mvc/package.json,
../src/paks/esp-angular-mvc/templates,
../src/paks/esp-angular-mvc/templates/esp-angular-mvc,
../src/paks/esp-angular-mvc/templates/esp-angular-mvc/appweb.conf,
../src/paks/esp-angular-mvc/templates/esp-angular-mvc/client,
../src/paks/esp-angular-mvc/templates/esp-angular-mvc/client/app,
../src/paks/esp-angular-mvc/templates/esp-angular-mvc/client/app/main.js,
../src/paks/esp-angular-mvc/templates/esp-angular-mvc/client/assets,
../src/paks/esp-angular-mvc/templates/esp-angular-mvc/client/assets/favicon.ico,
../src/paks/esp-angular-mvc/templates/esp-angular-mvc/client/css,
../src/paks/esp-angular-mvc/templates/esp-angular-mvc/client/css/all.css,
../src/paks/esp-angular-mvc/templates/esp-angular-mvc/client/css/all.less,
../src/paks/esp-angular-mvc/templates/esp-angular-mvc/client/css/app.less,
../src/paks/esp-angular-mvc/templates/esp-angular-mvc/client/css/fix.css,
../src/paks/esp-angular-mvc/templates/esp-angular-mvc/client/css/theme.less,
../src/paks/esp-angular-mvc/templates/esp-angular-mvc/client/index.esp,
../src/paks/esp-angular-mvc/templates/esp-angular-mvc/client/pages,
../src/paks/esp-angular-mvc/templates/esp-angular-mvc/client/pages/splash.html,
../src/paks/esp-angular-mvc/templates/esp-angular-mvc/controller-singleton.c,
../src/paks/esp-angular-mvc/templates/esp-angular-mvc/controller.c,
../src/paks/esp-angular-mvc/templates/esp-angular-mvc/controller.js,
../src/paks/esp-angular-mvc/templates/esp-angular-mvc/edit.html,
../src/paks/esp-angular-mvc/templates/esp-angular-mvc/list.html,
../src/paks/esp-angular-mvc/templates/esp-angular-mvc/model.js,
../src/paks/esp-angular-mvc/templates/esp-angular-mvc/start.bit,
../src/paks/esp-html-mvc,
../src/paks/esp-html-mvc/package.json,
../src/paks/esp-html-mvc/templates,
../src/paks/esp-html-mvc/templates/esp-html-mvc,
../src/paks/esp-html-mvc/templates/esp-html-mvc/appweb.conf,
../src/paks/esp-html-mvc/templates/esp-html-mvc/client,
../src/paks/esp-html-mvc/templates/esp-html-mvc/client/assets,
../src/paks/esp-html-mvc/templates/esp-html-mvc/client/assets/favicon.ico,
../src/paks/esp-html-mvc/templates/esp-html-mvc/client/css,
../src/paks/esp-html-mvc/templates/esp-html-mvc/client/css/all.css,
../src/paks/esp-html-mvc/templates/esp-html-mvc/client/css/all.less,
../src/paks/esp-html-mvc/templates/esp-html-mvc/client/css/app.less,
../src/paks/esp-html-mvc/templates/esp-html-mvc/client/css/theme.less,
../src/paks/esp-html-mvc/templates/esp-html-mvc/client/index.esp,
../src/paks/esp-html-mvc/templates/esp-html-mvc/client/layouts,
../src/paks/esp-html-mvc/templates/esp-html-mvc/client/layouts/default.esp,
../src/paks/esp-html-mvc/templates/esp-html-mvc/controller-singleton.c,
../src/paks/esp-html-mvc/templates/esp-html-mvc/controller.c,
../src/paks/esp-html-mvc/templates/esp-html-mvc/edit.esp,
../src/paks/esp-html-mvc/templates/esp-html-mvc/list.esp,
../src/paks/esp-html-mvc/templates/esp-html-mvc/start.bit,
../src/paks/esp-legacy-mvc,
../src/paks/esp-legacy-mvc/package.json,
../src/paks/esp-legacy-mvc/templates,
../src/paks/esp-legacy-mvc/templates/esp-legacy-mvc,
../src/paks/esp-legacy-mvc/templates/esp-legacy-mvc/appweb.conf,
../src/paks/esp-legacy-mvc/templates/esp-legacy-mvc/controller.c,
../src/paks/esp-legacy-mvc/templates/esp-legacy-mvc/edit.esp,
../src/paks/esp-legacy-mvc/templates/esp-legacy-mvc/layouts,
../src/paks/esp-legacy-mvc/templates/esp-legacy-mvc/layouts/default.esp,
../src/paks/esp-legacy-mvc/templates/esp-legacy-mvc/list.esp,
../src/paks/esp-legacy-mvc/templates/esp-legacy-mvc/migration.c,
../src/paks/esp-legacy-mvc/templates/esp-legacy-mvc/src,
../src/paks/esp-legacy-mvc/templates/esp-legacy-mvc/src/app.c,
../src/paks/esp-legacy-mvc/templates/esp-legacy-mvc/static,
../src/paks/esp-legacy-mvc/templates/esp-legacy-mvc/static/css,
../src/paks/esp-legacy-mvc/templates/esp-legacy-mvc/static/css/all.css,
../src/paks/esp-legacy-mvc/templates/esp-legacy-mvc/static/images,
../src/paks/esp-legacy-mvc/templates/esp-legacy-mvc/static/images/banner.jpg,
../src/paks/esp-legacy-mvc/templates/esp-legacy-mvc/static/images/favicon.ico,
../src/paks/esp-legacy-mvc/templates/esp-legacy-mvc/static/images/splash.jpg,
../src/paks/esp-legacy-mvc/templates/esp-legacy-mvc/static/index.esp,
../src/paks/esp-legacy-mvc/templates/esp-legacy-mvc/static/js,
../src/paks/esp-legacy-mvc/templates/esp-legacy-mvc/static/js/jquery.esp.js,
../src/paks/esp-legacy-mvc/templates/esp-legacy-mvc/static/js/jquery.js,
../src/paks/esp-server,
../src/paks/esp-server/package.json,
../src/paks/esp-server/templates,
../src/paks/esp-server/templates/esp-server,
../src/paks/esp-server/templates/esp-server/appweb.conf,
../src/paks/esp-server/templates/esp-server/controller.c,
../src/paks/esp-server/templates/esp-server/migration.c,
../src/paks/esp-server/templates/esp-server/src,
../src/paks/esp-server/templates/esp-server/src/app.c,
../src/paks/est,
../src/paks/est/ca.crt,
../src/paks/est/est.h,
../src/paks/est/est.me,
../src/paks/est/estLib.c,
../src/paks/est/LICENSE.md,
../src/paks/est/package.json,
../src/paks/est/README.md,
../src/paks/http,
../src/paks/http/http.c,
../src/paks/http/http.h,
../src/paks/http/http.me,
../src/paks/http/httpLib.c,
../src/paks/http/LICENSE.md,
../src/paks/http/package.json,
../src/paks/http/README.md,
../src/paks/me-dev,
../src/paks/me-dev/dev.es,
../src/paks/me-dev/dev.me,
../src/paks/me-dev/LICENSE.md,
../src/paks/me-dev/package.json,
../src/paks/me-dev/README.md,
../src/paks/me-doc,
../src/paks/me-doc/doc.es,
../src/paks/me-doc/doc.me,
../src/paks/me-doc/LICENSE.md,
../src/paks/me-doc/package.json,
../src/paks/me-doc/README.md,
../src/paks/me-package,
../src/paks/me-package/LICENSE.md,
../src/paks/me-package/manifest.me,
../src/paks/me-package/package.es,
../src/paks/me-package/package.json,
../src/paks/me-package/package.me,
../src/paks/me-package/README.md,
../src/paks/mpr,
../src/paks/mpr/LICENSE.md,
../src/paks/mpr/makerom.c,
../src/paks/mpr/manager.c,
../src/paks/mpr/mpr.h,
../src/paks/mpr/mpr.me,
../src/paks/mpr/mprLib.c,
../src/paks/mpr/mprSsl.c,
../src/paks/mpr/package.json,
../src/paks/mpr/README.md,
../src/paks/osdep,
../src/paks/osdep/LICENSE.md,
../src/paks/osdep/osdep.h,
../src/paks/osdep/osdep.me,
../src/paks/osdep/package.json,
../src/paks/osdep/README.md,
../src/paks/pcre,
../src/paks/pcre/LICENSE.md,
../src/paks/pcre/package.json,
../src/paks/pcre/pcre.c,
../src/paks/pcre/pcre.h,
../src/paks/pcre/pcre.me,
../src/paks/pcre/README.md,
../src/paks/ssl,
../src/paks/ssl/LICENSE.md,
../src/paks/ssl/matrixssl.me,
../src/paks/ssl/nanossl.me,
../src/paks/ssl/openssl.me,
../src/paks/ssl/package.json,
../src/paks/ssl/README.md,
../src/paks/ssl/ssl.me
			);
			outputPaths = (
../macosx-x64-default/paks
			);
			runOnlyForDeploymentPostprocessing = 0;
			shellPath = /bin/bash;
			shellScript = "PATH=$PATH:/usr/local/bin
cd ../src/paks
	mkdir -p \"../${OUT_DIR}/paks/esp-angular/4.5.2\"
	cp esp-angular/esp-click.js ../${OUT_DIR}/paks/esp-angular/4.5.2/esp-click.js
	cp esp-angular/esp-edit.js ../${OUT_DIR}/paks/esp-angular/4.5.2/esp-edit.js
	cp esp-angular/esp-field-errors.js ../${OUT_DIR}/paks/esp-angular/4.5.2/esp-field-errors.js
	cp esp-angular/esp-fixnum.js ../${OUT_DIR}/paks/esp-angular/4.5.2/esp-fixnum.js
	cp esp-angular/esp-format.js ../${OUT_DIR}/paks/esp-angular/4.5.2/esp-format.js
	cp esp-angular/esp-input-group.js ../${OUT_DIR}/paks/esp-angular/4.5.2/esp-input-group.js
	cp esp-angular/esp-input.js ../${OUT_DIR}/paks/esp-angular/4.5.2/esp-input.js
	cp esp-angular/esp-resource.js ../${OUT_DIR}/paks/esp-angular/4.5.2/esp-resource.js
	cp esp-angular/esp-session.js ../${OUT_DIR}/paks/esp-angular/4.5.2/esp-session.js
	cp esp-angular/esp-titlecase.js ../${OUT_DIR}/paks/esp-angular/4.5.2/esp-titlecase.js
	cp esp-angular/esp.js ../${OUT_DIR}/paks/esp-angular/4.5.2/esp.js
	cp esp-angular/package.json ../${OUT_DIR}/paks/esp-angular/4.5.2/package.json
	mkdir -p \"../${OUT_DIR}/paks/esp-angular-mvc/4.5.2\"
	cp esp-angular-mvc/package.json ../${OUT_DIR}/paks/esp-angular-mvc/4.5.2/package.json
	mkdir -p \"../${OUT_DIR}/paks/esp-angular-mvc/4.5.2/templates\"
	mkdir -p \"../${OUT_DIR}/paks/esp-angular-mvc/4.5.2/templates/esp-angular-mvc\"
	cp esp-angular-mvc/templates/esp-angular-mvc/appweb.conf ../${OUT_DIR}/paks/esp-angular-mvc/4.5.2/templates/esp-angular-mvc/appweb.conf
	mkdir -p \"../${OUT_DIR}/paks/esp-angular-mvc/4.5.2/templates/esp-angular-mvc/client\"
	mkdir -p \"../${OUT_DIR}/paks/esp-angular-mvc/4.5.2/templates/esp-angular-mvc/client/app\"
	cp esp-angular-mvc/templates/esp-angular-mvc/client/app/main.js ../${OUT_DIR}/paks/esp-angular-mvc/4.5.2/templates/esp-angular-mvc/client/app/main.js
	mkdir -p \"../${OUT_DIR}/paks/esp-angular-mvc/4.5.2/templates/esp-angular-mvc/client/assets\"
	cp esp-angular-mvc/templates/esp-angular-mvc/client/assets/favicon.ico ../${OUT_DIR}/paks/esp-angular-mvc/4.5.2/templates/esp-angular-mvc/client/assets/favicon.ico
	mkdir -p \"../${OUT_DIR}/paks/esp-angular-mvc/4.5.2/templates/esp-angular-mvc/client/css\"
	cp esp-angular-mvc/templates/esp-angular-mvc/client/css/all.css ../${OUT_DIR}/paks/esp-angular-mvc/4.5.2/templates/esp-angular-mvc/client/css/all.css
	cp esp-angular-mvc/templates/esp-angular-mvc/client/css/all.less ../${OUT_DIR}/paks/esp-angular-mvc/4.5.2/templates/esp-angular-mvc/client/css/all.less
	cp esp-angular-mvc/templates/esp-angular-mvc/client/css/app.less ../${OUT_DIR}/paks/esp-angular-mvc/4.5.2/templates/esp-angular-mvc/client/css/app.less
	cp esp-angular-mvc/templates/esp-angular-mvc/client/css/fix.css ../${OUT_DIR}/paks/esp-angular-mvc/4.5.2/templates/esp-angular-mvc/client/css/fix.css
	cp esp-angular-mvc/templates/esp-angular-mvc/client/css/theme.less ../${OUT_DIR}/paks/esp-angular-mvc/4.5.2/templates/esp-angular-mvc/client/css/theme.less
	cp esp-angular-mvc/templates/esp-angular-mvc/client/index.esp ../${OUT_DIR}/paks/esp-angular-mvc/4.5.2/templates/esp-angular-mvc/client/index.esp
	mkdir -p \"../${OUT_DIR}/paks/esp-angular-mvc/4.5.2/templates/esp-angular-mvc/client/pages\"
	cp esp-angular-mvc/templates/esp-angular-mvc/client/pages/splash.html ../${OUT_DIR}/paks/esp-angular-mvc/4.5.2/templates/esp-angular-mvc/client/pages/splash.html
	cp esp-angular-mvc/templates/esp-angular-mvc/controller-singleton.c ../${OUT_DIR}/paks/esp-angular-mvc/4.5.2/templates/esp-angular-mvc/controller-singleton.c
	cp esp-angular-mvc/templates/esp-angular-mvc/controller.c ../${OUT_DIR}/paks/esp-angular-mvc/4.5.2/templates/esp-angular-mvc/controller.c
	cp esp-angular-mvc/templates/esp-angular-mvc/controller.js ../${OUT_DIR}/paks/esp-angular-mvc/4.5.2/templates/esp-angular-mvc/controller.js
	cp esp-angular-mvc/templates/esp-angular-mvc/edit.html ../${OUT_DIR}/paks/esp-angular-mvc/4.5.2/templates/esp-angular-mvc/edit.html
	cp esp-angular-mvc/templates/esp-angular-mvc/list.html ../${OUT_DIR}/paks/esp-angular-mvc/4.5.2/templates/esp-angular-mvc/list.html
	cp esp-angular-mvc/templates/esp-angular-mvc/model.js ../${OUT_DIR}/paks/esp-angular-mvc/4.5.2/templates/esp-angular-mvc/model.js
	cp esp-angular-mvc/templates/esp-angular-mvc/start.bit ../${OUT_DIR}/paks/esp-angular-mvc/4.5.2/templates/esp-angular-mvc/start.bit
	mkdir -p \"../${OUT_DIR}/paks/esp-html-mvc/4.5.2\"
	cp esp-html-mvc/package.json ../${OUT_DIR}/paks/esp-html-mvc/4.5.2/package.json
	mkdir -p \"../${OUT_DIR}/paks/esp-html-mvc/4.5.2/templates\"
	mkdir -p \"../${OUT_DIR}/paks/esp-html-mvc/4.5.2/templates/esp-html-mvc\"
	cp esp-html-mvc/templates/esp-html-mvc/appweb.conf ../${OUT_DIR}/paks/esp-html-mvc/4.5.2/templates/esp-html-mvc/appweb.conf
	mkdir -p \"../${OUT_DIR}/paks/esp-html-mvc/4.5.2/templates/esp-html-mvc/client\"
	mkdir -p \"../${OUT_DIR}/paks/esp-html-mvc/4.5.2/templates/esp-html-mvc/client/assets\"
	cp esp-html-mvc/templates/esp-html-mvc/client/assets/favicon.ico ../${OUT_DIR}/paks/esp-html-mvc/4.5.2/templates/esp-html-mvc/client/assets/favicon.ico
	mkdir -p \"../${OUT_DIR}/paks/esp-html-mvc/4.5.2/templates/esp-html-mvc/client/css\"
	cp esp-html-mvc/templates/esp-html-mvc/client/css/all.css ../${OUT_DIR}/paks/esp-html-mvc/4.5.2/templates/esp-html-mvc/client/css/all.css
	cp esp-html-mvc/templates/esp-html-mvc/client/css/all.less ../${OUT_DIR}/paks/esp-html-mvc/4.5.2/templates/esp-html-mvc/client/css/all.less
	cp esp-html-mvc/templates/esp-html-mvc/client/css/app.less ../${OUT_DIR}/paks/esp-html-mvc/4.5.2/templates/esp-html-mvc/client/css/app.less
	cp esp-html-mvc/templates/esp-html-mvc/client/css/theme.less ../${OUT_DIR}/paks/esp-html-mvc/4.5.2/templates/esp-html-mvc/client/css/theme.less
	cp esp-html-mvc/templates/esp-html-mvc/client/index.esp ../${OUT_DIR}/paks/esp-html-mvc/4.5.2/templates/esp-html-mvc/client/index.esp
	mkdir -p \"../${OUT_DIR}/paks/esp-html-mvc/4.5.2/templates/esp-html-mvc/client/layouts\"
	cp esp-html-mvc/templates/esp-html-mvc/client/layouts/default.esp ../${OUT_DIR}/paks/esp-html-mvc/4.5.2/templates/esp-html-mvc/client/layouts/default.esp
	cp esp-html-mvc/templates/esp-html-mvc/controller-singleton.c ../${OUT_DIR}/paks/esp-html-mvc/4.5.2/templates/esp-html-mvc/controller-singleton.c
	cp esp-html-mvc/templates/esp-html-mvc/controller.c ../${OUT_DIR}/paks/esp-html-mvc/4.5.2/templates/esp-html-mvc/controller.c
	cp esp-html-mvc/templates/esp-html-mvc/edit.esp ../${OUT_DIR}/paks/esp-html-mvc/4.5.2/templates/esp-html-mvc/edit.esp
	cp esp-html-mvc/templates/esp-html-mvc/list.esp ../${OUT_DIR}/paks/esp-html-mvc/4.5.2/templates/esp-html-mvc/list.esp
	cp esp-html-mvc/templates/esp-html-mvc/start.bit ../${OUT_DIR}/paks/esp-html-mvc/4.5.2/templates/esp-html-mvc/start.bit
	mkdir -p \"../${OUT_DIR}/paks/esp-legacy-mvc/4.5.2\"
	cp esp-legacy-mvc/package.json ../${OUT_DIR}/paks/esp-legacy-mvc/4.5.2/package.json
	mkdir -p \"../${OUT_DIR}/paks/esp-legacy-mvc/4.5.2/templates\"
	mkdir -p \"../${OUT_DIR}/paks/esp-legacy-mvc/4.5.2/templates/esp-legacy-mvc\"
	cp esp-legacy-mvc/templates/esp-legacy-mvc/appweb.conf ../${OUT_DIR}/paks/esp-legacy-mvc/4.5.2/templates/esp-legacy-mvc/appweb.conf
	cp esp-legacy-mvc/templates/esp-legacy-mvc/controller.c ../${OUT_DIR}/paks/esp-legacy-mvc/4.5.2/templates/esp-legacy-mvc/controller.c
	cp esp-legacy-mvc/templates/esp-legacy-mvc/edit.esp ../${OUT_DIR}/paks/esp-legacy-mvc/4.5.2/templates/esp-legacy-mvc/edit.esp
	mkdir -p \"../${OUT_DIR}/paks/esp-legacy-mvc/4.5.2/templates/esp-legacy-mvc/layouts\"
	cp esp-legacy-mvc/templates/esp-legacy-mvc/layouts/default.esp ../${OUT_DIR}/paks/esp-legacy-mvc/4.5.2/templates/esp-legacy-mvc/layouts/default.esp
	cp esp-legacy-mvc/templates/esp-legacy-mvc/list.esp ../${OUT_DIR}/paks/esp-legacy-mvc/4.5.2/templates/esp-legacy-mvc/list.esp
	cp esp-legacy-mvc/templates/esp-legacy-mvc/migration.c ../${OUT_DIR}/paks/esp-legacy-mvc/4.5.2/templates/esp-legacy-mvc/migration.c
	mkdir -p \"../${OUT_DIR}/paks/esp-legacy-mvc/4.5.2/templates/esp-legacy-mvc/src\"
	cp esp-legacy-mvc/templates/esp-legacy-mvc/src/app.c ../${OUT_DIR}/paks/esp-legacy-mvc/4.5.2/templates/esp-legacy-mvc/src/app.c
	mkdir -p \"../${OUT_DIR}/paks/esp-legacy-mvc/4.5.2/templates/esp-legacy-mvc/static\"
	mkdir -p \"../${OUT_DIR}/paks/esp-legacy-mvc/4.5.2/templates/esp-legacy-mvc/static/css\"
	cp esp-legacy-mvc/templates/esp-legacy-mvc/static/css/all.css ../${OUT_DIR}/paks/esp-legacy-mvc/4.5.2/templates/esp-legacy-mvc/static/css/all.css
	mkdir -p \"../${OUT_DIR}/paks/esp-legacy-mvc/4.5.2/templates/esp-legacy-mvc/static/images\"
	cp esp-legacy-mvc/templates/esp-legacy-mvc/static/images/banner.jpg ../${OUT_DIR}/paks/esp-legacy-mvc/4.5.2/templates/esp-legacy-mvc/static/images/banner.jpg
	cp esp-legacy-mvc/templates/esp-legacy-mvc/static/images/favicon.ico ../${OUT_DIR}/paks/esp-legacy-mvc/4.5.2/templates/esp-legacy-mvc/static/images/favicon.ico
	cp esp-legacy-mvc/templates/esp-legacy-mvc/static/images/splash.jpg ../${OUT_DIR}/paks/esp-legacy-mvc/4.5.2/templates/esp-legacy-mvc/static/images/splash.jpg
	cp esp-legacy-mvc/templates/esp-legacy-mvc/static/index.esp ../${OUT_DIR}/paks/esp-legacy-mvc/4.5.2/templates/esp-legacy-mvc/static/index.esp
	mkdir -p \"../${OUT_DIR}/paks/esp-legacy-mvc/4.5.2/templates/esp-legacy-mvc/static/js\"
	cp esp-legacy-mvc/templates/esp-legacy-mvc/static/js/jquery.esp.js ../${OUT_DIR}/paks/esp-legacy-mvc/4.5.2/templates/esp-legacy-mvc/static/js/jquery.esp.js
	cp esp-legacy-mvc/templates/esp-legacy-mvc/static/js/jquery.js ../${OUT_DIR}/paks/esp-legacy-mvc/4.5.2/templates/esp-legacy-mvc/static/js/jquery.js
	mkdir -p \"../${OUT_DIR}/paks/esp-server/4.5.2\"
	cp esp-server/package.json ../${OUT_DIR}/paks/esp-server/4.5.2/package.json
	mkdir -p \"../${OUT_DIR}/paks/esp-server/4.5.2/templates\"
	mkdir -p \"../${OUT_DIR}/paks/esp-server/4.5.2/templates/esp-server\"
	cp esp-server/templates/esp-server/appweb.conf ../${OUT_DIR}/paks/esp-server/4.5.2/templates/esp-server/appweb.conf
	cp esp-server/templates/esp-server/controller.c ../${OUT_DIR}/paks/esp-server/4.5.2/templates/esp-server/controller.c
	cp esp-server/templates/esp-server/migration.c ../${OUT_DIR}/paks/esp-server/4.5.2/templates/esp-server/migration.c
	mkdir -p \"../${OUT_DIR}/paks/esp-server/4.5.2/templates/esp-server/src\"
	cp esp-server/templates/esp-server/src/app.c ../${OUT_DIR}/paks/esp-server/4.5.2/templates/esp-server/src/app.c
";
		};
		6AB72B5C6AB73BC40000000F /* ShellScript for esp.conf */ = {
			isa = PBXShellScriptBuildPhase;
			buildActionMask = 2147483647;
			files = (
			);
			inputPaths = (
../src/esp.conf
			);
			outputPaths = (
../macosx-x64-default/bin/esp.conf
			);
			runOnlyForDeploymentPostprocessing = 0;
			shellPath = /bin/bash;
			shellScript = "PATH=$PATH:/usr/local/bin
cd ../src
mkdir -p ${OUT_DIR}/bin
cp -r esp.conf ${OUT_DIR}/bin/esp.conf
";
		};
		6AB72B5C6AB73BC400000022 /* ShellScript for Prep */ = {
			isa = PBXShellScriptBuildPhase;
			buildActionMask = 2147483647;
			files = (
			);
			inputPaths = (

			);
			outputPaths = (

			);
			runOnlyForDeploymentPostprocessing = 0;
			shellPath = /bin/bash;
			shellScript = "PATH=$PATH:/usr/local/bin
[ ! -x ${INC_DIR} ] && mkdir -p ${INC_DIR} ${OBJ_DIR} ${LIB_DIR} ${BIN_DIR}
[ ! -f ${INC_DIR}/me.h ] && cp esp-macosx-default-me.h ${INC_DIR}/me.h
[ ! -f ${INC_DIR}/osdep.h ] && cp ${SRC_DIR}/src/paks/osdep/osdep.h ${INC_DIR}/osdep.h
if ! diff ${INC_DIR}/me.h esp-macosx-default-me.h >/dev/null ; then
cp esp-macosx-default-me.h ${INC_DIR}/me.h
fi
if [ ../src/paks/appweb/appweb.h -nt ${OUT_DIR}/inc/appweb.h ] ; then
cp ../src/paks/appweb/appweb.h ${OUT_DIR}/inc/appweb.h
fi
if [ ../src/paks/est/est.h -nt ${OUT_DIR}/inc/est.h ] ; then
cp ../src/paks/est/est.h ${OUT_DIR}/inc/est.h
fi
if [ ../src/paks/http/http.h -nt ${OUT_DIR}/inc/http.h ] ; then
cp ../src/paks/http/http.h ${OUT_DIR}/inc/http.h
fi
if [ ../src/edi.h -nt ${OUT_DIR}/inc/edi.h ] ; then
cp ../src/edi.h ${OUT_DIR}/inc/edi.h
fi
if [ ../src/esp.h -nt ${OUT_DIR}/inc/esp.h ] ; then
cp ../src/esp.h ${OUT_DIR}/inc/esp.h
fi
if [ ../src/mdb.h -nt ${OUT_DIR}/inc/mdb.h ] ; then
cp ../src/mdb.h ${OUT_DIR}/inc/mdb.h
fi
if [ ../src/paks/mpr/mpr.h -nt ${OUT_DIR}/inc/mpr.h ] ; then
cp ../src/paks/mpr/mpr.h ${OUT_DIR}/inc/mpr.h
fi
if [ ../src/paks/pcre/pcre.h -nt ${OUT_DIR}/inc/pcre.h ] ; then
cp ../src/paks/pcre/pcre.h ${OUT_DIR}/inc/pcre.h
fi";
		};
/* End PBXShellScriptBuildPhase section */

/* Begin PBXProject section */
		6AB72B5C6AB73BC400000001 /* Project object */ = {
			isa = PBXProject;
			attributes = {
				LastUpgradeCheck = 0430;
				ORGANIZATIONNAME = "embedthis";
			};
			buildConfigurationList = 6AB72B5C6AB73BC400000002 /* Build configuration list for PBXProject "esp" */;
			compatibilityVersion = "Xcode 3.2";
			developmentRegion = English;
			hasScannedForEncodings = 0;
			knownRegions = (
				en,
			);
			mainGroup = 6AB72B5C6AB73BC4000000B1;
			productRefGroup = 6AB72B5C6AB73BC4000000BC /* Products */;
			projectDirPath = "";
			projectRoot = "";
			targets = (
				6AB72B5C6AB73BC400000012 /* All */,
				6AB72B5C6AB73BC400000021 /* Prep */,
				6AB72B5C6AB73BC40000006C /* libappweb */,
				6AB72B5C6AB73BC400000094 /* libest */,
				6AB72B5C6AB73BC40000006A /* libhttp */,
				6AB72B5C6AB73BC40000006E /* libmod_esp */,
				6AB72B5C6AB73BC400000066 /* libmpr */,
				6AB72B5C6AB73BC400000096 /* libmprssl */,
				6AB72B5C6AB73BC400000068 /* libpcre */,
				6AB72B5C6AB73BC400000090 /* espcmd */,
				6AB72B5C6AB73BC400000092 /* httpcmd */,
				6AB72B5C6AB73BC400000098 /* makerom */,
				6AB72B5C6AB73BC400000006 /* ca-crt */,
				6AB72B5C6AB73BC40000000A /* esp-paks */,
				6AB72B5C6AB73BC40000000E /* esp.conf */,
			);
		};
/* End PBXProject section */

/* Begin PBXSourcesBuildPhase section */
		6AB72B5C6AB73BC4000000BD /* espcmd Sources */ = {
			isa = PBXSourcesBuildPhase;
			buildActionMask = 2147483647;
			files = (
				6AB72B5C6AB73BC400000023 /* edi.c in Sources */,
				6AB72B5C6AB73BC400000025 /* esp.c in Sources */,
				6AB72B5C6AB73BC400000027 /* espAbbrev.c in Sources */,
				6AB72B5C6AB73BC400000029 /* espDeprecated.c in Sources */,
				6AB72B5C6AB73BC40000002B /* espFramework.c in Sources */,
				6AB72B5C6AB73BC40000002D /* espHandler.c in Sources */,
				6AB72B5C6AB73BC40000002F /* espHtml.c in Sources */,
				6AB72B5C6AB73BC400000031 /* espTemplate.c in Sources */,
				6AB72B5C6AB73BC400000033 /* mdb.c in Sources */,
				6AB72B5C6AB73BC400000035 /* sdb.c in Sources */,
			);
			runOnlyForDeploymentPostprocessing = 0;
		};
		6AB72B5C6AB73BC4000000C5 /* httpcmd Sources */ = {
			isa = PBXSourcesBuildPhase;
			buildActionMask = 2147483647;
			files = (
				6AB72B5C6AB73BC400000037 /* http.c in Sources */,
			);
			runOnlyForDeploymentPostprocessing = 0;
		};
		6AB72B5C6AB73BC4000000CB /* libappweb Sources */ = {
			isa = PBXSourcesBuildPhase;
			buildActionMask = 2147483647;
			files = (
				6AB72B5C6AB73BC400000039 /* appwebLib.c in Sources */,
			);
			runOnlyForDeploymentPostprocessing = 0;
		};
		6AB72B5C6AB73BC4000000D1 /* libest Sources */ = {
			isa = PBXSourcesBuildPhase;
			buildActionMask = 2147483647;
			files = (
				6AB72B5C6AB73BC40000003B /* estLib.c in Sources */,
			);
			runOnlyForDeploymentPostprocessing = 0;
		};
		6AB72B5C6AB73BC4000000D4 /* libhttp Sources */ = {
			isa = PBXSourcesBuildPhase;
			buildActionMask = 2147483647;
			files = (
				6AB72B5C6AB73BC40000003D /* httpLib.c in Sources */,
			);
			runOnlyForDeploymentPostprocessing = 0;
		};
		6AB72B5C6AB73BC4000000D9 /* libmod_esp Sources */ = {
			isa = PBXSourcesBuildPhase;
			buildActionMask = 2147483647;
			files = (
				6AB72B5C6AB73BC400000023 /* edi.c in Sources */,
				6AB72B5C6AB73BC400000027 /* espAbbrev.c in Sources */,
				6AB72B5C6AB73BC400000029 /* espDeprecated.c in Sources */,
				6AB72B5C6AB73BC40000002B /* espFramework.c in Sources */,
				6AB72B5C6AB73BC40000002D /* espHandler.c in Sources */,
				6AB72B5C6AB73BC40000002F /* espHtml.c in Sources */,
				6AB72B5C6AB73BC400000031 /* espTemplate.c in Sources */,
				6AB72B5C6AB73BC400000033 /* mdb.c in Sources */,
				6AB72B5C6AB73BC400000035 /* sdb.c in Sources */,
			);
			runOnlyForDeploymentPostprocessing = 0;
		};
		6AB72B5C6AB73BC4000000E0 /* libmpr Sources */ = {
			isa = PBXSourcesBuildPhase;
			buildActionMask = 2147483647;
			files = (
				6AB72B5C6AB73BC40000003F /* mprLib.c in Sources */,
			);
			runOnlyForDeploymentPostprocessing = 0;
		};
		6AB72B5C6AB73BC4000000E3 /* libmprssl Sources */ = {
			isa = PBXSourcesBuildPhase;
			buildActionMask = 2147483647;
			files = (
				6AB72B5C6AB73BC400000041 /* mprSsl.c in Sources */,
			);
			runOnlyForDeploymentPostprocessing = 0;
		};
		6AB72B5C6AB73BC4000000E7 /* libpcre Sources */ = {
			isa = PBXSourcesBuildPhase;
			buildActionMask = 2147483647;
			files = (
				6AB72B5C6AB73BC400000043 /* pcre.c in Sources */,
			);
			runOnlyForDeploymentPostprocessing = 0;
		};
		6AB72B5C6AB73BC4000000EA /* makerom Sources */ = {
			isa = PBXSourcesBuildPhase;
			buildActionMask = 2147483647;
			files = (
				6AB72B5C6AB73BC400000045 /* makerom.c in Sources */,
			);
			runOnlyForDeploymentPostprocessing = 0;
		};
/* End PBXSourcesBuildPhase section */

/* Begin PBXTargetDependency section */
		6AB72B5C6AB73BC400000008 /* PBXTargetDependency ca-crt depends on Prep */ = {
			isa = PBXTargetDependency;
			target = 6AB72B5C6AB73BC400000021 /* Prep */;
			targetProxy = 6AB72B5C6AB73BC400000061 /* PBXContainerItemProxy */;
		};
		6AB72B5C6AB73BC40000000C /* PBXTargetDependency esp-paks depends on Prep */ = {
			isa = PBXTargetDependency;
			target = 6AB72B5C6AB73BC400000021 /* Prep */;
			targetProxy = 6AB72B5C6AB73BC400000062 /* PBXContainerItemProxy */;
		};
		6AB72B5C6AB73BC400000010 /* PBXTargetDependency esp.conf depends on Prep */ = {
			isa = PBXTargetDependency;
			target = 6AB72B5C6AB73BC400000021 /* Prep */;
			targetProxy = 6AB72B5C6AB73BC400000063 /* PBXContainerItemProxy */;
		};
		6AB72B5C6AB73BC4000000BF /* PBXTargetDependency espcmd depends on Prep */ = {
			isa = PBXTargetDependency;
			target = 6AB72B5C6AB73BC400000021 /* Prep */;
			targetProxy = 6AB72B5C6AB73BC400000064 /* PBXContainerItemProxy */;
		};
		6AB72B5C6AB73BC4000000C0 /* PBXTargetDependency espcmd depends on libmpr */ = {
			isa = PBXTargetDependency;
			target = 6AB72B5C6AB73BC400000066 /* libmpr */;
			targetProxy = 6AB72B5C6AB73BC400000065 /* PBXContainerItemProxy */;
		};
		6AB72B5C6AB73BC4000000C1 /* PBXTargetDependency espcmd depends on libpcre */ = {
			isa = PBXTargetDependency;
			target = 6AB72B5C6AB73BC400000068 /* libpcre */;
			targetProxy = 6AB72B5C6AB73BC400000067 /* PBXContainerItemProxy */;
		};
		6AB72B5C6AB73BC4000000C2 /* PBXTargetDependency espcmd depends on libhttp */ = {
			isa = PBXTargetDependency;
			target = 6AB72B5C6AB73BC40000006A /* libhttp */;
			targetProxy = 6AB72B5C6AB73BC400000069 /* PBXContainerItemProxy */;
		};
		6AB72B5C6AB73BC4000000C3 /* PBXTargetDependency espcmd depends on libappweb */ = {
			isa = PBXTargetDependency;
			target = 6AB72B5C6AB73BC40000006C /* libappweb */;
			targetProxy = 6AB72B5C6AB73BC40000006B /* PBXContainerItemProxy */;
		};
		6AB72B5C6AB73BC4000000C4 /* PBXTargetDependency espcmd depends on libmod_esp */ = {
			isa = PBXTargetDependency;
			target = 6AB72B5C6AB73BC40000006E /* libmod_esp */;
			targetProxy = 6AB72B5C6AB73BC40000006D /* PBXContainerItemProxy */;
		};
		6AB72B5C6AB73BC4000000C7 /* PBXTargetDependency httpcmd depends on Prep */ = {
			isa = PBXTargetDependency;
			target = 6AB72B5C6AB73BC400000021 /* Prep */;
			targetProxy = 6AB72B5C6AB73BC40000006F /* PBXContainerItemProxy */;
		};
		6AB72B5C6AB73BC4000000C8 /* PBXTargetDependency httpcmd depends on libmpr */ = {
			isa = PBXTargetDependency;
			target = 6AB72B5C6AB73BC400000066 /* libmpr */;
			targetProxy = 6AB72B5C6AB73BC400000070 /* PBXContainerItemProxy */;
		};
		6AB72B5C6AB73BC4000000C9 /* PBXTargetDependency httpcmd depends on libpcre */ = {
			isa = PBXTargetDependency;
			target = 6AB72B5C6AB73BC400000068 /* libpcre */;
			targetProxy = 6AB72B5C6AB73BC400000071 /* PBXContainerItemProxy */;
		};
		6AB72B5C6AB73BC4000000CA /* PBXTargetDependency httpcmd depends on libhttp */ = {
			isa = PBXTargetDependency;
			target = 6AB72B5C6AB73BC40000006A /* libhttp */;
			targetProxy = 6AB72B5C6AB73BC400000072 /* PBXContainerItemProxy */;
		};
		6AB72B5C6AB73BC4000000CD /* PBXTargetDependency libappweb depends on Prep */ = {
			isa = PBXTargetDependency;
			target = 6AB72B5C6AB73BC400000021 /* Prep */;
			targetProxy = 6AB72B5C6AB73BC400000073 /* PBXContainerItemProxy */;
		};
		6AB72B5C6AB73BC4000000CE /* PBXTargetDependency libappweb depends on libmpr */ = {
			isa = PBXTargetDependency;
			target = 6AB72B5C6AB73BC400000066 /* libmpr */;
			targetProxy = 6AB72B5C6AB73BC400000074 /* PBXContainerItemProxy */;
		};
		6AB72B5C6AB73BC4000000CF /* PBXTargetDependency libappweb depends on libpcre */ = {
			isa = PBXTargetDependency;
			target = 6AB72B5C6AB73BC400000068 /* libpcre */;
			targetProxy = 6AB72B5C6AB73BC400000075 /* PBXContainerItemProxy */;
		};
		6AB72B5C6AB73BC4000000D0 /* PBXTargetDependency libappweb depends on libhttp */ = {
			isa = PBXTargetDependency;
			target = 6AB72B5C6AB73BC40000006A /* libhttp */;
			targetProxy = 6AB72B5C6AB73BC400000076 /* PBXContainerItemProxy */;
		};
		6AB72B5C6AB73BC4000000D3 /* PBXTargetDependency libest depends on Prep */ = {
			isa = PBXTargetDependency;
			target = 6AB72B5C6AB73BC400000021 /* Prep */;
			targetProxy = 6AB72B5C6AB73BC400000077 /* PBXContainerItemProxy */;
		};
		6AB72B5C6AB73BC4000000D6 /* PBXTargetDependency libhttp depends on Prep */ = {
			isa = PBXTargetDependency;
			target = 6AB72B5C6AB73BC400000021 /* Prep */;
			targetProxy = 6AB72B5C6AB73BC400000078 /* PBXContainerItemProxy */;
		};
		6AB72B5C6AB73BC4000000D7 /* PBXTargetDependency libhttp depends on libmpr */ = {
			isa = PBXTargetDependency;
			target = 6AB72B5C6AB73BC400000066 /* libmpr */;
			targetProxy = 6AB72B5C6AB73BC400000079 /* PBXContainerItemProxy */;
		};
		6AB72B5C6AB73BC4000000D8 /* PBXTargetDependency libhttp depends on libpcre */ = {
			isa = PBXTargetDependency;
			target = 6AB72B5C6AB73BC400000068 /* libpcre */;
			targetProxy = 6AB72B5C6AB73BC40000007A /* PBXContainerItemProxy */;
		};
		6AB72B5C6AB73BC4000000DB /* PBXTargetDependency libmod_esp depends on Prep */ = {
			isa = PBXTargetDependency;
			target = 6AB72B5C6AB73BC400000021 /* Prep */;
			targetProxy = 6AB72B5C6AB73BC40000007B /* PBXContainerItemProxy */;
		};
		6AB72B5C6AB73BC4000000DC /* PBXTargetDependency libmod_esp depends on libmpr */ = {
			isa = PBXTargetDependency;
			target = 6AB72B5C6AB73BC400000066 /* libmpr */;
			targetProxy = 6AB72B5C6AB73BC40000007C /* PBXContainerItemProxy */;
		};
		6AB72B5C6AB73BC4000000DD /* PBXTargetDependency libmod_esp depends on libpcre */ = {
			isa = PBXTargetDependency;
			target = 6AB72B5C6AB73BC400000068 /* libpcre */;
			targetProxy = 6AB72B5C6AB73BC40000007D /* PBXContainerItemProxy */;
		};
		6AB72B5C6AB73BC4000000DE /* PBXTargetDependency libmod_esp depends on libhttp */ = {
			isa = PBXTargetDependency;
			target = 6AB72B5C6AB73BC40000006A /* libhttp */;
			targetProxy = 6AB72B5C6AB73BC40000007E /* PBXContainerItemProxy */;
		};
		6AB72B5C6AB73BC4000000DF /* PBXTargetDependency libmod_esp depends on libappweb */ = {
			isa = PBXTargetDependency;
			target = 6AB72B5C6AB73BC40000006C /* libappweb */;
			targetProxy = 6AB72B5C6AB73BC40000007F /* PBXContainerItemProxy */;
		};
		6AB72B5C6AB73BC4000000E2 /* PBXTargetDependency libmpr depends on Prep */ = {
			isa = PBXTargetDependency;
			target = 6AB72B5C6AB73BC400000021 /* Prep */;
			targetProxy = 6AB72B5C6AB73BC400000080 /* PBXContainerItemProxy */;
		};
		6AB72B5C6AB73BC4000000E5 /* PBXTargetDependency libmprssl depends on Prep */ = {
			isa = PBXTargetDependency;
			target = 6AB72B5C6AB73BC400000021 /* Prep */;
			targetProxy = 6AB72B5C6AB73BC400000081 /* PBXContainerItemProxy */;
		};
		6AB72B5C6AB73BC4000000E6 /* PBXTargetDependency libmprssl depends on libmpr */ = {
			isa = PBXTargetDependency;
			target = 6AB72B5C6AB73BC400000066 /* libmpr */;
			targetProxy = 6AB72B5C6AB73BC400000082 /* PBXContainerItemProxy */;
		};
		6AB72B5C6AB73BC4000000E9 /* PBXTargetDependency libpcre depends on Prep */ = {
			isa = PBXTargetDependency;
			target = 6AB72B5C6AB73BC400000021 /* Prep */;
			targetProxy = 6AB72B5C6AB73BC400000083 /* PBXContainerItemProxy */;
		};
		6AB72B5C6AB73BC4000000EC /* PBXTargetDependency makerom depends on Prep */ = {
			isa = PBXTargetDependency;
			target = 6AB72B5C6AB73BC400000021 /* Prep */;
			targetProxy = 6AB72B5C6AB73BC400000084 /* PBXContainerItemProxy */;
		};
		6AB72B5C6AB73BC4000000ED /* PBXTargetDependency makerom depends on libmpr */ = {
			isa = PBXTargetDependency;
			target = 6AB72B5C6AB73BC400000066 /* libmpr */;
			targetProxy = 6AB72B5C6AB73BC400000085 /* PBXContainerItemProxy */;
		};
		6AB72B5C6AB73BC4000000EE /* PBXTargetDependency All depends on Prep */ = {
			isa = PBXTargetDependency;
			target = 6AB72B5C6AB73BC400000021 /* Prep */;
			targetProxy = 6AB72B5C6AB73BC400000086 /* PBXContainerItemProxy */;
		};
		6AB72B5C6AB73BC400000013 /* PBXTargetDependency All depends on ca-crt */ = {
			isa = PBXTargetDependency;
			target = 6AB72B5C6AB73BC400000006 /* ca-crt */;
			targetProxy = 6AB72B5C6AB73BC400000087 /* PBXContainerItemProxy */;
		};
		6AB72B5C6AB73BC400000014 /* PBXTargetDependency All depends on esp-paks */ = {
			isa = PBXTargetDependency;
			target = 6AB72B5C6AB73BC40000000A /* esp-paks */;
			targetProxy = 6AB72B5C6AB73BC400000088 /* PBXContainerItemProxy */;
		};
		6AB72B5C6AB73BC400000015 /* PBXTargetDependency All depends on esp.conf */ = {
			isa = PBXTargetDependency;
			target = 6AB72B5C6AB73BC40000000E /* esp.conf */;
			targetProxy = 6AB72B5C6AB73BC400000089 /* PBXContainerItemProxy */;
		};
		6AB72B5C6AB73BC40000001C /* PBXTargetDependency All depends on libmpr */ = {
			isa = PBXTargetDependency;
			target = 6AB72B5C6AB73BC400000066 /* libmpr */;
			targetProxy = 6AB72B5C6AB73BC40000008A /* PBXContainerItemProxy */;
		};
		6AB72B5C6AB73BC40000001E /* PBXTargetDependency All depends on libpcre */ = {
			isa = PBXTargetDependency;
			target = 6AB72B5C6AB73BC400000068 /* libpcre */;
			targetProxy = 6AB72B5C6AB73BC40000008B /* PBXContainerItemProxy */;
		};
		6AB72B5C6AB73BC40000001A /* PBXTargetDependency All depends on libhttp */ = {
			isa = PBXTargetDependency;
			target = 6AB72B5C6AB73BC40000006A /* libhttp */;
			targetProxy = 6AB72B5C6AB73BC40000008C /* PBXContainerItemProxy */;
		};
		6AB72B5C6AB73BC400000018 /* PBXTargetDependency All depends on libappweb */ = {
			isa = PBXTargetDependency;
			target = 6AB72B5C6AB73BC40000006C /* libappweb */;
			targetProxy = 6AB72B5C6AB73BC40000008D /* PBXContainerItemProxy */;
		};
		6AB72B5C6AB73BC40000001B /* PBXTargetDependency All depends on libmod_esp */ = {
			isa = PBXTargetDependency;
			target = 6AB72B5C6AB73BC40000006E /* libmod_esp */;
			targetProxy = 6AB72B5C6AB73BC40000008E /* PBXContainerItemProxy */;
		};
		6AB72B5C6AB73BC400000016 /* PBXTargetDependency All depends on espcmd */ = {
			isa = PBXTargetDependency;
			target = 6AB72B5C6AB73BC400000090 /* espcmd */;
			targetProxy = 6AB72B5C6AB73BC40000008F /* PBXContainerItemProxy */;
		};
		6AB72B5C6AB73BC400000017 /* PBXTargetDependency All depends on httpcmd */ = {
			isa = PBXTargetDependency;
			target = 6AB72B5C6AB73BC400000092 /* httpcmd */;
			targetProxy = 6AB72B5C6AB73BC400000091 /* PBXContainerItemProxy */;
		};
		6AB72B5C6AB73BC400000019 /* PBXTargetDependency All depends on libest */ = {
			isa = PBXTargetDependency;
			target = 6AB72B5C6AB73BC400000094 /* libest */;
			targetProxy = 6AB72B5C6AB73BC400000093 /* PBXContainerItemProxy */;
		};
		6AB72B5C6AB73BC40000001D /* PBXTargetDependency All depends on libmprssl */ = {
			isa = PBXTargetDependency;
			target = 6AB72B5C6AB73BC400000096 /* libmprssl */;
			targetProxy = 6AB72B5C6AB73BC400000095 /* PBXContainerItemProxy */;
		};
		6AB72B5C6AB73BC40000001F /* PBXTargetDependency All depends on makerom */ = {
			isa = PBXTargetDependency;
			target = 6AB72B5C6AB73BC400000098 /* makerom */;
			targetProxy = 6AB72B5C6AB73BC400000097 /* PBXContainerItemProxy */;
		};
/* End PBXTargetDependency section */

/* Begin XCBuildConfiguration section */
		6AB72B5C6AB73BC400000003 /* Debug */ = {
			isa = XCBuildConfiguration;
			buildSettings = {

                /* Common Settings */
				ALWAYS_SEARCH_USER_PATHS = NO;
                ONLY_ACTIVE_ARCH = YES;
                CURRENT_PROJECT_VERSION = 5.0.0;
                DYLIB_COMPATIBILITY_VERSION = "$(CURRENT_PROJECT_VERSION)";
                DYLIB_CURRENT_VERSION = "$(CURRENT_PROJECT_VERSION)";
				GCC_C_LANGUAGE_STANDARD = gnu99;
				GCC_VERSION = com.apple.compilers.llvm.clang.1_0;
				GCC_WARN_ABOUT_RETURN_TYPE = YES;
                LD_DYLIB_INSTALL_NAME = "@rpath/$(EXECUTABLE_PATH)";
				MACOSX_DEPLOYMENT_TARGET = 10.7;
				SDKROOT = macosx;

                OUT_DIR = "../macosx-x64-default";
                BIN_DIR = "../macosx-x64-default/bin";
                LIB_DIR = "../macosx-x64-default/bin";
                INC_DIR = "../macosx-x64-default/inc";
                OBJ_DIR = "../macosx-x64-default/obj";
                SRC_DIR = "..";

                CONFIGURATION_TEMP_DIR = "$(OBJ_DIR)/tmp/$(CONFIGURATION)";
                CONFIGURATION_BUILD_DIR = "$(BIN_DIR)";
                INSTALL_PATH = "/usr/lib/esp";
                DSTROOT = "/tmp/esp.dst";
                OBJROOT = "$(OBJ_DIR)";
                SYMROOT = "$(BIN_DIR)";
				GCC_WARN_64_TO_32_ME_CONVERSION = YES;
				GCC_WARN_64_TO_32_ME_CONVERSION = YES;
				GCC_WARN_UNUSED_VARIABLE = NO;
				GCC_WARN_UNUSED_FUNCTION = NO;
				GCC_WARN_UNUSED_LABEL = NO;
				GCC_WARN_64_TO_32_ME_CONVERSION = YES;
				GCC_WARN_64_TO_32_ME_CONVERSION = YES;
				GCC_WARN_UNUSED_VARIABLE = NO;
				GCC_WARN_UNUSED_FUNCTION = NO;
				GCC_WARN_UNUSED_LABEL = NO;

                /* Debug Settings */
				COPY_PHASE_STRIP = NO;
				GCC_OPTIMIZATION_LEVEL = 0;
				GCC_SYMBOLS_PRIVATE_EXTERN = NO;
				HEADER_SEARCH_PATHS = (
					"../macosx-x64-default/inc",
					"$(inherited)"
				);
				GCC_PREPROCESSOR_DEFINITIONS = (
					"ME_DEBUG",
					"$(inherited)"
				);
				LIBRARY_SEARCH_PATHS = (
					"../macosx-x64-default/bin",
					"$(inherited)"
				);
				OTHER_LDFLAGS = (
					"-Wl,-rpath,@executable_path/",
					"-Wl,-rpath,@loader_path/",
					"-ldl",
					"-lpthread",
					"-lm",
					"$(inherited)"
				);

			};
			name = Debug;
		};
		6AB72B5C6AB73BC400000004 /* Release */ = {
			isa = XCBuildConfiguration;
			buildSettings = {

                /* Common Settings */
				ALWAYS_SEARCH_USER_PATHS = NO;
                ONLY_ACTIVE_ARCH = YES;
                CURRENT_PROJECT_VERSION = 5.0.0;
                DYLIB_COMPATIBILITY_VERSION = "$(CURRENT_PROJECT_VERSION)";
                DYLIB_CURRENT_VERSION = "$(CURRENT_PROJECT_VERSION)";
				GCC_C_LANGUAGE_STANDARD = gnu99;
				GCC_VERSION = com.apple.compilers.llvm.clang.1_0;
				GCC_WARN_ABOUT_RETURN_TYPE = YES;
                LD_DYLIB_INSTALL_NAME = "@rpath/$(EXECUTABLE_PATH)";
				MACOSX_DEPLOYMENT_TARGET = 10.7;
				SDKROOT = macosx;

                OUT_DIR = "../macosx-x64-default";
                BIN_DIR = "../macosx-x64-default/bin";
                LIB_DIR = "../macosx-x64-default/bin";
                INC_DIR = "../macosx-x64-default/inc";
                OBJ_DIR = "../macosx-x64-default/obj";
                SRC_DIR = "..";

                CONFIGURATION_TEMP_DIR = "$(OBJ_DIR)/tmp/$(CONFIGURATION)";
                CONFIGURATION_BUILD_DIR = "$(BIN_DIR)";
                INSTALL_PATH = "/usr/lib/esp";
                DSTROOT = "/tmp/esp.dst";
                OBJROOT = "$(OBJ_DIR)";
                SYMROOT = "$(BIN_DIR)";
				GCC_WARN_64_TO_32_ME_CONVERSION = YES;
				GCC_WARN_64_TO_32_ME_CONVERSION = YES;
				GCC_WARN_UNUSED_VARIABLE = NO;
				GCC_WARN_UNUSED_FUNCTION = NO;
				GCC_WARN_UNUSED_LABEL = NO;
				GCC_WARN_64_TO_32_ME_CONVERSION = YES;
				GCC_WARN_64_TO_32_ME_CONVERSION = YES;
				GCC_WARN_UNUSED_VARIABLE = NO;
				GCC_WARN_UNUSED_FUNCTION = NO;
				GCC_WARN_UNUSED_LABEL = NO;

                /* Release Settings */
				COPY_PHASE_STRIP = YES;
				DEBUG_INFORMATION_FORMAT = "dwarf-with-dsym";
				GCC_OPTIMIZATION_LEVEL = s;
                GCC_WARN_UNINITIALIZED_AUTOS = NO;
				HEADER_SEARCH_PATHS = (
					"../macosx-x64-default/inc",
					"$(inherited)"
				);

				LIBRARY_SEARCH_PATHS = (
					"../macosx-x64-default/bin",
					"$(inherited)"
				);
				OTHER_LDFLAGS = (
					"-Wl,-rpath,@executable_path/",
					"-Wl,-rpath,@loader_path/",
					"-ldl",
					"-lpthread",
					"-lm",
					"$(inherited)"
				);

			};
			name = Release;
		};
		6AB72B5C6AB73BC4000000EF /* Debug */ = {
			isa = XCBuildConfiguration;
			buildSettings = {
				PRODUCT_NAME = ca-crt;

				GCC_PREPROCESSOR_DEFINITIONS = (
					"ME_DEBUG",
					"$(inherited)"
				);
			};
			name = Debug;
		};
		6AB72B5C6AB73BC4000000F0 /* Release */ = {
			isa = XCBuildConfiguration;
			buildSettings = {
				PRODUCT_NAME = ca-crt;


			};
			name = Release;
		};
		6AB72B5C6AB73BC4000000F1 /* Debug */ = {
			isa = XCBuildConfiguration;
			buildSettings = {
				PRODUCT_NAME = esp-paks;

				GCC_PREPROCESSOR_DEFINITIONS = (
					"ME_DEBUG",
					"$(inherited)"
				);
			};
			name = Debug;
		};
		6AB72B5C6AB73BC4000000F2 /* Release */ = {
			isa = XCBuildConfiguration;
			buildSettings = {
				PRODUCT_NAME = esp-paks;


			};
			name = Release;
		};
		6AB72B5C6AB73BC4000000F3 /* Debug */ = {
			isa = XCBuildConfiguration;
			buildSettings = {
				PRODUCT_NAME = esp.conf;

				GCC_PREPROCESSOR_DEFINITIONS = (
					"ME_DEBUG",
					"$(inherited)"
				);
			};
			name = Debug;
		};
		6AB72B5C6AB73BC4000000F4 /* Release */ = {
			isa = XCBuildConfiguration;
			buildSettings = {
				PRODUCT_NAME = esp.conf;


			};
			name = Release;
		};
		6AB72B5C6AB73BC4000000F5 /* Debug */ = {
			isa = XCBuildConfiguration;
			buildSettings = {
				PRODUCT_NAME = espcmd;

				GCC_PREPROCESSOR_DEFINITIONS = (
					"ME_DEBUG",
					"$(inherited)"
				);
			};
			name = Debug;
		};
		6AB72B5C6AB73BC4000000F6 /* Release */ = {
			isa = XCBuildConfiguration;
			buildSettings = {
				PRODUCT_NAME = espcmd;


			};
			name = Release;
		};
		6AB72B5C6AB73BC4000000F7 /* Debug */ = {
			isa = XCBuildConfiguration;
			buildSettings = {
				PRODUCT_NAME = httpcmd;

				GCC_PREPROCESSOR_DEFINITIONS = (
					"ME_DEBUG",
					"$(inherited)"
				);
			};
			name = Debug;
		};
		6AB72B5C6AB73BC4000000F8 /* Release */ = {
			isa = XCBuildConfiguration;
			buildSettings = {
				PRODUCT_NAME = httpcmd;


			};
			name = Release;
		};
		6AB72B5C6AB73BC4000000F9 /* Debug */ = {
			isa = XCBuildConfiguration;
			buildSettings = {
				PRODUCT_NAME = libappweb;

				GCC_PREPROCESSOR_DEFINITIONS = (
					"ME_DEBUG",
					"$(inherited)"
				);
			};
			name = Debug;
		};
		6AB72B5C6AB73BC4000000FA /* Release */ = {
			isa = XCBuildConfiguration;
			buildSettings = {
				PRODUCT_NAME = libappweb;


			};
			name = Release;
		};
		6AB72B5C6AB73BC4000000FB /* Debug */ = {
			isa = XCBuildConfiguration;
			buildSettings = {
				PRODUCT_NAME = libest;

				GCC_PREPROCESSOR_DEFINITIONS = (
					"ME_DEBUG",
					"$(inherited)"
				);
			};
			name = Debug;
		};
		6AB72B5C6AB73BC4000000FC /* Release */ = {
			isa = XCBuildConfiguration;
			buildSettings = {
				PRODUCT_NAME = libest;


			};
			name = Release;
		};
		6AB72B5C6AB73BC4000000FD /* Debug */ = {
			isa = XCBuildConfiguration;
			buildSettings = {
				PRODUCT_NAME = libhttp;

				GCC_PREPROCESSOR_DEFINITIONS = (
					"ME_DEBUG",
					"$(inherited)"
				);
			};
			name = Debug;
		};
		6AB72B5C6AB73BC4000000FE /* Release */ = {
			isa = XCBuildConfiguration;
			buildSettings = {
				PRODUCT_NAME = libhttp;


			};
			name = Release;
		};
		6AB72B5C6AB73BC4000000FF /* Debug */ = {
			isa = XCBuildConfiguration;
			buildSettings = {
				PRODUCT_NAME = libmod_esp;

				GCC_PREPROCESSOR_DEFINITIONS = (
					"ME_DEBUG",
					"$(inherited)"
				);
			};
			name = Debug;
		};
		6AB72B5C6AB73BC400000100 /* Release */ = {
			isa = XCBuildConfiguration;
			buildSettings = {
				PRODUCT_NAME = libmod_esp;


			};
			name = Release;
		};
		6AB72B5C6AB73BC400000101 /* Debug */ = {
			isa = XCBuildConfiguration;
			buildSettings = {
				PRODUCT_NAME = libmpr;

				GCC_PREPROCESSOR_DEFINITIONS = (
					"ME_DEBUG",
					"$(inherited)"
				);
			};
			name = Debug;
		};
		6AB72B5C6AB73BC400000102 /* Release */ = {
			isa = XCBuildConfiguration;
			buildSettings = {
				PRODUCT_NAME = libmpr;


			};
			name = Release;
		};
		6AB72B5C6AB73BC400000103 /* Debug */ = {
			isa = XCBuildConfiguration;
			buildSettings = {
				PRODUCT_NAME = libmprssl;

				GCC_PREPROCESSOR_DEFINITIONS = (
					"ME_DEBUG",
					"$(inherited)"
				);
			};
			name = Debug;
		};
		6AB72B5C6AB73BC400000104 /* Release */ = {
			isa = XCBuildConfiguration;
			buildSettings = {
				PRODUCT_NAME = libmprssl;


			};
			name = Release;
		};
		6AB72B5C6AB73BC400000105 /* Debug */ = {
			isa = XCBuildConfiguration;
			buildSettings = {
				PRODUCT_NAME = libpcre;

				GCC_PREPROCESSOR_DEFINITIONS = (
					"PCRE_CHAR=char",
					"ME_DEBUG",
					"$(inherited)"
				);
			};
			name = Debug;
		};
		6AB72B5C6AB73BC400000106 /* Release */ = {
			isa = XCBuildConfiguration;
			buildSettings = {
				PRODUCT_NAME = libpcre;

				GCC_PREPROCESSOR_DEFINITIONS = (
					"PCRE_CHAR=char",
					"$(inherited)"
				);
			};
			name = Release;
		};
		6AB72B5C6AB73BC400000107 /* Debug */ = {
			isa = XCBuildConfiguration;
			buildSettings = {
				PRODUCT_NAME = makerom;

				GCC_PREPROCESSOR_DEFINITIONS = (
					"ME_DEBUG",
					"$(inherited)"
				);
			};
			name = Debug;
		};
		6AB72B5C6AB73BC400000108 /* Release */ = {
			isa = XCBuildConfiguration;
			buildSettings = {
				PRODUCT_NAME = makerom;


			};
			name = Release;
		};
		6AB72B5C6AB73BC400000109 /* Debug */ = {
			isa = XCBuildConfiguration;
			buildSettings = {
				PRODUCT_NAME = All;

				GCC_PREPROCESSOR_DEFINITIONS = (
					"ME_DEBUG",
					"$(inherited)"
				);
			};
			name = Debug;
		};
		6AB72B5C6AB73BC40000010A /* Release */ = {
			isa = XCBuildConfiguration;
			buildSettings = {
				PRODUCT_NAME = All;


			};
			name = Release;
		};
		6AB72B5C6AB73BC40000010B /* Debug */ = {
			isa = XCBuildConfiguration;
			buildSettings = {
				PRODUCT_NAME = Prep;

				GCC_PREPROCESSOR_DEFINITIONS = (
					"ME_DEBUG",
					"$(inherited)"
				);
			};
			name = Debug;
		};
		6AB72B5C6AB73BC40000010C /* Release */ = {
			isa = XCBuildConfiguration;
			buildSettings = {
				PRODUCT_NAME = Prep;


			};
			name = Release;
		};
/* End XCBuildConfiguration section */

/* Begin XCConfigurationList section */
		6AB72B5C6AB73BC400000002 /* Build configuration list for PBXProject "esp" */ = {
			isa = XCConfigurationList;
			buildConfigurations = (
				6AB72B5C6AB73BC400000003 /* Debug */,
				6AB72B5C6AB73BC400000004 /* Release */,
			);
			defaultConfigurationIsVisible = 0;
			defaultConfigurationName = Release;
		};
		6AB72B5C6AB73BC400000005 /* Build configuration list for PBXNativeTarget "ca-crt" */ = {
			isa = XCConfigurationList;
			buildConfigurations = (
				6AB72B5C6AB73BC4000000EF /* Debug */,
				6AB72B5C6AB73BC4000000F0 /* Release */,
			);
			defaultConfigurationIsVisible = 0;
			defaultConfigurationName = Release;
		};
		6AB72B5C6AB73BC400000009 /* Build configuration list for PBXNativeTarget "esp-paks" */ = {
			isa = XCConfigurationList;
			buildConfigurations = (
				6AB72B5C6AB73BC4000000F1 /* Debug */,
				6AB72B5C6AB73BC4000000F2 /* Release */,
			);
			defaultConfigurationIsVisible = 0;
			defaultConfigurationName = Release;
		};
		6AB72B5C6AB73BC40000000D /* Build configuration list for PBXNativeTarget "esp.conf" */ = {
			isa = XCConfigurationList;
			buildConfigurations = (
				6AB72B5C6AB73BC4000000F3 /* Debug */,
				6AB72B5C6AB73BC4000000F4 /* Release */,
			);
			defaultConfigurationIsVisible = 0;
			defaultConfigurationName = Release;
		};
		6AB72B5C6AB73BC4000000BE /* Build configuration list for PBXNativeTarget "espcmd" */ = {
			isa = XCConfigurationList;
			buildConfigurations = (
				6AB72B5C6AB73BC4000000F5 /* Debug */,
				6AB72B5C6AB73BC4000000F6 /* Release */,
			);
			defaultConfigurationIsVisible = 0;
			defaultConfigurationName = Release;
		};
		6AB72B5C6AB73BC4000000C6 /* Build configuration list for PBXNativeTarget "httpcmd" */ = {
			isa = XCConfigurationList;
			buildConfigurations = (
				6AB72B5C6AB73BC4000000F7 /* Debug */,
				6AB72B5C6AB73BC4000000F8 /* Release */,
			);
			defaultConfigurationIsVisible = 0;
			defaultConfigurationName = Release;
		};
		6AB72B5C6AB73BC4000000CC /* Build configuration list for PBXNativeTarget "libappweb" */ = {
			isa = XCConfigurationList;
			buildConfigurations = (
				6AB72B5C6AB73BC4000000F9 /* Debug */,
				6AB72B5C6AB73BC4000000FA /* Release */,
			);
			defaultConfigurationIsVisible = 0;
			defaultConfigurationName = Release;
		};
		6AB72B5C6AB73BC4000000D2 /* Build configuration list for PBXNativeTarget "libest" */ = {
			isa = XCConfigurationList;
			buildConfigurations = (
				6AB72B5C6AB73BC4000000FB /* Debug */,
				6AB72B5C6AB73BC4000000FC /* Release */,
			);
			defaultConfigurationIsVisible = 0;
			defaultConfigurationName = Release;
		};
		6AB72B5C6AB73BC4000000D5 /* Build configuration list for PBXNativeTarget "libhttp" */ = {
			isa = XCConfigurationList;
			buildConfigurations = (
				6AB72B5C6AB73BC4000000FD /* Debug */,
				6AB72B5C6AB73BC4000000FE /* Release */,
			);
			defaultConfigurationIsVisible = 0;
			defaultConfigurationName = Release;
		};
		6AB72B5C6AB73BC4000000DA /* Build configuration list for PBXNativeTarget "libmod_esp" */ = {
			isa = XCConfigurationList;
			buildConfigurations = (
				6AB72B5C6AB73BC4000000FF /* Debug */,
				6AB72B5C6AB73BC400000100 /* Release */,
			);
			defaultConfigurationIsVisible = 0;
			defaultConfigurationName = Release;
		};
		6AB72B5C6AB73BC4000000E1 /* Build configuration list for PBXNativeTarget "libmpr" */ = {
			isa = XCConfigurationList;
			buildConfigurations = (
				6AB72B5C6AB73BC400000101 /* Debug */,
				6AB72B5C6AB73BC400000102 /* Release */,
			);
			defaultConfigurationIsVisible = 0;
			defaultConfigurationName = Release;
		};
		6AB72B5C6AB73BC4000000E4 /* Build configuration list for PBXNativeTarget "libmprssl" */ = {
			isa = XCConfigurationList;
			buildConfigurations = (
				6AB72B5C6AB73BC400000103 /* Debug */,
				6AB72B5C6AB73BC400000104 /* Release */,
			);
			defaultConfigurationIsVisible = 0;
			defaultConfigurationName = Release;
		};
		6AB72B5C6AB73BC4000000E8 /* Build configuration list for PBXNativeTarget "libpcre" */ = {
			isa = XCConfigurationList;
			buildConfigurations = (
				6AB72B5C6AB73BC400000105 /* Debug */,
				6AB72B5C6AB73BC400000106 /* Release */,
			);
			defaultConfigurationIsVisible = 0;
			defaultConfigurationName = Release;
		};
		6AB72B5C6AB73BC4000000EB /* Build configuration list for PBXNativeTarget "makerom" */ = {
			isa = XCConfigurationList;
			buildConfigurations = (
				6AB72B5C6AB73BC400000107 /* Debug */,
				6AB72B5C6AB73BC400000108 /* Release */,
			);
			defaultConfigurationIsVisible = 0;
			defaultConfigurationName = Release;
		};
		6AB72B5C6AB73BC400000011 /* Build configuration list for PBXNativeTarget "All" */ = {
			isa = XCConfigurationList;
			buildConfigurations = (
				6AB72B5C6AB73BC400000109 /* Debug */,
				6AB72B5C6AB73BC40000010A /* Release */,
			);
			defaultConfigurationIsVisible = 0;
			defaultConfigurationName = Release;
		};
		6AB72B5C6AB73BC400000020 /* Build configuration list for PBXNativeTarget "Prep" */ = {
			isa = XCConfigurationList;
			buildConfigurations = (
				6AB72B5C6AB73BC40000010B /* Debug */,
				6AB72B5C6AB73BC40000010C /* Release */,
			);
			defaultConfigurationIsVisible = 0;
			defaultConfigurationName = Release;
		};
/* End XCConfigurationList section */
	};
	rootObject = 6AB72B5C6AB73BC400000001 /* Project object */;
}
