// !$*UTF8*$!
{
        archiveVersion = 1;
        classes = {
        };
        objectVersion = 46;
        objects = {

/* Begin PBXAggregateTarget section */
		7E9C57C07E9C6B6C00000006 /* esp-compile.json */ = {
    			isa = PBXAggregateTarget;
    			buildConfigurationList = 7E9C57C07E9C6B6C00000005 /* Build configuration list for PBXAggregateTarget "esp-compile.json" */;
    			buildPhases = (
    				7E9C57C07E9C6B6C00000007,
    			);
    			dependencies = (
				7E9C57C07E9C6B6C00000008 /* PBXTargetDependency Prep */,
			);
    			name = esp-compile.json;
    			productName = esp-compile.json;
    		};
		7E9C57C07E9C6B6C0000000A /* http-ca-crt */ = {
    			isa = PBXAggregateTarget;
    			buildConfigurationList = 7E9C57C07E9C6B6C00000009 /* Build configuration list for PBXAggregateTarget "http-ca-crt" */;
    			buildPhases = (
    				7E9C57C07E9C6B6C0000000B,
    			);
    			dependencies = (
				7E9C57C07E9C6B6C0000000C /* PBXTargetDependency Prep */,
			);
    			name = http-ca-crt;
    			productName = http-ca-crt;
    		};
		7E9C57C07E9C6B6C0000000E /* All */ = {
    			isa = PBXAggregateTarget;
    			buildConfigurationList = 7E9C57C07E9C6B6C0000000D /* Build configuration list for PBXAggregateTarget "All" */;
    			buildPhases = (
    				
    			);
    			dependencies = (
				7E9C57C07E9C6B6C0000000F /* PBXTargetDependency esp-compile.json */,
				7E9C57C07E9C6B6C00000010 /* PBXTargetDependency espcmd */,
				7E9C57C07E9C6B6C00000011 /* PBXTargetDependency http-ca-crt */,
				7E9C57C07E9C6B6C00000012 /* PBXTargetDependency httpcmd */,
				7E9C57C07E9C6B6C00000013 /* PBXTargetDependency libesp */,
				7E9C57C07E9C6B6C00000014 /* PBXTargetDependency libhttp */,
				7E9C57C07E9C6B6C00000015 /* PBXTargetDependency libmpr */,
				7E9C57C07E9C6B6C00000016 /* PBXTargetDependency libmprssl */,
				7E9C57C07E9C6B6C00000017 /* PBXTargetDependency libpcre */,
				7E9C57C07E9C6B6C00000018 /* PBXTargetDependency libsql */,
				7E9C57C07E9C6B6C00000019 /* PBXTargetDependency makerom */,
				7E9C57C07E9C6B6C0000001A /* PBXTargetDependency manager */,
				7E9C57C07E9C6B6C0000001B /* PBXTargetDependency sqliteshell */,
				7E9C57C07E9C6B6C0000001C /* PBXTargetDependency All */,
				7E9C57C07E9C6B6C0000001D /* PBXTargetDependency Prep */,
			);
    			name = All;
    			productName = All;
    		};
		7E9C57C07E9C6B6C0000001F /* Prep */ = {
    			isa = PBXAggregateTarget;
    			buildConfigurationList = 7E9C57C07E9C6B6C0000001E /* Build configuration list for PBXAggregateTarget "Prep" */;
    			buildPhases = (
    				7E9C57C07E9C6B6C00000020,
    			);
    			dependencies = (
			);
    			name = Prep;
    			productName = Prep;
    		};
/* End PBXAggregateTarget section */

/* Begin PBXBuildFile section */
		7E9C57C07E9C6B6C00000021 /* esp.c in Sources */ = {isa = PBXBuildFile; fileRef = 7E9C57C07E9C6B6C00000022 /* esp.c */; };
		7E9C57C07E9C6B6C00000023 /* http.c in Sources */ = {isa = PBXBuildFile; fileRef = 7E9C57C07E9C6B6C00000024 /* http.c */; };
		7E9C57C07E9C6B6C00000025 /* edi.c in Sources */ = {isa = PBXBuildFile; fileRef = 7E9C57C07E9C6B6C00000026 /* edi.c */; };
		7E9C57C07E9C6B6C00000027 /* espAbbrev.c in Sources */ = {isa = PBXBuildFile; fileRef = 7E9C57C07E9C6B6C00000028 /* espAbbrev.c */; };
		7E9C57C07E9C6B6C00000029 /* espConfig.c in Sources */ = {isa = PBXBuildFile; fileRef = 7E9C57C07E9C6B6C0000002A /* espConfig.c */; };
		7E9C57C07E9C6B6C0000002B /* espFramework.c in Sources */ = {isa = PBXBuildFile; fileRef = 7E9C57C07E9C6B6C0000002C /* espFramework.c */; };
		7E9C57C07E9C6B6C0000002D /* espHtml.c in Sources */ = {isa = PBXBuildFile; fileRef = 7E9C57C07E9C6B6C0000002E /* espHtml.c */; };
		7E9C57C07E9C6B6C0000002F /* espRequest.c in Sources */ = {isa = PBXBuildFile; fileRef = 7E9C57C07E9C6B6C00000030 /* espRequest.c */; };
		7E9C57C07E9C6B6C00000031 /* espTemplate.c in Sources */ = {isa = PBXBuildFile; fileRef = 7E9C57C07E9C6B6C00000032 /* espTemplate.c */; };
		7E9C57C07E9C6B6C00000033 /* mdb.c in Sources */ = {isa = PBXBuildFile; fileRef = 7E9C57C07E9C6B6C00000034 /* mdb.c */; };
		7E9C57C07E9C6B6C00000035 /* sdb.c in Sources */ = {isa = PBXBuildFile; fileRef = 7E9C57C07E9C6B6C00000036 /* sdb.c */; };
		7E9C57C07E9C6B6C00000037 /* httpLib.c in Sources */ = {isa = PBXBuildFile; fileRef = 7E9C57C07E9C6B6C00000038 /* httpLib.c */; };
		7E9C57C07E9C6B6C00000039 /* mprLib.c in Sources */ = {isa = PBXBuildFile; fileRef = 7E9C57C07E9C6B6C0000003A /* mprLib.c */; };
		7E9C57C07E9C6B6C0000003B /* mprSsl.c in Sources */ = {isa = PBXBuildFile; fileRef = 7E9C57C07E9C6B6C0000003C /* mprSsl.c */; };
		7E9C57C07E9C6B6C0000003D /* pcre.c in Sources */ = {isa = PBXBuildFile; fileRef = 7E9C57C07E9C6B6C0000003E /* pcre.c */; };
		7E9C57C07E9C6B6C0000003F /* sqlite3.c in Sources */ = {isa = PBXBuildFile; fileRef = 7E9C57C07E9C6B6C00000040 /* sqlite3.c */; };
		7E9C57C07E9C6B6C00000041 /* makerom.c in Sources */ = {isa = PBXBuildFile; fileRef = 7E9C57C07E9C6B6C00000042 /* makerom.c */; };
		7E9C57C07E9C6B6C00000043 /* manager.c in Sources */ = {isa = PBXBuildFile; fileRef = 7E9C57C07E9C6B6C00000044 /* manager.c */; };
		7E9C57C07E9C6B6C00000045 /* sqlite.c in Sources */ = {isa = PBXBuildFile; fileRef = 7E9C57C07E9C6B6C00000046 /* sqlite.c */; };
		7E9C57C07E9C6B6C00000047 /* libsql.dylib for espcmd */ = {isa = PBXBuildFile; fileRef = 7E9C57C07E9C6B6C00000048; };
		7E9C57C07E9C6B6C00000049 /* libesp.dylib for espcmd */ = {isa = PBXBuildFile; fileRef = 7E9C57C07E9C6B6C0000004A; };
		7E9C57C07E9C6B6C0000004B /* libhttp.dylib for espcmd */ = {isa = PBXBuildFile; fileRef = 7E9C57C07E9C6B6C0000004C; };
		7E9C57C07E9C6B6C0000004D /* libmpr.dylib for espcmd */ = {isa = PBXBuildFile; fileRef = 7E9C57C07E9C6B6C0000004E; };
		7E9C57C07E9C6B6C0000004F /* libpcre.dylib for espcmd */ = {isa = PBXBuildFile; fileRef = 7E9C57C07E9C6B6C00000050; };
		7E9C57C07E9C6B6C00000051 /* libhttp.dylib for httpcmd */ = {isa = PBXBuildFile; fileRef = 7E9C57C07E9C6B6C0000004C; };
		7E9C57C07E9C6B6C00000052 /* libmpr.dylib for httpcmd */ = {isa = PBXBuildFile; fileRef = 7E9C57C07E9C6B6C0000004E; };
		7E9C57C07E9C6B6C00000053 /* libpcre.dylib for httpcmd */ = {isa = PBXBuildFile; fileRef = 7E9C57C07E9C6B6C00000050; };
		7E9C57C07E9C6B6C00000054 /* libsql.dylib for libesp */ = {isa = PBXBuildFile; fileRef = 7E9C57C07E9C6B6C00000048; };
		7E9C57C07E9C6B6C00000055 /* libhttp.dylib for libesp */ = {isa = PBXBuildFile; fileRef = 7E9C57C07E9C6B6C0000004C; };
		7E9C57C07E9C6B6C00000056 /* libmpr.dylib for libesp */ = {isa = PBXBuildFile; fileRef = 7E9C57C07E9C6B6C0000004E; };
		7E9C57C07E9C6B6C00000057 /* libpcre.dylib for libesp */ = {isa = PBXBuildFile; fileRef = 7E9C57C07E9C6B6C00000050; };
		7E9C57C07E9C6B6C00000058 /* libmpr.dylib for libhttp */ = {isa = PBXBuildFile; fileRef = 7E9C57C07E9C6B6C0000004E; };
		7E9C57C07E9C6B6C00000059 /* libpcre.dylib for libhttp */ = {isa = PBXBuildFile; fileRef = 7E9C57C07E9C6B6C00000050; };
		7E9C57C07E9C6B6C0000005A /* libmpr.dylib for libmprssl */ = {isa = PBXBuildFile; fileRef = 7E9C57C07E9C6B6C0000004E; };
		7E9C57C07E9C6B6C0000005B /* libmpr.dylib for makerom */ = {isa = PBXBuildFile; fileRef = 7E9C57C07E9C6B6C0000004E; };
		7E9C57C07E9C6B6C0000005C /* libmpr.dylib for manager */ = {isa = PBXBuildFile; fileRef = 7E9C57C07E9C6B6C0000004E; };
		7E9C57C07E9C6B6C0000005D /* libsql.dylib for sqliteshell */ = {isa = PBXBuildFile; fileRef = 7E9C57C07E9C6B6C00000048; };
/* End PBXBuildFile section */

/* Begin PBXContainerItemProxy section */
		7E9C57C07E9C6B6C0000005E /* PBXContainerItemProxy Prep from esp-compile.json */ = {
    			isa = PBXContainerItemProxy;
    			containerPortal = 7E9C57C07E9C6B6C00000001 /* Project object */;
    			proxyType = 1;
    			remoteGlobalIDString = 7E9C57C07E9C6B6C0000001F;
    			remoteInfo = Prep;
    		};
		7E9C57C07E9C6B6C0000005F /* PBXContainerItemProxy Prep from espcmd */ = {
    			isa = PBXContainerItemProxy;
    			containerPortal = 7E9C57C07E9C6B6C00000001 /* Project object */;
    			proxyType = 1;
    			remoteGlobalIDString = 7E9C57C07E9C6B6C0000001F;
    			remoteInfo = Prep;
    		};
		7E9C57C07E9C6B6C00000060 /* PBXContainerItemProxy libsql from espcmd */ = {
    			isa = PBXContainerItemProxy;
    			containerPortal = 7E9C57C07E9C6B6C00000001 /* Project object */;
    			proxyType = 1;
    			remoteGlobalIDString = 7E9C57C07E9C6B6C00000061;
    			remoteInfo = libsql;
    		};
		7E9C57C07E9C6B6C00000062 /* PBXContainerItemProxy libmpr from espcmd */ = {
    			isa = PBXContainerItemProxy;
    			containerPortal = 7E9C57C07E9C6B6C00000001 /* Project object */;
    			proxyType = 1;
    			remoteGlobalIDString = 7E9C57C07E9C6B6C00000063;
    			remoteInfo = libmpr;
    		};
		7E9C57C07E9C6B6C00000064 /* PBXContainerItemProxy libpcre from espcmd */ = {
    			isa = PBXContainerItemProxy;
    			containerPortal = 7E9C57C07E9C6B6C00000001 /* Project object */;
    			proxyType = 1;
    			remoteGlobalIDString = 7E9C57C07E9C6B6C00000065;
    			remoteInfo = libpcre;
    		};
		7E9C57C07E9C6B6C00000066 /* PBXContainerItemProxy libhttp from espcmd */ = {
    			isa = PBXContainerItemProxy;
    			containerPortal = 7E9C57C07E9C6B6C00000001 /* Project object */;
    			proxyType = 1;
    			remoteGlobalIDString = 7E9C57C07E9C6B6C00000067;
    			remoteInfo = libhttp;
    		};
		7E9C57C07E9C6B6C00000068 /* PBXContainerItemProxy libesp from espcmd */ = {
    			isa = PBXContainerItemProxy;
    			containerPortal = 7E9C57C07E9C6B6C00000001 /* Project object */;
    			proxyType = 1;
    			remoteGlobalIDString = 7E9C57C07E9C6B6C00000069;
    			remoteInfo = libesp;
    		};
		7E9C57C07E9C6B6C0000006A /* PBXContainerItemProxy Prep from http-ca-crt */ = {
    			isa = PBXContainerItemProxy;
    			containerPortal = 7E9C57C07E9C6B6C00000001 /* Project object */;
    			proxyType = 1;
    			remoteGlobalIDString = 7E9C57C07E9C6B6C0000001F;
    			remoteInfo = Prep;
    		};
		7E9C57C07E9C6B6C0000006B /* PBXContainerItemProxy Prep from httpcmd */ = {
    			isa = PBXContainerItemProxy;
    			containerPortal = 7E9C57C07E9C6B6C00000001 /* Project object */;
    			proxyType = 1;
    			remoteGlobalIDString = 7E9C57C07E9C6B6C0000001F;
    			remoteInfo = Prep;
    		};
		7E9C57C07E9C6B6C0000006C /* PBXContainerItemProxy libmpr from httpcmd */ = {
    			isa = PBXContainerItemProxy;
    			containerPortal = 7E9C57C07E9C6B6C00000001 /* Project object */;
    			proxyType = 1;
    			remoteGlobalIDString = 7E9C57C07E9C6B6C00000063;
    			remoteInfo = libmpr;
    		};
		7E9C57C07E9C6B6C0000006D /* PBXContainerItemProxy libpcre from httpcmd */ = {
    			isa = PBXContainerItemProxy;
    			containerPortal = 7E9C57C07E9C6B6C00000001 /* Project object */;
    			proxyType = 1;
    			remoteGlobalIDString = 7E9C57C07E9C6B6C00000065;
    			remoteInfo = libpcre;
    		};
		7E9C57C07E9C6B6C0000006E /* PBXContainerItemProxy libhttp from httpcmd */ = {
    			isa = PBXContainerItemProxy;
    			containerPortal = 7E9C57C07E9C6B6C00000001 /* Project object */;
    			proxyType = 1;
    			remoteGlobalIDString = 7E9C57C07E9C6B6C00000067;
    			remoteInfo = libhttp;
    		};
		7E9C57C07E9C6B6C0000006F /* PBXContainerItemProxy Prep from libesp */ = {
    			isa = PBXContainerItemProxy;
    			containerPortal = 7E9C57C07E9C6B6C00000001 /* Project object */;
    			proxyType = 1;
    			remoteGlobalIDString = 7E9C57C07E9C6B6C0000001F;
    			remoteInfo = Prep;
    		};
		7E9C57C07E9C6B6C00000070 /* PBXContainerItemProxy libsql from libesp */ = {
    			isa = PBXContainerItemProxy;
    			containerPortal = 7E9C57C07E9C6B6C00000001 /* Project object */;
    			proxyType = 1;
    			remoteGlobalIDString = 7E9C57C07E9C6B6C00000061;
    			remoteInfo = libsql;
    		};
		7E9C57C07E9C6B6C00000071 /* PBXContainerItemProxy libmpr from libesp */ = {
    			isa = PBXContainerItemProxy;
    			containerPortal = 7E9C57C07E9C6B6C00000001 /* Project object */;
    			proxyType = 1;
    			remoteGlobalIDString = 7E9C57C07E9C6B6C00000063;
    			remoteInfo = libmpr;
    		};
		7E9C57C07E9C6B6C00000072 /* PBXContainerItemProxy libpcre from libesp */ = {
    			isa = PBXContainerItemProxy;
    			containerPortal = 7E9C57C07E9C6B6C00000001 /* Project object */;
    			proxyType = 1;
    			remoteGlobalIDString = 7E9C57C07E9C6B6C00000065;
    			remoteInfo = libpcre;
    		};
		7E9C57C07E9C6B6C00000073 /* PBXContainerItemProxy libhttp from libesp */ = {
    			isa = PBXContainerItemProxy;
    			containerPortal = 7E9C57C07E9C6B6C00000001 /* Project object */;
    			proxyType = 1;
    			remoteGlobalIDString = 7E9C57C07E9C6B6C00000067;
    			remoteInfo = libhttp;
    		};
		7E9C57C07E9C6B6C00000074 /* PBXContainerItemProxy Prep from libhttp */ = {
    			isa = PBXContainerItemProxy;
    			containerPortal = 7E9C57C07E9C6B6C00000001 /* Project object */;
    			proxyType = 1;
    			remoteGlobalIDString = 7E9C57C07E9C6B6C0000001F;
    			remoteInfo = Prep;
    		};
		7E9C57C07E9C6B6C00000075 /* PBXContainerItemProxy libmpr from libhttp */ = {
    			isa = PBXContainerItemProxy;
    			containerPortal = 7E9C57C07E9C6B6C00000001 /* Project object */;
    			proxyType = 1;
    			remoteGlobalIDString = 7E9C57C07E9C6B6C00000063;
    			remoteInfo = libmpr;
    		};
		7E9C57C07E9C6B6C00000076 /* PBXContainerItemProxy libpcre from libhttp */ = {
    			isa = PBXContainerItemProxy;
    			containerPortal = 7E9C57C07E9C6B6C00000001 /* Project object */;
    			proxyType = 1;
    			remoteGlobalIDString = 7E9C57C07E9C6B6C00000065;
    			remoteInfo = libpcre;
    		};
		7E9C57C07E9C6B6C00000077 /* PBXContainerItemProxy Prep from libmpr */ = {
    			isa = PBXContainerItemProxy;
    			containerPortal = 7E9C57C07E9C6B6C00000001 /* Project object */;
    			proxyType = 1;
    			remoteGlobalIDString = 7E9C57C07E9C6B6C0000001F;
    			remoteInfo = Prep;
    		};
		7E9C57C07E9C6B6C00000078 /* PBXContainerItemProxy Prep from libmprssl */ = {
    			isa = PBXContainerItemProxy;
    			containerPortal = 7E9C57C07E9C6B6C00000001 /* Project object */;
    			proxyType = 1;
    			remoteGlobalIDString = 7E9C57C07E9C6B6C0000001F;
    			remoteInfo = Prep;
    		};
		7E9C57C07E9C6B6C00000079 /* PBXContainerItemProxy libmpr from libmprssl */ = {
    			isa = PBXContainerItemProxy;
    			containerPortal = 7E9C57C07E9C6B6C00000001 /* Project object */;
    			proxyType = 1;
    			remoteGlobalIDString = 7E9C57C07E9C6B6C00000063;
    			remoteInfo = libmpr;
    		};
		7E9C57C07E9C6B6C0000007A /* PBXContainerItemProxy Prep from libpcre */ = {
    			isa = PBXContainerItemProxy;
    			containerPortal = 7E9C57C07E9C6B6C00000001 /* Project object */;
    			proxyType = 1;
    			remoteGlobalIDString = 7E9C57C07E9C6B6C0000001F;
    			remoteInfo = Prep;
    		};
		7E9C57C07E9C6B6C0000007B /* PBXContainerItemProxy Prep from libsql */ = {
    			isa = PBXContainerItemProxy;
    			containerPortal = 7E9C57C07E9C6B6C00000001 /* Project object */;
    			proxyType = 1;
    			remoteGlobalIDString = 7E9C57C07E9C6B6C0000001F;
    			remoteInfo = Prep;
    		};
		7E9C57C07E9C6B6C0000007C /* PBXContainerItemProxy Prep from makerom */ = {
    			isa = PBXContainerItemProxy;
    			containerPortal = 7E9C57C07E9C6B6C00000001 /* Project object */;
    			proxyType = 1;
    			remoteGlobalIDString = 7E9C57C07E9C6B6C0000001F;
    			remoteInfo = Prep;
    		};
		7E9C57C07E9C6B6C0000007D /* PBXContainerItemProxy libmpr from makerom */ = {
    			isa = PBXContainerItemProxy;
    			containerPortal = 7E9C57C07E9C6B6C00000001 /* Project object */;
    			proxyType = 1;
    			remoteGlobalIDString = 7E9C57C07E9C6B6C00000063;
    			remoteInfo = libmpr;
    		};
		7E9C57C07E9C6B6C0000007E /* PBXContainerItemProxy Prep from manager */ = {
    			isa = PBXContainerItemProxy;
    			containerPortal = 7E9C57C07E9C6B6C00000001 /* Project object */;
    			proxyType = 1;
    			remoteGlobalIDString = 7E9C57C07E9C6B6C0000001F;
    			remoteInfo = Prep;
    		};
		7E9C57C07E9C6B6C0000007F /* PBXContainerItemProxy libmpr from manager */ = {
    			isa = PBXContainerItemProxy;
    			containerPortal = 7E9C57C07E9C6B6C00000001 /* Project object */;
    			proxyType = 1;
    			remoteGlobalIDString = 7E9C57C07E9C6B6C00000063;
    			remoteInfo = libmpr;
    		};
		7E9C57C07E9C6B6C00000080 /* PBXContainerItemProxy Prep from sqliteshell */ = {
    			isa = PBXContainerItemProxy;
    			containerPortal = 7E9C57C07E9C6B6C00000001 /* Project object */;
    			proxyType = 1;
    			remoteGlobalIDString = 7E9C57C07E9C6B6C0000001F;
    			remoteInfo = Prep;
    		};
		7E9C57C07E9C6B6C00000081 /* PBXContainerItemProxy libsql from sqliteshell */ = {
    			isa = PBXContainerItemProxy;
    			containerPortal = 7E9C57C07E9C6B6C00000001 /* Project object */;
    			proxyType = 1;
    			remoteGlobalIDString = 7E9C57C07E9C6B6C00000061;
    			remoteInfo = libsql;
    		};
		7E9C57C07E9C6B6C00000082 /* PBXContainerItemProxy Prep from All */ = {
    			isa = PBXContainerItemProxy;
    			containerPortal = 7E9C57C07E9C6B6C00000001 /* Project object */;
    			proxyType = 1;
    			remoteGlobalIDString = 7E9C57C07E9C6B6C0000001F;
    			remoteInfo = Prep;
    		};
		7E9C57C07E9C6B6C00000083 /* PBXContainerItemProxy esp-compile.json from All */ = {
    			isa = PBXContainerItemProxy;
    			containerPortal = 7E9C57C07E9C6B6C00000001 /* Project object */;
    			proxyType = 1;
    			remoteGlobalIDString = 7E9C57C07E9C6B6C00000006;
    			remoteInfo = esp-compile.json;
    		};
		7E9C57C07E9C6B6C00000084 /* PBXContainerItemProxy libsql from All */ = {
    			isa = PBXContainerItemProxy;
    			containerPortal = 7E9C57C07E9C6B6C00000001 /* Project object */;
    			proxyType = 1;
    			remoteGlobalIDString = 7E9C57C07E9C6B6C00000061;
    			remoteInfo = libsql;
    		};
		7E9C57C07E9C6B6C00000085 /* PBXContainerItemProxy libmpr from All */ = {
    			isa = PBXContainerItemProxy;
    			containerPortal = 7E9C57C07E9C6B6C00000001 /* Project object */;
    			proxyType = 1;
    			remoteGlobalIDString = 7E9C57C07E9C6B6C00000063;
    			remoteInfo = libmpr;
    		};
		7E9C57C07E9C6B6C00000086 /* PBXContainerItemProxy libpcre from All */ = {
    			isa = PBXContainerItemProxy;
    			containerPortal = 7E9C57C07E9C6B6C00000001 /* Project object */;
    			proxyType = 1;
    			remoteGlobalIDString = 7E9C57C07E9C6B6C00000065;
    			remoteInfo = libpcre;
    		};
		7E9C57C07E9C6B6C00000087 /* PBXContainerItemProxy libhttp from All */ = {
    			isa = PBXContainerItemProxy;
    			containerPortal = 7E9C57C07E9C6B6C00000001 /* Project object */;
    			proxyType = 1;
    			remoteGlobalIDString = 7E9C57C07E9C6B6C00000067;
    			remoteInfo = libhttp;
    		};
		7E9C57C07E9C6B6C00000088 /* PBXContainerItemProxy libesp from All */ = {
    			isa = PBXContainerItemProxy;
    			containerPortal = 7E9C57C07E9C6B6C00000001 /* Project object */;
    			proxyType = 1;
    			remoteGlobalIDString = 7E9C57C07E9C6B6C00000069;
    			remoteInfo = libesp;
    		};
		7E9C57C07E9C6B6C00000089 /* PBXContainerItemProxy espcmd from All */ = {
    			isa = PBXContainerItemProxy;
    			containerPortal = 7E9C57C07E9C6B6C00000001 /* Project object */;
    			proxyType = 1;
    			remoteGlobalIDString = 7E9C57C07E9C6B6C0000008A;
    			remoteInfo = espcmd;
    		};
		7E9C57C07E9C6B6C0000008B /* PBXContainerItemProxy http-ca-crt from All */ = {
    			isa = PBXContainerItemProxy;
    			containerPortal = 7E9C57C07E9C6B6C00000001 /* Project object */;
    			proxyType = 1;
    			remoteGlobalIDString = 7E9C57C07E9C6B6C0000000A;
    			remoteInfo = http-ca-crt;
    		};
		7E9C57C07E9C6B6C0000008C /* PBXContainerItemProxy httpcmd from All */ = {
    			isa = PBXContainerItemProxy;
    			containerPortal = 7E9C57C07E9C6B6C00000001 /* Project object */;
    			proxyType = 1;
    			remoteGlobalIDString = 7E9C57C07E9C6B6C0000008D;
    			remoteInfo = httpcmd;
    		};
		7E9C57C07E9C6B6C0000008E /* PBXContainerItemProxy libmprssl from All */ = {
    			isa = PBXContainerItemProxy;
    			containerPortal = 7E9C57C07E9C6B6C00000001 /* Project object */;
    			proxyType = 1;
    			remoteGlobalIDString = 7E9C57C07E9C6B6C0000008F;
    			remoteInfo = libmprssl;
    		};
		7E9C57C07E9C6B6C00000090 /* PBXContainerItemProxy makerom from All */ = {
    			isa = PBXContainerItemProxy;
    			containerPortal = 7E9C57C07E9C6B6C00000001 /* Project object */;
    			proxyType = 1;
    			remoteGlobalIDString = 7E9C57C07E9C6B6C00000091;
    			remoteInfo = makerom;
    		};
		7E9C57C07E9C6B6C00000092 /* PBXContainerItemProxy manager from All */ = {
    			isa = PBXContainerItemProxy;
    			containerPortal = 7E9C57C07E9C6B6C00000001 /* Project object */;
    			proxyType = 1;
    			remoteGlobalIDString = 7E9C57C07E9C6B6C00000093;
    			remoteInfo = manager;
    		};
		7E9C57C07E9C6B6C00000094 /* PBXContainerItemProxy sqliteshell from All */ = {
    			isa = PBXContainerItemProxy;
    			containerPortal = 7E9C57C07E9C6B6C00000001 /* Project object */;
    			proxyType = 1;
    			remoteGlobalIDString = 7E9C57C07E9C6B6C00000095;
    			remoteInfo = sqliteshell;
    		};
/* End PBXContainerItemProxy section */

/* Begin PBXFileReference section */
		7E9C57C07E9C6B6C00000022 /* esp.c */ = {isa = PBXFileReference; fileEncoding = 4; lastKnownFileType = sourcecode.c.c; name = esp.c; path = src/esp.c; sourceTree = "<group>"; };
		7E9C57C07E9C6B6C00000096 /* esp.h */ = {isa = PBXFileReference; fileEncoding = 4; lastKnownFileType = sourcecode.c.h; name = esp.h; path = src/esp.h; sourceTree = "<group>"; };
		7E9C57C07E9C6B6C00000097 /* espcmd */ = {isa = PBXFileReference; explicitFileType = "compiled.mach-o.executable"; includeInIndex = 0; path = esp; sourceTree = BUILT_PRODUCTS_DIR; };
		7E9C57C07E9C6B6C00000024 /* http.c */ = {isa = PBXFileReference; fileEncoding = 4; lastKnownFileType = sourcecode.c.c; name = http.c; path = src/paks/http/http.c; sourceTree = "<group>"; };
		7E9C57C07E9C6B6C00000098 /* http.h */ = {isa = PBXFileReference; fileEncoding = 4; lastKnownFileType = sourcecode.c.h; name = http.h; path = src/paks/http/http.h; sourceTree = "<group>"; };
		7E9C57C07E9C6B6C00000099 /* httpcmd */ = {isa = PBXFileReference; explicitFileType = "compiled.mach-o.executable"; includeInIndex = 0; path = http; sourceTree = BUILT_PRODUCTS_DIR; };
		7E9C57C07E9C6B6C00000026 /* edi.c */ = {isa = PBXFileReference; fileEncoding = 4; lastKnownFileType = sourcecode.c.c; name = edi.c; path = src/edi.c; sourceTree = "<group>"; };
		7E9C57C07E9C6B6C0000009A /* edi.h */ = {isa = PBXFileReference; fileEncoding = 4; lastKnownFileType = sourcecode.c.h; name = edi.h; path = src/edi.h; sourceTree = "<group>"; };
		7E9C57C07E9C6B6C0000009B /* pcre.h */ = {isa = PBXFileReference; fileEncoding = 4; lastKnownFileType = sourcecode.c.h; name = pcre.h; path = build/macosx-x64-default/inc/pcre.h; sourceTree = "<group>"; };
		7E9C57C07E9C6B6C00000028 /* espAbbrev.c */ = {isa = PBXFileReference; fileEncoding = 4; lastKnownFileType = sourcecode.c.c; name = espAbbrev.c; path = src/espAbbrev.c; sourceTree = "<group>"; };
		7E9C57C07E9C6B6C0000002A /* espConfig.c */ = {isa = PBXFileReference; fileEncoding = 4; lastKnownFileType = sourcecode.c.c; name = espConfig.c; path = src/espConfig.c; sourceTree = "<group>"; };
		7E9C57C07E9C6B6C0000002C /* espFramework.c */ = {isa = PBXFileReference; fileEncoding = 4; lastKnownFileType = sourcecode.c.c; name = espFramework.c; path = src/espFramework.c; sourceTree = "<group>"; };
		7E9C57C07E9C6B6C0000002E /* espHtml.c */ = {isa = PBXFileReference; fileEncoding = 4; lastKnownFileType = sourcecode.c.c; name = espHtml.c; path = src/espHtml.c; sourceTree = "<group>"; };
		7E9C57C07E9C6B6C00000030 /* espRequest.c */ = {isa = PBXFileReference; fileEncoding = 4; lastKnownFileType = sourcecode.c.c; name = espRequest.c; path = src/espRequest.c; sourceTree = "<group>"; };
		7E9C57C07E9C6B6C00000032 /* espTemplate.c */ = {isa = PBXFileReference; fileEncoding = 4; lastKnownFileType = sourcecode.c.c; name = espTemplate.c; path = src/espTemplate.c; sourceTree = "<group>"; };
		7E9C57C07E9C6B6C00000034 /* mdb.c */ = {isa = PBXFileReference; fileEncoding = 4; lastKnownFileType = sourcecode.c.c; name = mdb.c; path = src/mdb.c; sourceTree = "<group>"; };
		7E9C57C07E9C6B6C0000009C /* http.h */ = {isa = PBXFileReference; fileEncoding = 4; lastKnownFileType = sourcecode.c.h; name = http.h; path = build/macosx-x64-default/inc/http.h; sourceTree = "<group>"; };
		7E9C57C07E9C6B6C0000009D /* mdb.h */ = {isa = PBXFileReference; fileEncoding = 4; lastKnownFileType = sourcecode.c.h; name = mdb.h; path = src/mdb.h; sourceTree = "<group>"; };
		7E9C57C07E9C6B6C00000036 /* sdb.c */ = {isa = PBXFileReference; fileEncoding = 4; lastKnownFileType = sourcecode.c.c; name = sdb.c; path = src/sdb.c; sourceTree = "<group>"; };
		7E9C57C07E9C6B6C0000004A /* libesp */ = {isa = PBXFileReference; explicitFileType = "compiled.mach-o.dylib"; includeInIndex = 0; path = libesp.dylib; sourceTree = BUILT_PRODUCTS_DIR; };
		7E9C57C07E9C6B6C00000038 /* httpLib.c */ = {isa = PBXFileReference; fileEncoding = 4; lastKnownFileType = sourcecode.c.c; name = httpLib.c; path = src/paks/http/httpLib.c; sourceTree = "<group>"; };
		7E9C57C07E9C6B6C0000004C /* libhttp */ = {isa = PBXFileReference; explicitFileType = "compiled.mach-o.dylib"; includeInIndex = 0; path = libhttp.dylib; sourceTree = BUILT_PRODUCTS_DIR; };
		7E9C57C07E9C6B6C0000003A /* mprLib.c */ = {isa = PBXFileReference; fileEncoding = 4; lastKnownFileType = sourcecode.c.c; name = mprLib.c; path = src/paks/mpr/mprLib.c; sourceTree = "<group>"; };
		7E9C57C07E9C6B6C0000009E /* mpr.h */ = {isa = PBXFileReference; fileEncoding = 4; lastKnownFileType = sourcecode.c.h; name = mpr.h; path = src/paks/mpr/mpr.h; sourceTree = "<group>"; };
		7E9C57C07E9C6B6C0000004E /* libmpr */ = {isa = PBXFileReference; explicitFileType = "compiled.mach-o.dylib"; includeInIndex = 0; path = libmpr.dylib; sourceTree = BUILT_PRODUCTS_DIR; };
		7E9C57C07E9C6B6C0000003C /* mprSsl.c */ = {isa = PBXFileReference; fileEncoding = 4; lastKnownFileType = sourcecode.c.c; name = mprSsl.c; path = src/paks/mpr/mprSsl.c; sourceTree = "<group>"; };
		7E9C57C07E9C6B6C0000009F /* libmprssl */ = {isa = PBXFileReference; explicitFileType = "compiled.mach-o.dylib"; includeInIndex = 0; path = libmprssl.dylib; sourceTree = BUILT_PRODUCTS_DIR; };
		7E9C57C07E9C6B6C0000003E /* pcre.c */ = {isa = PBXFileReference; fileEncoding = 4; lastKnownFileType = sourcecode.c.c; name = pcre.c; path = src/paks/pcre/pcre.c; sourceTree = "<group>"; };
		7E9C57C07E9C6B6C000000A0 /* me.h */ = {isa = PBXFileReference; fileEncoding = 4; lastKnownFileType = sourcecode.c.h; name = me.h; path = build/macosx-x64-default/inc/me.h; sourceTree = "<group>"; };
		7E9C57C07E9C6B6C000000A1 /* pcre.h */ = {isa = PBXFileReference; fileEncoding = 4; lastKnownFileType = sourcecode.c.h; name = pcre.h; path = src/paks/pcre/pcre.h; sourceTree = "<group>"; };
		7E9C57C07E9C6B6C00000050 /* libpcre */ = {isa = PBXFileReference; explicitFileType = "compiled.mach-o.dylib"; includeInIndex = 0; path = libpcre.dylib; sourceTree = BUILT_PRODUCTS_DIR; };
		7E9C57C07E9C6B6C00000040 /* sqlite3.c */ = {isa = PBXFileReference; fileEncoding = 4; lastKnownFileType = sourcecode.c.c; name = sqlite3.c; path = src/paks/sqlite/sqlite3.c; sourceTree = "<group>"; };
		7E9C57C07E9C6B6C000000A2 /* sqlite3.h */ = {isa = PBXFileReference; fileEncoding = 4; lastKnownFileType = sourcecode.c.h; name = sqlite3.h; path = src/paks/sqlite/sqlite3.h; sourceTree = "<group>"; };
		7E9C57C07E9C6B6C00000048 /* libsql */ = {isa = PBXFileReference; explicitFileType = "compiled.mach-o.dylib"; includeInIndex = 0; path = libsql.dylib; sourceTree = BUILT_PRODUCTS_DIR; };
		7E9C57C07E9C6B6C00000042 /* makerom.c */ = {isa = PBXFileReference; fileEncoding = 4; lastKnownFileType = sourcecode.c.c; name = makerom.c; path = src/paks/mpr/makerom.c; sourceTree = "<group>"; };
		7E9C57C07E9C6B6C000000A3 /* makerom */ = {isa = PBXFileReference; explicitFileType = "compiled.mach-o.executable"; includeInIndex = 0; path = makerom; sourceTree = BUILT_PRODUCTS_DIR; };
		7E9C57C07E9C6B6C00000044 /* manager.c */ = {isa = PBXFileReference; fileEncoding = 4; lastKnownFileType = sourcecode.c.c; name = manager.c; path = src/paks/mpr/manager.c; sourceTree = "<group>"; };
		7E9C57C07E9C6B6C000000A4 /* manager */ = {isa = PBXFileReference; explicitFileType = "compiled.mach-o.executable"; includeInIndex = 0; path = espman; sourceTree = BUILT_PRODUCTS_DIR; };
		7E9C57C07E9C6B6C00000046 /* sqlite.c */ = {isa = PBXFileReference; fileEncoding = 4; lastKnownFileType = sourcecode.c.c; name = sqlite.c; path = src/paks/sqlite/sqlite.c; sourceTree = "<group>"; };
		7E9C57C07E9C6B6C000000A5 /* sqliteshell */ = {isa = PBXFileReference; explicitFileType = "compiled.mach-o.executable"; includeInIndex = 0; path = sqlite; sourceTree = BUILT_PRODUCTS_DIR; };
/* End PBXFileReference section */

/* Begin PBXFrameworksBuildPhase section */
		7E9C57C07E9C6B6C000000A6 /* Frameworks and Libraries for espcmd */ = {
                isa = PBXFrameworksBuildPhase;
                buildActionMask = 2147483647;
                files = (
    				7E9C57C07E9C6B6C00000047 /* libsql */,
				7E9C57C07E9C6B6C00000049 /* libesp */,
				7E9C57C07E9C6B6C0000004B /* libhttp */,
				7E9C57C07E9C6B6C0000004D /* libmpr */,
				7E9C57C07E9C6B6C0000004F /* libpcre */,				
                );
                runOnlyForDeploymentPostprocessing = 0;
            };
		7E9C57C07E9C6B6C000000A7 /* Frameworks and Libraries for httpcmd */ = {
                isa = PBXFrameworksBuildPhase;
                buildActionMask = 2147483647;
                files = (
    				7E9C57C07E9C6B6C00000051 /* libhttp */,
				7E9C57C07E9C6B6C00000052 /* libmpr */,
				7E9C57C07E9C6B6C00000053 /* libpcre */,				
                );
                runOnlyForDeploymentPostprocessing = 0;
            };
		7E9C57C07E9C6B6C000000A8 /* Frameworks and Libraries for libesp */ = {
                isa = PBXFrameworksBuildPhase;
                buildActionMask = 2147483647;
                files = (
    				7E9C57C07E9C6B6C00000054 /* libsql */,
				7E9C57C07E9C6B6C00000055 /* libhttp */,
				7E9C57C07E9C6B6C00000056 /* libmpr */,
				7E9C57C07E9C6B6C00000057 /* libpcre */,				
                );
                runOnlyForDeploymentPostprocessing = 0;
            };
		7E9C57C07E9C6B6C000000A9 /* Frameworks and Libraries for libhttp */ = {
                isa = PBXFrameworksBuildPhase;
                buildActionMask = 2147483647;
                files = (
    				7E9C57C07E9C6B6C00000058 /* libmpr */,
				7E9C57C07E9C6B6C00000059 /* libpcre */,				
                );
                runOnlyForDeploymentPostprocessing = 0;
            };
		7E9C57C07E9C6B6C000000AA /* Frameworks and Libraries for libmpr */ = {
                isa = PBXFrameworksBuildPhase;
                buildActionMask = 2147483647;
                files = (
    				
                );
                runOnlyForDeploymentPostprocessing = 0;
            };
		7E9C57C07E9C6B6C000000AB /* Frameworks and Libraries for libmprssl */ = {
                isa = PBXFrameworksBuildPhase;
                buildActionMask = 2147483647;
                files = (
    				7E9C57C07E9C6B6C0000005A /* libmpr */,				
                );
                runOnlyForDeploymentPostprocessing = 0;
            };
		7E9C57C07E9C6B6C000000AC /* Frameworks and Libraries for libpcre */ = {
                isa = PBXFrameworksBuildPhase;
                buildActionMask = 2147483647;
                files = (
    				
                );
                runOnlyForDeploymentPostprocessing = 0;
            };
		7E9C57C07E9C6B6C000000AD /* Frameworks and Libraries for libsql */ = {
                isa = PBXFrameworksBuildPhase;
                buildActionMask = 2147483647;
                files = (
    				
                );
                runOnlyForDeploymentPostprocessing = 0;
            };
		7E9C57C07E9C6B6C000000AE /* Frameworks and Libraries for makerom */ = {
                isa = PBXFrameworksBuildPhase;
                buildActionMask = 2147483647;
                files = (
    				7E9C57C07E9C6B6C0000005B /* libmpr */,				
                );
                runOnlyForDeploymentPostprocessing = 0;
            };
		7E9C57C07E9C6B6C000000AF /* Frameworks and Libraries for manager */ = {
                isa = PBXFrameworksBuildPhase;
                buildActionMask = 2147483647;
                files = (
    				7E9C57C07E9C6B6C0000005C /* libmpr */,				
                );
                runOnlyForDeploymentPostprocessing = 0;
            };
		7E9C57C07E9C6B6C000000B0 /* Frameworks and Libraries for sqliteshell */ = {
                isa = PBXFrameworksBuildPhase;
                buildActionMask = 2147483647;
                files = (
    				7E9C57C07E9C6B6C0000005D /* libsql */,				
                );
                runOnlyForDeploymentPostprocessing = 0;
            };
/* End PBXFrameworksBuildPhase section */

/* Begin PBXGroup section */
		7E9C57C07E9C6B6C000000B1 /* Top Group */ = {
                isa = PBXGroup;
                children = (
				7E9C57C07E9C6B6C000000B2 /* libesp */,
				7E9C57C07E9C6B6C000000B3 /* libhttp */,
				7E9C57C07E9C6B6C000000B4 /* libmpr */,
				7E9C57C07E9C6B6C000000B5 /* libmprssl */,
				7E9C57C07E9C6B6C000000B6 /* libpcre */,
				7E9C57C07E9C6B6C000000B7 /* libsql */,
				7E9C57C07E9C6B6C000000B8 /* espcmd */,
				7E9C57C07E9C6B6C000000B9 /* httpcmd */,
				7E9C57C07E9C6B6C000000BA /* makerom */,
				7E9C57C07E9C6B6C000000BB /* manager */,
				7E9C57C07E9C6B6C000000BC /* sqliteshell */,
				7E9C57C07E9C6B6C000000BD /* Products */,
			);
                sourceTree = "<group>";
            };
		7E9C57C07E9C6B6C000000B8 /* espcmd */ = {
                isa = PBXGroup;
                children = (
				7E9C57C07E9C6B6C00000096 /* esp.h */,
				7E9C57C07E9C6B6C00000022 /* esp.c */,
			);
                name = "espcmd";
                path = ..;
                sourceTree = SOURCE_ROOT;
            };
		7E9C57C07E9C6B6C000000B9 /* httpcmd */ = {
                isa = PBXGroup;
                children = (
				7E9C57C07E9C6B6C00000098 /* http.h */,
				7E9C57C07E9C6B6C00000024 /* http.c */,
			);
                name = "httpcmd";
                path = ..;
                sourceTree = SOURCE_ROOT;
            };
		7E9C57C07E9C6B6C000000B2 /* libesp */ = {
                isa = PBXGroup;
                children = (
				7E9C57C07E9C6B6C0000009A /* edi.h */,
				7E9C57C07E9C6B6C0000009B /* pcre.h */,
				7E9C57C07E9C6B6C00000096 /* esp.h */,
				7E9C57C07E9C6B6C0000009C /* http.h */,
				7E9C57C07E9C6B6C0000009D /* mdb.h */,
				7E9C57C07E9C6B6C00000026 /* edi.c */,
				7E9C57C07E9C6B6C00000028 /* espAbbrev.c */,
				7E9C57C07E9C6B6C0000002A /* espConfig.c */,
				7E9C57C07E9C6B6C0000002C /* espFramework.c */,
				7E9C57C07E9C6B6C0000002E /* espHtml.c */,
				7E9C57C07E9C6B6C00000030 /* espRequest.c */,
				7E9C57C07E9C6B6C00000032 /* espTemplate.c */,
				7E9C57C07E9C6B6C00000034 /* mdb.c */,
				7E9C57C07E9C6B6C00000036 /* sdb.c */,
			);
                name = "libesp";
                path = ..;
                sourceTree = SOURCE_ROOT;
            };
		7E9C57C07E9C6B6C000000B3 /* libhttp */ = {
                isa = PBXGroup;
                children = (
				7E9C57C07E9C6B6C00000098 /* http.h */,
				7E9C57C07E9C6B6C00000038 /* httpLib.c */,
			);
                name = "libhttp";
                path = ..;
                sourceTree = SOURCE_ROOT;
            };
		7E9C57C07E9C6B6C000000B4 /* libmpr */ = {
                isa = PBXGroup;
                children = (
				7E9C57C07E9C6B6C0000009E /* mpr.h */,
				7E9C57C07E9C6B6C0000003A /* mprLib.c */,
			);
                name = "libmpr";
                path = ..;
                sourceTree = SOURCE_ROOT;
            };
		7E9C57C07E9C6B6C000000B5 /* libmprssl */ = {
                isa = PBXGroup;
                children = (
				7E9C57C07E9C6B6C0000009E /* mpr.h */,
				7E9C57C07E9C6B6C0000003C /* mprSsl.c */,
			);
                name = "libmprssl";
                path = ..;
                sourceTree = SOURCE_ROOT;
            };
		7E9C57C07E9C6B6C000000B6 /* libpcre */ = {
                isa = PBXGroup;
                children = (
				7E9C57C07E9C6B6C000000A0 /* me.h */,
				7E9C57C07E9C6B6C000000A1 /* pcre.h */,
				7E9C57C07E9C6B6C0000003E /* pcre.c */,
			);
                name = "libpcre";
                path = ..;
                sourceTree = SOURCE_ROOT;
            };
		7E9C57C07E9C6B6C000000B7 /* libsql */ = {
                isa = PBXGroup;
                children = (
				7E9C57C07E9C6B6C000000A0 /* me.h */,
				7E9C57C07E9C6B6C000000A2 /* sqlite3.h */,
				7E9C57C07E9C6B6C00000040 /* sqlite3.c */,
			);
                name = "libsql";
                path = ..;
                sourceTree = SOURCE_ROOT;
            };
		7E9C57C07E9C6B6C000000BA /* makerom */ = {
                isa = PBXGroup;
                children = (
				7E9C57C07E9C6B6C0000009E /* mpr.h */,
				7E9C57C07E9C6B6C00000042 /* makerom.c */,
			);
                name = "makerom";
                path = ..;
                sourceTree = SOURCE_ROOT;
            };
		7E9C57C07E9C6B6C000000BB /* manager */ = {
                isa = PBXGroup;
                children = (
				7E9C57C07E9C6B6C0000009E /* mpr.h */,
				7E9C57C07E9C6B6C00000044 /* manager.c */,
			);
                name = "manager";
                path = ..;
                sourceTree = SOURCE_ROOT;
            };
		7E9C57C07E9C6B6C000000BC /* sqliteshell */ = {
                isa = PBXGroup;
                children = (
				7E9C57C07E9C6B6C000000A0 /* me.h */,
				7E9C57C07E9C6B6C000000A2 /* sqlite3.h */,
				7E9C57C07E9C6B6C00000046 /* sqlite.c */,
			);
                name = "sqliteshell";
                path = ..;
                sourceTree = SOURCE_ROOT;
            };
		7E9C57C07E9C6B6C000000BD /* Products */ = {
                isa = PBXGroup;
                children = (
				7E9C57C07E9C6B6C00000097 /* espcmd */,
				7E9C57C07E9C6B6C00000099 /* httpcmd */,
				7E9C57C07E9C6B6C0000004A /* libesp */,
				7E9C57C07E9C6B6C0000004C /* libhttp */,
				7E9C57C07E9C6B6C0000004E /* libmpr */,
				7E9C57C07E9C6B6C0000009F /* libmprssl */,
				7E9C57C07E9C6B6C00000050 /* libpcre */,
				7E9C57C07E9C6B6C00000048 /* libsql */,
				7E9C57C07E9C6B6C000000A3 /* makerom */,
				7E9C57C07E9C6B6C000000A4 /* manager */,
				7E9C57C07E9C6B6C000000A5 /* sqliteshell */,
			);
                name = "Products";
                path = ..;
                sourceTree = SOURCE_ROOT;
            };
/* End PBXGroup section */

/* Begin PBXNativeTarget section */
		7E9C57C07E9C6B6C0000008A /* espcmd */ = {
    			isa = PBXNativeTarget;
    			buildConfigurationList = 7E9C57C07E9C6B6C000000BF /* Build configuration list for PBXNativeTarget "espcmd" */;
    			buildPhases = (
    				7E9C57C07E9C6B6C000000BE /* Sources */,
    				7E9C57C07E9C6B6C000000A6 /* Frameworks */,
    			);
    			buildRules = (
    			);
    			dependencies = (
    				7E9C57C07E9C6B6C000000C0 /* Prep */,
				7E9C57C07E9C6B6C000000C1 /* libsql */,
				7E9C57C07E9C6B6C000000C2 /* libmpr */,
				7E9C57C07E9C6B6C000000C3 /* libpcre */,
				7E9C57C07E9C6B6C000000C4 /* libhttp */,
				7E9C57C07E9C6B6C000000C5 /* libesp */,				
    			);
    			name = espcmd;
    			productName = esp;
    			productReference = 7E9C57C07E9C6B6C00000097 /* espcmd */;
    			productType = "com.apple.product-type.tool";
    		};
		7E9C57C07E9C6B6C0000008D /* httpcmd */ = {
    			isa = PBXNativeTarget;
    			buildConfigurationList = 7E9C57C07E9C6B6C000000C7 /* Build configuration list for PBXNativeTarget "httpcmd" */;
    			buildPhases = (
    				7E9C57C07E9C6B6C000000C6 /* Sources */,
    				7E9C57C07E9C6B6C000000A7 /* Frameworks */,
    			);
    			buildRules = (
    			);
    			dependencies = (
    				7E9C57C07E9C6B6C000000C8 /* Prep */,
				7E9C57C07E9C6B6C000000C9 /* libmpr */,
				7E9C57C07E9C6B6C000000CA /* libpcre */,
				7E9C57C07E9C6B6C000000CB /* libhttp */,				
    			);
    			name = httpcmd;
    			productName = esp;
    			productReference = 7E9C57C07E9C6B6C00000099 /* httpcmd */;
    			productType = "com.apple.product-type.tool";
    		};
		7E9C57C07E9C6B6C00000069 /* libesp */ = {
    			isa = PBXNativeTarget;
    			buildConfigurationList = 7E9C57C07E9C6B6C000000CD /* Build configuration list for PBXNativeTarget "libesp" */;
    			buildPhases = (
    				7E9C57C07E9C6B6C000000CC /* Sources */,
    				7E9C57C07E9C6B6C000000A8 /* Frameworks */,
    			);
    			buildRules = (
    			);
    			dependencies = (
    				7E9C57C07E9C6B6C000000CE /* Prep */,
				7E9C57C07E9C6B6C000000CF /* libsql */,
				7E9C57C07E9C6B6C000000D0 /* libmpr */,
				7E9C57C07E9C6B6C000000D1 /* libpcre */,
				7E9C57C07E9C6B6C000000D2 /* libhttp */,				
    			);
    			name = libesp;
    			productName = esp;
    			productReference = 7E9C57C07E9C6B6C0000004A /* libesp */;
    			productType = "com.apple.product-type.library.dynamic";
    		};
		7E9C57C07E9C6B6C00000067 /* libhttp */ = {
    			isa = PBXNativeTarget;
    			buildConfigurationList = 7E9C57C07E9C6B6C000000D4 /* Build configuration list for PBXNativeTarget "libhttp" */;
    			buildPhases = (
    				7E9C57C07E9C6B6C000000D3 /* Sources */,
    				7E9C57C07E9C6B6C000000A9 /* Frameworks */,
    			);
    			buildRules = (
    			);
    			dependencies = (
    				7E9C57C07E9C6B6C000000D5 /* Prep */,
				7E9C57C07E9C6B6C000000D6 /* libmpr */,
				7E9C57C07E9C6B6C000000D7 /* libpcre */,				
    			);
    			name = libhttp;
    			productName = esp;
    			productReference = 7E9C57C07E9C6B6C0000004C /* libhttp */;
    			productType = "com.apple.product-type.library.dynamic";
    		};
		7E9C57C07E9C6B6C00000063 /* libmpr */ = {
    			isa = PBXNativeTarget;
    			buildConfigurationList = 7E9C57C07E9C6B6C000000D9 /* Build configuration list for PBXNativeTarget "libmpr" */;
    			buildPhases = (
    				7E9C57C07E9C6B6C000000D8 /* Sources */,
    				7E9C57C07E9C6B6C000000AA /* Frameworks */,
    			);
    			buildRules = (
    			);
    			dependencies = (
    				7E9C57C07E9C6B6C000000DA /* Prep */,				
    			);
    			name = libmpr;
    			productName = esp;
    			productReference = 7E9C57C07E9C6B6C0000004E /* libmpr */;
    			productType = "com.apple.product-type.library.dynamic";
    		};
		7E9C57C07E9C6B6C0000008F /* libmprssl */ = {
    			isa = PBXNativeTarget;
    			buildConfigurationList = 7E9C57C07E9C6B6C000000DC /* Build configuration list for PBXNativeTarget "libmprssl" */;
    			buildPhases = (
    				7E9C57C07E9C6B6C000000DB /* Sources */,
    				7E9C57C07E9C6B6C000000AB /* Frameworks */,
    			);
    			buildRules = (
    			);
    			dependencies = (
    				7E9C57C07E9C6B6C000000DD /* Prep */,
				7E9C57C07E9C6B6C000000DE /* libmpr */,				
    			);
    			name = libmprssl;
    			productName = esp;
    			productReference = 7E9C57C07E9C6B6C0000009F /* libmprssl */;
    			productType = "com.apple.product-type.library.dynamic";
    		};
		7E9C57C07E9C6B6C00000065 /* libpcre */ = {
    			isa = PBXNativeTarget;
    			buildConfigurationList = 7E9C57C07E9C6B6C000000E0 /* Build configuration list for PBXNativeTarget "libpcre" */;
    			buildPhases = (
    				7E9C57C07E9C6B6C000000DF /* Sources */,
    				7E9C57C07E9C6B6C000000AC /* Frameworks */,
    			);
    			buildRules = (
    			);
    			dependencies = (
    				7E9C57C07E9C6B6C000000E1 /* Prep */,				
    			);
    			name = libpcre;
    			productName = esp;
    			productReference = 7E9C57C07E9C6B6C00000050 /* libpcre */;
    			productType = "com.apple.product-type.library.dynamic";
    		};
		7E9C57C07E9C6B6C00000061 /* libsql */ = {
    			isa = PBXNativeTarget;
    			buildConfigurationList = 7E9C57C07E9C6B6C000000E3 /* Build configuration list for PBXNativeTarget "libsql" */;
    			buildPhases = (
    				7E9C57C07E9C6B6C000000E2 /* Sources */,
    				7E9C57C07E9C6B6C000000AD /* Frameworks */,
    			);
    			buildRules = (
    			);
    			dependencies = (
    				7E9C57C07E9C6B6C000000E4 /* Prep */,				
    			);
    			name = libsql;
    			productName = esp;
    			productReference = 7E9C57C07E9C6B6C00000048 /* libsql */;
    			productType = "com.apple.product-type.library.dynamic";
    		};
		7E9C57C07E9C6B6C00000091 /* makerom */ = {
    			isa = PBXNativeTarget;
    			buildConfigurationList = 7E9C57C07E9C6B6C000000E6 /* Build configuration list for PBXNativeTarget "makerom" */;
    			buildPhases = (
    				7E9C57C07E9C6B6C000000E5 /* Sources */,
    				7E9C57C07E9C6B6C000000AE /* Frameworks */,
    			);
    			buildRules = (
    			);
    			dependencies = (
    				7E9C57C07E9C6B6C000000E7 /* Prep */,
				7E9C57C07E9C6B6C000000E8 /* libmpr */,				
    			);
    			name = makerom;
    			productName = esp;
    			productReference = 7E9C57C07E9C6B6C000000A3 /* makerom */;
    			productType = "com.apple.product-type.tool";
    		};
		7E9C57C07E9C6B6C00000093 /* manager */ = {
    			isa = PBXNativeTarget;
    			buildConfigurationList = 7E9C57C07E9C6B6C000000EA /* Build configuration list for PBXNativeTarget "manager" */;
    			buildPhases = (
    				7E9C57C07E9C6B6C000000E9 /* Sources */,
    				7E9C57C07E9C6B6C000000AF /* Frameworks */,
    			);
    			buildRules = (
    			);
    			dependencies = (
    				7E9C57C07E9C6B6C000000EB /* Prep */,
				7E9C57C07E9C6B6C000000EC /* libmpr */,				
    			);
    			name = manager;
    			productName = esp;
    			productReference = 7E9C57C07E9C6B6C000000A4 /* manager */;
    			productType = "com.apple.product-type.tool";
    		};
		7E9C57C07E9C6B6C00000095 /* sqliteshell */ = {
    			isa = PBXNativeTarget;
    			buildConfigurationList = 7E9C57C07E9C6B6C000000EE /* Build configuration list for PBXNativeTarget "sqliteshell" */;
    			buildPhases = (
    				7E9C57C07E9C6B6C000000ED /* Sources */,
    				7E9C57C07E9C6B6C000000B0 /* Frameworks */,
    			);
    			buildRules = (
    			);
    			dependencies = (
    				7E9C57C07E9C6B6C000000EF /* Prep */,
				7E9C57C07E9C6B6C000000F0 /* libsql */,				
    			);
    			name = sqliteshell;
    			productName = esp;
    			productReference = 7E9C57C07E9C6B6C000000A5 /* sqliteshell */;
    			productType = "com.apple.product-type.tool";
    		};
/* End PBXNativeTarget section */

/* Begin PBXShellScriptBuildPhase section */
		7E9C57C07E9C6B6C00000007 /* ShellScript for esp-compile.json */ = {
    			isa = PBXShellScriptBuildPhase;
    			buildActionMask = 2147483647;
    			files = (
    			);
    			inputPaths = (
    ../src/esp-compile.json
    			);
    			outputPaths = (
    ../build/macosx-x64-default/bin/esp-compile.json
    			);
    			runOnlyForDeploymentPostprocessing = 0;
    			shellPath = /bin/bash;
    			shellScript = "PATH=$PATH:/usr/local/bin
cd ..
	mkdir -p \"build/macosx-x64-default/bin\"
	cp src/esp-compile.json build/macosx-x64-default/bin/esp-compile.json
";
    		};
		7E9C57C07E9C6B6C0000000B /* ShellScript for http-ca-crt */ = {
    			isa = PBXShellScriptBuildPhase;
    			buildActionMask = 2147483647;
    			files = (
    			);
    			inputPaths = (
    ../src/paks/http/ca.crt
    			);
    			outputPaths = (
    ../build/macosx-x64-default/bin/ca.crt
    			);
    			runOnlyForDeploymentPostprocessing = 0;
    			shellPath = /bin/bash;
    			shellScript = "PATH=$PATH:/usr/local/bin
cd ..
	mkdir -p \"build/macosx-x64-default/bin\"
	cp src/paks/http/ca.crt build/macosx-x64-default/bin/ca.crt
";
    		};
		7E9C57C07E9C6B6C00000020 /* ShellScript for Prep */ = {
    			isa = PBXShellScriptBuildPhase;
    			buildActionMask = 2147483647;
    			files = (
    			);
    			inputPaths = (
    
    			);
    			outputPaths = (
    
    			);
    			runOnlyForDeploymentPostprocessing = 0;
    			shellPath = /bin/bash;
    			shellScript = "PATH=$PATH:/usr/local/bin
[ ! -x ${INC_DIR} ] && mkdir -p ${INC_DIR} ${OBJ_DIR} ${LIB_DIR} ${BIN_DIR}
[ ! -f ${INC_DIR}/me.h -a -f esp-macosx-default-me.h ] && cp esp-macosx-default-me.h ${INC_DIR}/me.h
if [ -f esp-macosx-default-me.h ] ; then
if ! diff ${INC_DIR}/me.h esp-macosx-default-me.h >/dev/null 2>&1 ; then
cp esp-macosx-default-me.h ${INC_DIR}/me.h
fi
fi
if [ ../src/edi.h -nt ${OUT_DIR}/inc/edi.h ] ; then
cp ../src/edi.h ${OUT_DIR}/inc/edi.h
fi
if [ ../src/esp.h -nt ${OUT_DIR}/inc/esp.h ] ; then
cp ../src/esp.h ${OUT_DIR}/inc/esp.h
fi
if [ ../src/paks/http/http.h -nt ${OUT_DIR}/inc/http.h ] ; then
cp ../src/paks/http/http.h ${OUT_DIR}/inc/http.h
fi
if [ ../src/mdb.h -nt ${OUT_DIR}/inc/mdb.h ] ; then
cp ../src/mdb.h ${OUT_DIR}/inc/mdb.h
fi
if [ ../src/paks/mpr/mpr.h -nt ${OUT_DIR}/inc/mpr.h ] ; then
cp ../src/paks/mpr/mpr.h ${OUT_DIR}/inc/mpr.h
fi
if [ ../src/paks/osdep/osdep.h -nt ${OUT_DIR}/inc/osdep.h ] ; then
cp ../src/paks/osdep/osdep.h ${OUT_DIR}/inc/osdep.h
fi
if [ ../src/paks/pcre/pcre.h -nt ${OUT_DIR}/inc/pcre.h ] ; then
cp ../src/paks/pcre/pcre.h ${OUT_DIR}/inc/pcre.h
fi
if [ ../src/paks/sqlite/sqlite3.h -nt ${OUT_DIR}/inc/sqlite3.h ] ; then
cp ../src/paks/sqlite/sqlite3.h ${OUT_DIR}/inc/sqlite3.h
fi
if [ ../src/edi.h -nt ${OUT_DIR}/inc/edi.h ] ; then
cp ../src/edi.h ${OUT_DIR}/inc/edi.h
fi
if [ ../src/esp.h -nt ${OUT_DIR}/inc/esp.h ] ; then
cp ../src/esp.h ${OUT_DIR}/inc/esp.h
fi
if [ ../src/mdb.h -nt ${OUT_DIR}/inc/mdb.h ] ; then
cp ../src/mdb.h ${OUT_DIR}/inc/mdb.h
fi
if [ ../src/paks/http/http.h -nt ${OUT_DIR}/inc/http.h ] ; then
cp ../src/paks/http/http.h ${OUT_DIR}/inc/http.h
fi
if [ ../src/paks/mpr/mpr.h -nt ${OUT_DIR}/inc/mpr.h ] ; then
cp ../src/paks/mpr/mpr.h ${OUT_DIR}/inc/mpr.h
fi
if [ ../src/paks/pcre/pcre.h -nt ${OUT_DIR}/inc/pcre.h ] ; then
cp ../src/paks/pcre/pcre.h ${OUT_DIR}/inc/pcre.h
fi
if [ ../src/paks/sqlite/sqlite3.h -nt ${OUT_DIR}/inc/sqlite3.h ] ; then
cp ../src/paks/sqlite/sqlite3.h ${OUT_DIR}/inc/sqlite3.h
fi";
    		};
/* End PBXShellScriptBuildPhase section */

    /* Begin PBXProject section */
    		7E9C57C07E9C6B6C00000001 /* Project object */ = {
    			isa = PBXProject;
    			attributes = {
    				LastUpgradeCheck = 0430;
    				ORGANIZATIONNAME = "embedthis";
    			};
    			buildConfigurationList = 7E9C57C07E9C6B6C00000002 /* Build configuration list for PBXProject "esp" */;
    			compatibilityVersion = "Xcode 3.2";
    			developmentRegion = English;
    			hasScannedForEncodings = 0;
    			knownRegions = (
    				en,
    			);
    			mainGroup = 7E9C57C07E9C6B6C000000B1;
    			productRefGroup = 7E9C57C07E9C6B6C000000BD /* Products */;
    			projectDirPath = "";
    			projectRoot = "";
    			targets = (
				7E9C57C07E9C6B6C0000000E /* All */,
				7E9C57C07E9C6B6C0000001F /* Prep */,
				7E9C57C07E9C6B6C00000069 /* libesp */,
				7E9C57C07E9C6B6C00000067 /* libhttp */,
				7E9C57C07E9C6B6C00000063 /* libmpr */,
				7E9C57C07E9C6B6C0000008F /* libmprssl */,
				7E9C57C07E9C6B6C00000065 /* libpcre */,
				7E9C57C07E9C6B6C00000061 /* libsql */,
				7E9C57C07E9C6B6C0000008A /* espcmd */,
				7E9C57C07E9C6B6C0000008D /* httpcmd */,
				7E9C57C07E9C6B6C00000091 /* makerom */,
				7E9C57C07E9C6B6C00000093 /* manager */,
				7E9C57C07E9C6B6C00000095 /* sqliteshell */,
				7E9C57C07E9C6B6C00000006 /* esp-compile.json */,
				7E9C57C07E9C6B6C0000000A /* http-ca-crt */,
			);
    		};
    /* End PBXProject section */

/* Begin PBXSourcesBuildPhase section */
		7E9C57C07E9C6B6C000000BE /* espcmd Sources */ = {
    			isa = PBXSourcesBuildPhase;
    			buildActionMask = 2147483647;
    			files = (
    				7E9C57C07E9C6B6C00000021 /* esp.c in Sources */,
    			);
    			runOnlyForDeploymentPostprocessing = 0;
    		};
		7E9C57C07E9C6B6C000000C6 /* httpcmd Sources */ = {
    			isa = PBXSourcesBuildPhase;
    			buildActionMask = 2147483647;
    			files = (
    				7E9C57C07E9C6B6C00000023 /* http.c in Sources */,
    			);
    			runOnlyForDeploymentPostprocessing = 0;
    		};
		7E9C57C07E9C6B6C000000CC /* libesp Sources */ = {
    			isa = PBXSourcesBuildPhase;
    			buildActionMask = 2147483647;
    			files = (
    				7E9C57C07E9C6B6C00000025 /* edi.c in Sources */,
				7E9C57C07E9C6B6C00000027 /* espAbbrev.c in Sources */,
				7E9C57C07E9C6B6C00000029 /* espConfig.c in Sources */,
				7E9C57C07E9C6B6C0000002B /* espFramework.c in Sources */,
				7E9C57C07E9C6B6C0000002D /* espHtml.c in Sources */,
				7E9C57C07E9C6B6C0000002F /* espRequest.c in Sources */,
				7E9C57C07E9C6B6C00000031 /* espTemplate.c in Sources */,
				7E9C57C07E9C6B6C00000033 /* mdb.c in Sources */,
				7E9C57C07E9C6B6C00000035 /* sdb.c in Sources */,
    			);
    			runOnlyForDeploymentPostprocessing = 0;
    		};
		7E9C57C07E9C6B6C000000D3 /* libhttp Sources */ = {
    			isa = PBXSourcesBuildPhase;
    			buildActionMask = 2147483647;
    			files = (
    				7E9C57C07E9C6B6C00000037 /* httpLib.c in Sources */,
    			);
    			runOnlyForDeploymentPostprocessing = 0;
    		};
		7E9C57C07E9C6B6C000000D8 /* libmpr Sources */ = {
    			isa = PBXSourcesBuildPhase;
    			buildActionMask = 2147483647;
    			files = (
    				7E9C57C07E9C6B6C00000039 /* mprLib.c in Sources */,
    			);
    			runOnlyForDeploymentPostprocessing = 0;
    		};
		7E9C57C07E9C6B6C000000DB /* libmprssl Sources */ = {
    			isa = PBXSourcesBuildPhase;
    			buildActionMask = 2147483647;
    			files = (
    				7E9C57C07E9C6B6C0000003B /* mprSsl.c in Sources */,
    			);
    			runOnlyForDeploymentPostprocessing = 0;
    		};
		7E9C57C07E9C6B6C000000DF /* libpcre Sources */ = {
    			isa = PBXSourcesBuildPhase;
    			buildActionMask = 2147483647;
    			files = (
    				7E9C57C07E9C6B6C0000003D /* pcre.c in Sources */,
    			);
    			runOnlyForDeploymentPostprocessing = 0;
    		};
		7E9C57C07E9C6B6C000000E2 /* libsql Sources */ = {
    			isa = PBXSourcesBuildPhase;
    			buildActionMask = 2147483647;
    			files = (
    				7E9C57C07E9C6B6C0000003F /* sqlite3.c in Sources */,
    			);
    			runOnlyForDeploymentPostprocessing = 0;
    		};
		7E9C57C07E9C6B6C000000E5 /* makerom Sources */ = {
    			isa = PBXSourcesBuildPhase;
    			buildActionMask = 2147483647;
    			files = (
    				7E9C57C07E9C6B6C00000041 /* makerom.c in Sources */,
    			);
    			runOnlyForDeploymentPostprocessing = 0;
    		};
		7E9C57C07E9C6B6C000000E9 /* manager Sources */ = {
    			isa = PBXSourcesBuildPhase;
    			buildActionMask = 2147483647;
    			files = (
    				7E9C57C07E9C6B6C00000043 /* manager.c in Sources */,
    			);
    			runOnlyForDeploymentPostprocessing = 0;
    		};
		7E9C57C07E9C6B6C000000ED /* sqliteshell Sources */ = {
    			isa = PBXSourcesBuildPhase;
    			buildActionMask = 2147483647;
    			files = (
    				7E9C57C07E9C6B6C00000045 /* sqlite.c in Sources */,
    			);
    			runOnlyForDeploymentPostprocessing = 0;
    		};
/* End PBXSourcesBuildPhase section */

/* Begin PBXTargetDependency section */
		7E9C57C07E9C6B6C00000008 /* PBXTargetDependency esp-compile.json depends on Prep */ = {
    			isa = PBXTargetDependency;
    			target = 7E9C57C07E9C6B6C0000001F /* Prep */;
    			targetProxy = 7E9C57C07E9C6B6C0000005E /* PBXContainerItemProxy */;
    		};
		7E9C57C07E9C6B6C000000C0 /* PBXTargetDependency espcmd depends on Prep */ = {
    			isa = PBXTargetDependency;
    			target = 7E9C57C07E9C6B6C0000001F /* Prep */;
    			targetProxy = 7E9C57C07E9C6B6C0000005F /* PBXContainerItemProxy */;
    		};
		7E9C57C07E9C6B6C000000C1 /* PBXTargetDependency espcmd depends on libsql */ = {
    			isa = PBXTargetDependency;
    			target = 7E9C57C07E9C6B6C00000061 /* libsql */;
    			targetProxy = 7E9C57C07E9C6B6C00000060 /* PBXContainerItemProxy */;
    		};
		7E9C57C07E9C6B6C000000C2 /* PBXTargetDependency espcmd depends on libmpr */ = {
    			isa = PBXTargetDependency;
    			target = 7E9C57C07E9C6B6C00000063 /* libmpr */;
    			targetProxy = 7E9C57C07E9C6B6C00000062 /* PBXContainerItemProxy */;
    		};
		7E9C57C07E9C6B6C000000C3 /* PBXTargetDependency espcmd depends on libpcre */ = {
    			isa = PBXTargetDependency;
    			target = 7E9C57C07E9C6B6C00000065 /* libpcre */;
    			targetProxy = 7E9C57C07E9C6B6C00000064 /* PBXContainerItemProxy */;
    		};
		7E9C57C07E9C6B6C000000C4 /* PBXTargetDependency espcmd depends on libhttp */ = {
    			isa = PBXTargetDependency;
    			target = 7E9C57C07E9C6B6C00000067 /* libhttp */;
    			targetProxy = 7E9C57C07E9C6B6C00000066 /* PBXContainerItemProxy */;
    		};
		7E9C57C07E9C6B6C000000C5 /* PBXTargetDependency espcmd depends on libesp */ = {
    			isa = PBXTargetDependency;
    			target = 7E9C57C07E9C6B6C00000069 /* libesp */;
    			targetProxy = 7E9C57C07E9C6B6C00000068 /* PBXContainerItemProxy */;
    		};
		7E9C57C07E9C6B6C0000000C /* PBXTargetDependency http-ca-crt depends on Prep */ = {
    			isa = PBXTargetDependency;
    			target = 7E9C57C07E9C6B6C0000001F /* Prep */;
    			targetProxy = 7E9C57C07E9C6B6C0000006A /* PBXContainerItemProxy */;
    		};
		7E9C57C07E9C6B6C000000C8 /* PBXTargetDependency httpcmd depends on Prep */ = {
    			isa = PBXTargetDependency;
    			target = 7E9C57C07E9C6B6C0000001F /* Prep */;
    			targetProxy = 7E9C57C07E9C6B6C0000006B /* PBXContainerItemProxy */;
    		};
		7E9C57C07E9C6B6C000000C9 /* PBXTargetDependency httpcmd depends on libmpr */ = {
    			isa = PBXTargetDependency;
    			target = 7E9C57C07E9C6B6C00000063 /* libmpr */;
    			targetProxy = 7E9C57C07E9C6B6C0000006C /* PBXContainerItemProxy */;
    		};
		7E9C57C07E9C6B6C000000CA /* PBXTargetDependency httpcmd depends on libpcre */ = {
    			isa = PBXTargetDependency;
    			target = 7E9C57C07E9C6B6C00000065 /* libpcre */;
    			targetProxy = 7E9C57C07E9C6B6C0000006D /* PBXContainerItemProxy */;
    		};
		7E9C57C07E9C6B6C000000CB /* PBXTargetDependency httpcmd depends on libhttp */ = {
    			isa = PBXTargetDependency;
    			target = 7E9C57C07E9C6B6C00000067 /* libhttp */;
    			targetProxy = 7E9C57C07E9C6B6C0000006E /* PBXContainerItemProxy */;
    		};
		7E9C57C07E9C6B6C000000CE /* PBXTargetDependency libesp depends on Prep */ = {
    			isa = PBXTargetDependency;
    			target = 7E9C57C07E9C6B6C0000001F /* Prep */;
    			targetProxy = 7E9C57C07E9C6B6C0000006F /* PBXContainerItemProxy */;
    		};
		7E9C57C07E9C6B6C000000CF /* PBXTargetDependency libesp depends on libsql */ = {
    			isa = PBXTargetDependency;
    			target = 7E9C57C07E9C6B6C00000061 /* libsql */;
    			targetProxy = 7E9C57C07E9C6B6C00000070 /* PBXContainerItemProxy */;
    		};
		7E9C57C07E9C6B6C000000D0 /* PBXTargetDependency libesp depends on libmpr */ = {
    			isa = PBXTargetDependency;
    			target = 7E9C57C07E9C6B6C00000063 /* libmpr */;
    			targetProxy = 7E9C57C07E9C6B6C00000071 /* PBXContainerItemProxy */;
    		};
		7E9C57C07E9C6B6C000000D1 /* PBXTargetDependency libesp depends on libpcre */ = {
    			isa = PBXTargetDependency;
    			target = 7E9C57C07E9C6B6C00000065 /* libpcre */;
    			targetProxy = 7E9C57C07E9C6B6C00000072 /* PBXContainerItemProxy */;
    		};
		7E9C57C07E9C6B6C000000D2 /* PBXTargetDependency libesp depends on libhttp */ = {
    			isa = PBXTargetDependency;
    			target = 7E9C57C07E9C6B6C00000067 /* libhttp */;
    			targetProxy = 7E9C57C07E9C6B6C00000073 /* PBXContainerItemProxy */;
    		};
		7E9C57C07E9C6B6C000000D5 /* PBXTargetDependency libhttp depends on Prep */ = {
    			isa = PBXTargetDependency;
    			target = 7E9C57C07E9C6B6C0000001F /* Prep */;
    			targetProxy = 7E9C57C07E9C6B6C00000074 /* PBXContainerItemProxy */;
    		};
		7E9C57C07E9C6B6C000000D6 /* PBXTargetDependency libhttp depends on libmpr */ = {
    			isa = PBXTargetDependency;
    			target = 7E9C57C07E9C6B6C00000063 /* libmpr */;
    			targetProxy = 7E9C57C07E9C6B6C00000075 /* PBXContainerItemProxy */;
    		};
		7E9C57C07E9C6B6C000000D7 /* PBXTargetDependency libhttp depends on libpcre */ = {
    			isa = PBXTargetDependency;
    			target = 7E9C57C07E9C6B6C00000065 /* libpcre */;
    			targetProxy = 7E9C57C07E9C6B6C00000076 /* PBXContainerItemProxy */;
    		};
		7E9C57C07E9C6B6C000000DA /* PBXTargetDependency libmpr depends on Prep */ = {
    			isa = PBXTargetDependency;
    			target = 7E9C57C07E9C6B6C0000001F /* Prep */;
    			targetProxy = 7E9C57C07E9C6B6C00000077 /* PBXContainerItemProxy */;
    		};
		7E9C57C07E9C6B6C000000DD /* PBXTargetDependency libmprssl depends on Prep */ = {
    			isa = PBXTargetDependency;
    			target = 7E9C57C07E9C6B6C0000001F /* Prep */;
    			targetProxy = 7E9C57C07E9C6B6C00000078 /* PBXContainerItemProxy */;
    		};
		7E9C57C07E9C6B6C000000DE /* PBXTargetDependency libmprssl depends on libmpr */ = {
    			isa = PBXTargetDependency;
    			target = 7E9C57C07E9C6B6C00000063 /* libmpr */;
    			targetProxy = 7E9C57C07E9C6B6C00000079 /* PBXContainerItemProxy */;
    		};
		7E9C57C07E9C6B6C000000E1 /* PBXTargetDependency libpcre depends on Prep */ = {
    			isa = PBXTargetDependency;
    			target = 7E9C57C07E9C6B6C0000001F /* Prep */;
    			targetProxy = 7E9C57C07E9C6B6C0000007A /* PBXContainerItemProxy */;
    		};
		7E9C57C07E9C6B6C000000E4 /* PBXTargetDependency libsql depends on Prep */ = {
    			isa = PBXTargetDependency;
    			target = 7E9C57C07E9C6B6C0000001F /* Prep */;
    			targetProxy = 7E9C57C07E9C6B6C0000007B /* PBXContainerItemProxy */;
    		};
		7E9C57C07E9C6B6C000000E7 /* PBXTargetDependency makerom depends on Prep */ = {
    			isa = PBXTargetDependency;
    			target = 7E9C57C07E9C6B6C0000001F /* Prep */;
    			targetProxy = 7E9C57C07E9C6B6C0000007C /* PBXContainerItemProxy */;
    		};
		7E9C57C07E9C6B6C000000E8 /* PBXTargetDependency makerom depends on libmpr */ = {
    			isa = PBXTargetDependency;
    			target = 7E9C57C07E9C6B6C00000063 /* libmpr */;
    			targetProxy = 7E9C57C07E9C6B6C0000007D /* PBXContainerItemProxy */;
    		};
		7E9C57C07E9C6B6C000000EB /* PBXTargetDependency manager depends on Prep */ = {
    			isa = PBXTargetDependency;
    			target = 7E9C57C07E9C6B6C0000001F /* Prep */;
    			targetProxy = 7E9C57C07E9C6B6C0000007E /* PBXContainerItemProxy */;
    		};
		7E9C57C07E9C6B6C000000EC /* PBXTargetDependency manager depends on libmpr */ = {
    			isa = PBXTargetDependency;
    			target = 7E9C57C07E9C6B6C00000063 /* libmpr */;
    			targetProxy = 7E9C57C07E9C6B6C0000007F /* PBXContainerItemProxy */;
    		};
		7E9C57C07E9C6B6C000000EF /* PBXTargetDependency sqliteshell depends on Prep */ = {
    			isa = PBXTargetDependency;
    			target = 7E9C57C07E9C6B6C0000001F /* Prep */;
    			targetProxy = 7E9C57C07E9C6B6C00000080 /* PBXContainerItemProxy */;
    		};
		7E9C57C07E9C6B6C000000F0 /* PBXTargetDependency sqliteshell depends on libsql */ = {
    			isa = PBXTargetDependency;
    			target = 7E9C57C07E9C6B6C00000061 /* libsql */;
    			targetProxy = 7E9C57C07E9C6B6C00000081 /* PBXContainerItemProxy */;
    		};
		7E9C57C07E9C6B6C0000001D /* PBXTargetDependency All depends on Prep */ = {
    			isa = PBXTargetDependency;
    			target = 7E9C57C07E9C6B6C0000001F /* Prep */;
    			targetProxy = 7E9C57C07E9C6B6C00000082 /* PBXContainerItemProxy */;
    		};
		7E9C57C07E9C6B6C0000000F /* PBXTargetDependency All depends on esp-compile.json */ = {
    			isa = PBXTargetDependency;
    			target = 7E9C57C07E9C6B6C00000006 /* esp-compile.json */;
    			targetProxy = 7E9C57C07E9C6B6C00000083 /* PBXContainerItemProxy */;
    		};
		7E9C57C07E9C6B6C00000018 /* PBXTargetDependency All depends on libsql */ = {
    			isa = PBXTargetDependency;
    			target = 7E9C57C07E9C6B6C00000061 /* libsql */;
    			targetProxy = 7E9C57C07E9C6B6C00000084 /* PBXContainerItemProxy */;
    		};
		7E9C57C07E9C6B6C00000015 /* PBXTargetDependency All depends on libmpr */ = {
    			isa = PBXTargetDependency;
    			target = 7E9C57C07E9C6B6C00000063 /* libmpr */;
    			targetProxy = 7E9C57C07E9C6B6C00000085 /* PBXContainerItemProxy */;
    		};
		7E9C57C07E9C6B6C00000017 /* PBXTargetDependency All depends on libpcre */ = {
    			isa = PBXTargetDependency;
    			target = 7E9C57C07E9C6B6C00000065 /* libpcre */;
    			targetProxy = 7E9C57C07E9C6B6C00000086 /* PBXContainerItemProxy */;
    		};
		7E9C57C07E9C6B6C00000014 /* PBXTargetDependency All depends on libhttp */ = {
    			isa = PBXTargetDependency;
    			target = 7E9C57C07E9C6B6C00000067 /* libhttp */;
    			targetProxy = 7E9C57C07E9C6B6C00000087 /* PBXContainerItemProxy */;
    		};
		7E9C57C07E9C6B6C00000013 /* PBXTargetDependency All depends on libesp */ = {
    			isa = PBXTargetDependency;
    			target = 7E9C57C07E9C6B6C00000069 /* libesp */;
    			targetProxy = 7E9C57C07E9C6B6C00000088 /* PBXContainerItemProxy */;
    		};
		7E9C57C07E9C6B6C00000010 /* PBXTargetDependency All depends on espcmd */ = {
    			isa = PBXTargetDependency;
    			target = 7E9C57C07E9C6B6C0000008A /* espcmd */;
    			targetProxy = 7E9C57C07E9C6B6C00000089 /* PBXContainerItemProxy */;
    		};
		7E9C57C07E9C6B6C00000011 /* PBXTargetDependency All depends on http-ca-crt */ = {
    			isa = PBXTargetDependency;
    			target = 7E9C57C07E9C6B6C0000000A /* http-ca-crt */;
    			targetProxy = 7E9C57C07E9C6B6C0000008B /* PBXContainerItemProxy */;
    		};
		7E9C57C07E9C6B6C00000012 /* PBXTargetDependency All depends on httpcmd */ = {
    			isa = PBXTargetDependency;
    			target = 7E9C57C07E9C6B6C0000008D /* httpcmd */;
    			targetProxy = 7E9C57C07E9C6B6C0000008C /* PBXContainerItemProxy */;
    		};
		7E9C57C07E9C6B6C00000016 /* PBXTargetDependency All depends on libmprssl */ = {
    			isa = PBXTargetDependency;
    			target = 7E9C57C07E9C6B6C0000008F /* libmprssl */;
    			targetProxy = 7E9C57C07E9C6B6C0000008E /* PBXContainerItemProxy */;
    		};
		7E9C57C07E9C6B6C00000019 /* PBXTargetDependency All depends on makerom */ = {
    			isa = PBXTargetDependency;
    			target = 7E9C57C07E9C6B6C00000091 /* makerom */;
    			targetProxy = 7E9C57C07E9C6B6C00000090 /* PBXContainerItemProxy */;
    		};
		7E9C57C07E9C6B6C0000001A /* PBXTargetDependency All depends on manager */ = {
    			isa = PBXTargetDependency;
    			target = 7E9C57C07E9C6B6C00000093 /* manager */;
    			targetProxy = 7E9C57C07E9C6B6C00000092 /* PBXContainerItemProxy */;
    		};
		7E9C57C07E9C6B6C0000001B /* PBXTargetDependency All depends on sqliteshell */ = {
    			isa = PBXTargetDependency;
    			target = 7E9C57C07E9C6B6C00000095 /* sqliteshell */;
    			targetProxy = 7E9C57C07E9C6B6C00000094 /* PBXContainerItemProxy */;
    		};
/* End PBXTargetDependency section */

    /* Begin XCBuildConfiguration section */
    		7E9C57C07E9C6B6C00000003 /* Debug */ = {
    			isa = XCBuildConfiguration;
    			buildSettings = {
    
                    /* Common Settings */
    				ALWAYS_SEARCH_USER_PATHS = NO;
                    ONLY_ACTIVE_ARCH = YES;
                    CURRENT_PROJECT_VERSION = 5.4;
                    DYLIB_COMPATIBILITY_VERSION = "$(CURRENT_PROJECT_VERSION)";
                    DYLIB_CURRENT_VERSION = "$(CURRENT_PROJECT_VERSION)";
    				GCC_C_LANGUAGE_STANDARD = gnu99;
    				GCC_VERSION = com.apple.compilers.llvm.clang.1_0;
    				GCC_WARN_ABOUT_RETURN_TYPE = YES;
                    LD_DYLIB_INSTALL_NAME = "@rpath/$(EXECUTABLE_PATH)";
    				MACOSX_DEPLOYMENT_TARGET = 10.7;
    				SDKROOT = macosx;

                    OUT_DIR = "../build/macosx-x64-default";
                    BIN_DIR = "../build/macosx-x64-default/bin";
                    LIB_DIR = "../build/macosx-x64-default/bin";
                    INC_DIR = "../build/macosx-x64-default/inc";
                    OBJ_DIR = "../build/macosx-x64-default/obj";
                    SRC_DIR = "..";

                    CONFIGURATION_TEMP_DIR = "$(OBJ_DIR)/esp-xcode/$(CONFIGURATION)";
                    CONFIGURATION_BUILD_DIR = "$(BIN_DIR)";
                    INSTALL_PATH = "/usr/lib/esp";
                    DSTROOT = "/tmp/esp.dst";
                    OBJROOT = "$(OBJ_DIR)";
                    SYMROOT = "$(BIN_DIR)";
    				GCC_WARN_64_TO_32_ME_CONVERSION = YES;
				GCC_WARN_64_TO_32_ME_CONVERSION = YES;
				GCC_WARN_UNUSED_VARIABLE = NO;
				GCC_WARN_UNUSED_FUNCTION = NO;
				GCC_WARN_UNUSED_LABEL = NO;
				GCC_WARN_64_TO_32_ME_CONVERSION = YES;
				GCC_WARN_64_TO_32_ME_CONVERSION = YES;
				GCC_WARN_UNUSED_VARIABLE = NO;
				GCC_WARN_UNUSED_FUNCTION = NO;
				GCC_WARN_UNUSED_LABEL = NO;

                    /* Debug Settings */
    				COPY_PHASE_STRIP = NO;
    				GCC_OPTIMIZATION_LEVEL = 0;
    				GCC_SYMBOLS_PRIVATE_EXTERN = NO;
    				HEADER_SEARCH_PATHS = (
					"../build/macosx-x64-default/inc",
					"$(inherited)"
				);
				GCC_PREPROCESSOR_DEFINITIONS = (
					"ME_DEBUG",
					"$(inherited)"
				);
				LIBRARY_SEARCH_PATHS = (
					"../build/macosx-x64-default/bin",
					"$(inherited)"
				);
				OTHER_LDFLAGS = (
					"-Wl,-rpath,@executable_path/",
					"-Wl,-rpath,@loader_path/",
					"-ldl",
					"-lpthread",
					"-lm",
					"$(inherited)"
				);

    			};
    			name = Debug;
    		};
    		7E9C57C07E9C6B6C00000004 /* Release */ = {
    			isa = XCBuildConfiguration;
    			buildSettings = {
    
                    /* Common Settings */
    				ALWAYS_SEARCH_USER_PATHS = NO;
                    ONLY_ACTIVE_ARCH = YES;
                    CURRENT_PROJECT_VERSION = 5.4;
                    DYLIB_COMPATIBILITY_VERSION = "$(CURRENT_PROJECT_VERSION)";
                    DYLIB_CURRENT_VERSION = "$(CURRENT_PROJECT_VERSION)";
    				GCC_C_LANGUAGE_STANDARD = gnu99;
    				GCC_VERSION = com.apple.compilers.llvm.clang.1_0;
    				GCC_WARN_ABOUT_RETURN_TYPE = YES;
                    LD_DYLIB_INSTALL_NAME = "@rpath/$(EXECUTABLE_PATH)";
    				MACOSX_DEPLOYMENT_TARGET = 10.7;
    				SDKROOT = macosx;

                    OUT_DIR = "../build/macosx-x64-default";
                    BIN_DIR = "../build/macosx-x64-default/bin";
                    LIB_DIR = "../build/macosx-x64-default/bin";
                    INC_DIR = "../build/macosx-x64-default/inc";
                    OBJ_DIR = "../build/macosx-x64-default/obj";
                    SRC_DIR = "..";

                    CONFIGURATION_TEMP_DIR = "$(OBJ_DIR)/esp-xcode/$(CONFIGURATION)";
                    CONFIGURATION_BUILD_DIR = "$(BIN_DIR)";
                    INSTALL_PATH = "/usr/lib/esp";
                    DSTROOT = "/tmp/esp.dst";
                    OBJROOT = "$(OBJ_DIR)";
                    SYMROOT = "$(BIN_DIR)";
    				GCC_WARN_64_TO_32_ME_CONVERSION = YES;
				GCC_WARN_64_TO_32_ME_CONVERSION = YES;
				GCC_WARN_UNUSED_VARIABLE = NO;
				GCC_WARN_UNUSED_FUNCTION = NO;
				GCC_WARN_UNUSED_LABEL = NO;
				GCC_WARN_64_TO_32_ME_CONVERSION = YES;
				GCC_WARN_64_TO_32_ME_CONVERSION = YES;
				GCC_WARN_UNUSED_VARIABLE = NO;
				GCC_WARN_UNUSED_FUNCTION = NO;
				GCC_WARN_UNUSED_LABEL = NO;

                    /* Release Settings */
    				COPY_PHASE_STRIP = YES;
    				DEBUG_INFORMATION_FORMAT = "dwarf-with-dsym";
    				GCC_OPTIMIZATION_LEVEL = s;
                    GCC_WARN_UNINITIALIZED_AUTOS = NO;
    				HEADER_SEARCH_PATHS = (
					"../build/macosx-x64-default/inc",
					"$(inherited)"
				);

				LIBRARY_SEARCH_PATHS = (
					"../build/macosx-x64-default/bin",
					"$(inherited)"
				);
				OTHER_LDFLAGS = (
					"-Wl,-rpath,@executable_path/",
					"-Wl,-rpath,@loader_path/",
					"-ldl",
					"-lpthread",
					"-lm",
					"$(inherited)"
				);

    			};
    			name = Release;
    		};
		7E9C57C07E9C6B6C000000F1 /* Debug */ = {
    			isa = XCBuildConfiguration;
    			buildSettings = {
    				PRODUCT_NAME = esp-compile.json;
    
    				GCC_PREPROCESSOR_DEFINITIONS = (
					"ME_DEBUG",
					"$(inherited)"
				);
    			};
    			name = Debug;
    		};
    		7E9C57C07E9C6B6C000000F2 /* Release */ = {
    			isa = XCBuildConfiguration;
    			buildSettings = {
    				PRODUCT_NAME = esp-compile.json;
    
    
    			};
    			name = Release;
    		};
		7E9C57C07E9C6B6C000000F3 /* Debug */ = {
    			isa = XCBuildConfiguration;
    			buildSettings = {
    				PRODUCT_NAME = esp;
    
    				GCC_PREPROCESSOR_DEFINITIONS = (
					"ME_DEBUG",
					"$(inherited)"
				);
				OTHER_LDFLAGS = (
					"-lpam",
					"$(inherited)"
				);

    			};
    			name = Debug;
    		};
    		7E9C57C07E9C6B6C000000F4 /* Release */ = {
    			isa = XCBuildConfiguration;
    			buildSettings = {
    				PRODUCT_NAME = esp;
    
    				OTHER_LDFLAGS = (
					"-lpam",
					"$(inherited)"
				);

    			};
    			name = Release;
    		};
		7E9C57C07E9C6B6C000000F5 /* Debug */ = {
    			isa = XCBuildConfiguration;
    			buildSettings = {
    				PRODUCT_NAME = http-ca-crt;
    
    				GCC_PREPROCESSOR_DEFINITIONS = (
					"ME_DEBUG",
					"$(inherited)"
				);
    			};
    			name = Debug;
    		};
    		7E9C57C07E9C6B6C000000F6 /* Release */ = {
    			isa = XCBuildConfiguration;
    			buildSettings = {
    				PRODUCT_NAME = http-ca-crt;
    
    
    			};
    			name = Release;
    		};
		7E9C57C07E9C6B6C000000F7 /* Debug */ = {
    			isa = XCBuildConfiguration;
    			buildSettings = {
    				PRODUCT_NAME = http;
    
    				GCC_PREPROCESSOR_DEFINITIONS = (
					"ME_DEBUG",
					"$(inherited)"
				);
				OTHER_LDFLAGS = (
					"-lpam",
					"$(inherited)"
				);

    			};
    			name = Debug;
    		};
    		7E9C57C07E9C6B6C000000F8 /* Release */ = {
    			isa = XCBuildConfiguration;
    			buildSettings = {
    				PRODUCT_NAME = http;
    
    				OTHER_LDFLAGS = (
					"-lpam",
					"$(inherited)"
				);

    			};
    			name = Release;
    		};
		7E9C57C07E9C6B6C000000F9 /* Debug */ = {
    			isa = XCBuildConfiguration;
    			buildSettings = {
    				PRODUCT_NAME = libesp;
    
    				GCC_PREPROCESSOR_DEFINITIONS = (
					"ME_DEBUG",
					"$(inherited)"
				);
				OTHER_LDFLAGS = (
					"-lpam",
					"$(inherited)"
				);

    			};
    			name = Debug;
    		};
    		7E9C57C07E9C6B6C000000FA /* Release */ = {
    			isa = XCBuildConfiguration;
    			buildSettings = {
    				PRODUCT_NAME = libesp;
    
    				OTHER_LDFLAGS = (
					"-lpam",
					"$(inherited)"
				);

    			};
    			name = Release;
    		};
		7E9C57C07E9C6B6C000000FB /* Debug */ = {
    			isa = XCBuildConfiguration;
    			buildSettings = {
    				PRODUCT_NAME = libhttp;
    
    				GCC_PREPROCESSOR_DEFINITIONS = (
					"ME_DEBUG",
					"$(inherited)"
				);
				OTHER_LDFLAGS = (
					"-lpam",
					"$(inherited)"
				);

    			};
    			name = Debug;
    		};
    		7E9C57C07E9C6B6C000000FC /* Release */ = {
    			isa = XCBuildConfiguration;
    			buildSettings = {
    				PRODUCT_NAME = libhttp;
    
    				OTHER_LDFLAGS = (
					"-lpam",
					"$(inherited)"
				);

    			};
    			name = Release;
    		};
		7E9C57C07E9C6B6C000000FD /* Debug */ = {
    			isa = XCBuildConfiguration;
    			buildSettings = {
    				PRODUCT_NAME = libmpr;
    
    				GCC_PREPROCESSOR_DEFINITIONS = (
					"ME_DEBUG",
					"$(inherited)"
				);
    			};
    			name = Debug;
    		};
    		7E9C57C07E9C6B6C000000FE /* Release */ = {
    			isa = XCBuildConfiguration;
    			buildSettings = {
    				PRODUCT_NAME = libmpr;
    
    
    			};
    			name = Release;
    		};
		7E9C57C07E9C6B6C000000FF /* Debug */ = {
    			isa = XCBuildConfiguration;
    			buildSettings = {
    				PRODUCT_NAME = libmprssl;
    
    				HEADER_SEARCH_PATHS = (
					"../$(ME_COM_OPENSSL_PATH)/include",
					"$(inherited)"
				);
				GCC_PREPROCESSOR_DEFINITIONS = (
					"ME_COM_OPENSSL_PATH=/usr",
					"ME_DEBUG",
					"$(inherited)"
				);
				LIBRARY_SEARCH_PATHS = (
					"../$(ME_COM_OPENSSL_PATH)/lib",
					"../$(ME_COM_OPENSSL_PATH)",
					"$(inherited)"
				);
				OTHER_LDFLAGS = (
					"-lssl",
					"-lcrypto",
					"$(inherited)"
				);

    			};
    			name = Debug;
    		};
    		7E9C57C07E9C6B6C00000100 /* Release */ = {
    			isa = XCBuildConfiguration;
    			buildSettings = {
    				PRODUCT_NAME = libmprssl;
    
    				HEADER_SEARCH_PATHS = (
					"../$(ME_COM_OPENSSL_PATH)/include",
					"$(inherited)"
				);
				GCC_PREPROCESSOR_DEFINITIONS = (
					"ME_COM_OPENSSL_PATH=/usr",
					"$(inherited)"
				);
				LIBRARY_SEARCH_PATHS = (
					"../$(ME_COM_OPENSSL_PATH)/lib",
					"../$(ME_COM_OPENSSL_PATH)",
					"$(inherited)"
				);
				OTHER_LDFLAGS = (
					"-lssl",
					"-lcrypto",
					"$(inherited)"
				);

    			};
    			name = Release;
    		};
		7E9C57C07E9C6B6C00000101 /* Debug */ = {
    			isa = XCBuildConfiguration;
    			buildSettings = {
    				PRODUCT_NAME = libpcre;
    
    				GCC_PREPROCESSOR_DEFINITIONS = (
					"PCRE_CHAR=char",
					"ME_DEBUG",
					"$(inherited)"
				);
    			};
    			name = Debug;
    		};
    		7E9C57C07E9C6B6C00000102 /* Release */ = {
    			isa = XCBuildConfiguration;
    			buildSettings = {
    				PRODUCT_NAME = libpcre;
    
    				GCC_PREPROCESSOR_DEFINITIONS = (
					"PCRE_CHAR=char",
					"$(inherited)"
				);
    			};
    			name = Release;
    		};
		7E9C57C07E9C6B6C00000103 /* Debug */ = {
    			isa = XCBuildConfiguration;
    			buildSettings = {
    				PRODUCT_NAME = libsql;
    
    				GCC_PREPROCESSOR_DEFINITIONS = (
					"ME_DEBUG",
					"$(inherited)"
				);
    			};
    			name = Debug;
    		};
    		7E9C57C07E9C6B6C00000104 /* Release */ = {
    			isa = XCBuildConfiguration;
    			buildSettings = {
    				PRODUCT_NAME = libsql;
    
    
    			};
    			name = Release;
    		};
		7E9C57C07E9C6B6C00000105 /* Debug */ = {
    			isa = XCBuildConfiguration;
    			buildSettings = {
    				PRODUCT_NAME = makerom;
    
    				GCC_PREPROCESSOR_DEFINITIONS = (
					"ME_DEBUG",
					"$(inherited)"
				);
    			};
    			name = Debug;
    		};
    		7E9C57C07E9C6B6C00000106 /* Release */ = {
    			isa = XCBuildConfiguration;
    			buildSettings = {
    				PRODUCT_NAME = makerom;
    
    
    			};
    			name = Release;
    		};
		7E9C57C07E9C6B6C00000107 /* Debug */ = {
    			isa = XCBuildConfiguration;
    			buildSettings = {
    				PRODUCT_NAME = manager;
    
    				GCC_PREPROCESSOR_DEFINITIONS = (
					"ME_DEBUG",
					"$(inherited)"
				);
    			};
    			name = Debug;
    		};
    		7E9C57C07E9C6B6C00000108 /* Release */ = {
    			isa = XCBuildConfiguration;
    			buildSettings = {
    				PRODUCT_NAME = manager;
    
    
    			};
    			name = Release;
    		};
		7E9C57C07E9C6B6C00000109 /* Debug */ = {
    			isa = XCBuildConfiguration;
    			buildSettings = {
    				PRODUCT_NAME = sqliteshell;
    
    				GCC_PREPROCESSOR_DEFINITIONS = (
					"ME_DEBUG",
					"$(inherited)"
				);
    			};
    			name = Debug;
    		};
    		7E9C57C07E9C6B6C0000010A /* Release */ = {
    			isa = XCBuildConfiguration;
    			buildSettings = {
    				PRODUCT_NAME = sqliteshell;
    
    
    			};
    			name = Release;
    		};
		7E9C57C07E9C6B6C0000010B /* Debug */ = {
    			isa = XCBuildConfiguration;
    			buildSettings = {
    				PRODUCT_NAME = All;
    
    				GCC_PREPROCESSOR_DEFINITIONS = (
					"ME_DEBUG",
					"$(inherited)"
				);
    			};
    			name = Debug;
    		};
    		7E9C57C07E9C6B6C0000010C /* Release */ = {
    			isa = XCBuildConfiguration;
    			buildSettings = {
    				PRODUCT_NAME = All;
    
    
    			};
    			name = Release;
    		};
		7E9C57C07E9C6B6C0000010D /* Debug */ = {
    			isa = XCBuildConfiguration;
    			buildSettings = {
    				PRODUCT_NAME = Prep;
    
    				GCC_PREPROCESSOR_DEFINITIONS = (
					"ME_DEBUG",
					"$(inherited)"
				);
    			};
    			name = Debug;
    		};
    		7E9C57C07E9C6B6C0000010E /* Release */ = {
    			isa = XCBuildConfiguration;
    			buildSettings = {
    				PRODUCT_NAME = Prep;
    
    
    			};
    			name = Release;
    		};
/* End XCBuildConfiguration section */

    /* Begin XCConfigurationList section */
    		7E9C57C07E9C6B6C00000002 /* Build configuration list for PBXProject "esp" */ = {
    			isa = XCConfigurationList;
    			buildConfigurations = (
    				7E9C57C07E9C6B6C00000003 /* Debug */,
    				7E9C57C07E9C6B6C00000004 /* Release */,
    			);
    			defaultConfigurationIsVisible = 0;
    			defaultConfigurationName = Release;
    		};
		7E9C57C07E9C6B6C00000005 /* Build configuration list for PBXNativeTarget "esp-compile.json" */ = {
    			isa = XCConfigurationList;
    			buildConfigurations = (
    				7E9C57C07E9C6B6C000000F1 /* Debug */,
    				7E9C57C07E9C6B6C000000F2 /* Release */,
    			);
    			defaultConfigurationIsVisible = 0;
    			defaultConfigurationName = Release;
    		};
		7E9C57C07E9C6B6C000000BF /* Build configuration list for PBXNativeTarget "espcmd" */ = {
    			isa = XCConfigurationList;
    			buildConfigurations = (
    				7E9C57C07E9C6B6C000000F3 /* Debug */,
    				7E9C57C07E9C6B6C000000F4 /* Release */,
    			);
    			defaultConfigurationIsVisible = 0;
    			defaultConfigurationName = Release;
    		};
		7E9C57C07E9C6B6C00000009 /* Build configuration list for PBXNativeTarget "http-ca-crt" */ = {
    			isa = XCConfigurationList;
    			buildConfigurations = (
    				7E9C57C07E9C6B6C000000F5 /* Debug */,
    				7E9C57C07E9C6B6C000000F6 /* Release */,
    			);
    			defaultConfigurationIsVisible = 0;
    			defaultConfigurationName = Release;
    		};
		7E9C57C07E9C6B6C000000C7 /* Build configuration list for PBXNativeTarget "httpcmd" */ = {
    			isa = XCConfigurationList;
    			buildConfigurations = (
    				7E9C57C07E9C6B6C000000F7 /* Debug */,
    				7E9C57C07E9C6B6C000000F8 /* Release */,
    			);
    			defaultConfigurationIsVisible = 0;
    			defaultConfigurationName = Release;
    		};
		7E9C57C07E9C6B6C000000CD /* Build configuration list for PBXNativeTarget "libesp" */ = {
    			isa = XCConfigurationList;
    			buildConfigurations = (
    				7E9C57C07E9C6B6C000000F9 /* Debug */,
    				7E9C57C07E9C6B6C000000FA /* Release */,
    			);
    			defaultConfigurationIsVisible = 0;
    			defaultConfigurationName = Release;
    		};
		7E9C57C07E9C6B6C000000D4 /* Build configuration list for PBXNativeTarget "libhttp" */ = {
    			isa = XCConfigurationList;
    			buildConfigurations = (
    				7E9C57C07E9C6B6C000000FB /* Debug */,
    				7E9C57C07E9C6B6C000000FC /* Release */,
    			);
    			defaultConfigurationIsVisible = 0;
    			defaultConfigurationName = Release;
    		};
		7E9C57C07E9C6B6C000000D9 /* Build configuration list for PBXNativeTarget "libmpr" */ = {
    			isa = XCConfigurationList;
    			buildConfigurations = (
    				7E9C57C07E9C6B6C000000FD /* Debug */,
    				7E9C57C07E9C6B6C000000FE /* Release */,
    			);
    			defaultConfigurationIsVisible = 0;
    			defaultConfigurationName = Release;
    		};
		7E9C57C07E9C6B6C000000DC /* Build configuration list for PBXNativeTarget "libmprssl" */ = {
    			isa = XCConfigurationList;
    			buildConfigurations = (
    				7E9C57C07E9C6B6C000000FF /* Debug */,
    				7E9C57C07E9C6B6C00000100 /* Release */,
    			);
    			defaultConfigurationIsVisible = 0;
    			defaultConfigurationName = Release;
    		};
		7E9C57C07E9C6B6C000000E0 /* Build configuration list for PBXNativeTarget "libpcre" */ = {
    			isa = XCConfigurationList;
    			buildConfigurations = (
    				7E9C57C07E9C6B6C00000101 /* Debug */,
    				7E9C57C07E9C6B6C00000102 /* Release */,
    			);
    			defaultConfigurationIsVisible = 0;
    			defaultConfigurationName = Release;
    		};
		7E9C57C07E9C6B6C000000E3 /* Build configuration list for PBXNativeTarget "libsql" */ = {
    			isa = XCConfigurationList;
    			buildConfigurations = (
    				7E9C57C07E9C6B6C00000103 /* Debug */,
    				7E9C57C07E9C6B6C00000104 /* Release */,
    			);
    			defaultConfigurationIsVisible = 0;
    			defaultConfigurationName = Release;
    		};
		7E9C57C07E9C6B6C000000E6 /* Build configuration list for PBXNativeTarget "makerom" */ = {
    			isa = XCConfigurationList;
    			buildConfigurations = (
    				7E9C57C07E9C6B6C00000105 /* Debug */,
    				7E9C57C07E9C6B6C00000106 /* Release */,
    			);
    			defaultConfigurationIsVisible = 0;
    			defaultConfigurationName = Release;
    		};
		7E9C57C07E9C6B6C000000EA /* Build configuration list for PBXNativeTarget "manager" */ = {
    			isa = XCConfigurationList;
    			buildConfigurations = (
    				7E9C57C07E9C6B6C00000107 /* Debug */,
    				7E9C57C07E9C6B6C00000108 /* Release */,
    			);
    			defaultConfigurationIsVisible = 0;
    			defaultConfigurationName = Release;
    		};
		7E9C57C07E9C6B6C000000EE /* Build configuration list for PBXNativeTarget "sqliteshell" */ = {
    			isa = XCConfigurationList;
    			buildConfigurations = (
    				7E9C57C07E9C6B6C00000109 /* Debug */,
    				7E9C57C07E9C6B6C0000010A /* Release */,
    			);
    			defaultConfigurationIsVisible = 0;
    			defaultConfigurationName = Release;
    		};
		7E9C57C07E9C6B6C0000000D /* Build configuration list for PBXNativeTarget "All" */ = {
    			isa = XCConfigurationList;
    			buildConfigurations = (
    				7E9C57C07E9C6B6C0000010B /* Debug */,
    				7E9C57C07E9C6B6C0000010C /* Release */,
    			);
    			defaultConfigurationIsVisible = 0;
    			defaultConfigurationName = Release;
    		};
		7E9C57C07E9C6B6C0000001E /* Build configuration list for PBXNativeTarget "Prep" */ = {
    			isa = XCConfigurationList;
    			buildConfigurations = (
    				7E9C57C07E9C6B6C0000010D /* Debug */,
    				7E9C57C07E9C6B6C0000010E /* Release */,
    			);
    			defaultConfigurationIsVisible = 0;
    			defaultConfigurationName = Release;
    		};
/* End XCConfigurationList section */
	};
	rootObject = 7E9C57C07E9C6B6C00000001 /* Project object */;
}
